// !$*UTF8*$!
{
	archiveVersion = 1;
	classes = {
	};
	objectVersion = 50;
	objects = {

/* Begin PBXBuildFile section */
		5C45DB8D235A6EC000625742 /* AppDelegate.swift in Sources */ = {isa = PBXBuildFile; fileRef = 5C45DB8C235A6EC000625742 /* AppDelegate.swift */; };
		5C45DB8F235A6EC000625742 /* SceneDelegate.swift in Sources */ = {isa = PBXBuildFile; fileRef = 5C45DB8E235A6EC000625742 /* SceneDelegate.swift */; };
		5C45DB91235A6EC000625742 /* ViewController.swift in Sources */ = {isa = PBXBuildFile; fileRef = 5C45DB90235A6EC000625742 /* ViewController.swift */; };
		5C45DB94235A6EC000625742 /* Main.storyboard in Resources */ = {isa = PBXBuildFile; fileRef = 5C45DB92235A6EC000625742 /* Main.storyboard */; };
		5C45DB96235A6EC200625742 /* Assets.xcassets in Resources */ = {isa = PBXBuildFile; fileRef = 5C45DB95235A6EC200625742 /* Assets.xcassets */; };
		5C45DB99235A6EC200625742 /* LaunchScreen.storyboard in Resources */ = {isa = PBXBuildFile; fileRef = 5C45DB97235A6EC200625742 /* LaunchScreen.storyboard */; };
		5C45DBA4235A6EC200625742 /* CampusWalkTests.swift in Sources */ = {isa = PBXBuildFile; fileRef = 5C45DBA3235A6EC200625742 /* CampusWalkTests.swift */; };
		5C45DBAF235A701F00625742 /* MapModel.swift in Sources */ = {isa = PBXBuildFile; fileRef = 5C45DBAE235A701F00625742 /* MapModel.swift */; };
		5C5C0E7F235CF5E4002192F1 /* buildings.plist in Resources */ = {isa = PBXBuildFile; fileRef = 5C5C0E7E235CF5E4002192F1 /* buildings.plist */; };
		5C62ABC5235A795300FC7CA5 /* BuildingTableViewController.swift in Sources */ = {isa = PBXBuildFile; fileRef = 5C62ABC4235A795300FC7CA5 /* BuildingTableViewController.swift */; };
		5C62ABC7235A83A700FC7CA5 /* BuildingTableViewCell.swift in Sources */ = {isa = PBXBuildFile; fileRef = 5C62ABC6235A83A700FC7CA5 /* BuildingTableViewCell.swift */; };
		5CBFB24C235DFD43002B6871 /* Button+addShadow.swift in Sources */ = {isa = PBXBuildFile; fileRef = 5CBFB24B235DFD43002B6871 /* Button+addShadow.swift */; };
/* End PBXBuildFile section */

/* Begin PBXContainerItemProxy section */
		5C45DBA0235A6EC200625742 /* PBXContainerItemProxy */ = {
			isa = PBXContainerItemProxy;
			containerPortal = 5C45DB81235A6EC000625742 /* Project object */;
			proxyType = 1;
			remoteGlobalIDString = 5C45DB88235A6EC000625742;
			remoteInfo = CampusWalk;
		};
/* End PBXContainerItemProxy section */

/* Begin PBXFileReference section */
		5C45DB89235A6EC000625742 /* CampusWalk.app */ = {isa = PBXFileReference; explicitFileType = wrapper.application; includeInIndex = 0; path = CampusWalk.app; sourceTree = BUILT_PRODUCTS_DIR; };
		5C45DB8C235A6EC000625742 /* AppDelegate.swift */ = {isa = PBXFileReference; lastKnownFileType = sourcecode.swift; path = AppDelegate.swift; sourceTree = "<group>"; };
		5C45DB8E235A6EC000625742 /* SceneDelegate.swift */ = {isa = PBXFileReference; lastKnownFileType = sourcecode.swift; path = SceneDelegate.swift; sourceTree = "<group>"; };
		5C45DB90235A6EC000625742 /* ViewController.swift */ = {isa = PBXFileReference; lastKnownFileType = sourcecode.swift; path = ViewController.swift; sourceTree = "<group>"; };
		5C45DB93235A6EC000625742 /* Base */ = {isa = PBXFileReference; lastKnownFileType = file.storyboard; name = Base; path = Base.lproj/Main.storyboard; sourceTree = "<group>"; };
		5C45DB95235A6EC200625742 /* Assets.xcassets */ = {isa = PBXFileReference; lastKnownFileType = folder.assetcatalog; path = Assets.xcassets; sourceTree = "<group>"; };
		5C45DB98235A6EC200625742 /* Base */ = {isa = PBXFileReference; lastKnownFileType = file.storyboard; name = Base; path = Base.lproj/LaunchScreen.storyboard; sourceTree = "<group>"; };
		5C45DB9A235A6EC200625742 /* Info.plist */ = {isa = PBXFileReference; lastKnownFileType = text.plist.xml; path = Info.plist; sourceTree = "<group>"; };
		5C45DB9F235A6EC200625742 /* CampusWalkTests.xctest */ = {isa = PBXFileReference; explicitFileType = wrapper.cfbundle; includeInIndex = 0; path = CampusWalkTests.xctest; sourceTree = BUILT_PRODUCTS_DIR; };
		5C45DBA3235A6EC200625742 /* CampusWalkTests.swift */ = {isa = PBXFileReference; lastKnownFileType = sourcecode.swift; path = CampusWalkTests.swift; sourceTree = "<group>"; };
		5C45DBA5235A6EC200625742 /* Info.plist */ = {isa = PBXFileReference; lastKnownFileType = text.plist.xml; path = Info.plist; sourceTree = "<group>"; };
		5C45DBAE235A701F00625742 /* MapModel.swift */ = {isa = PBXFileReference; lastKnownFileType = sourcecode.swift; path = MapModel.swift; sourceTree = "<group>"; };
		5C5C0E7E235CF5E4002192F1 /* buildings.plist */ = {isa = PBXFileReference; fileEncoding = 4; lastKnownFileType = text.plist.xml; path = buildings.plist; sourceTree = "<group>"; };
		5C62ABC4235A795300FC7CA5 /* BuildingTableViewController.swift */ = {isa = PBXFileReference; lastKnownFileType = sourcecode.swift; path = BuildingTableViewController.swift; sourceTree = "<group>"; };
		5C62ABC6235A83A700FC7CA5 /* BuildingTableViewCell.swift */ = {isa = PBXFileReference; lastKnownFileType = sourcecode.swift; path = BuildingTableViewCell.swift; sourceTree = "<group>"; };
		5CBFB24B235DFD43002B6871 /* Button+addShadow.swift */ = {isa = PBXFileReference; lastKnownFileType = sourcecode.swift; path = "Button+addShadow.swift"; sourceTree = "<group>"; };
/* End PBXFileReference section */

/* Begin PBXFrameworksBuildPhase section */
		5C45DB86235A6EC000625742 /* Frameworks */ = {
			isa = PBXFrameworksBuildPhase;
			buildActionMask = 2147483647;
			files = (
			);
			runOnlyForDeploymentPostprocessing = 0;
		};
		5C45DB9C235A6EC200625742 /* Frameworks */ = {
			isa = PBXFrameworksBuildPhase;
			buildActionMask = 2147483647;
			files = (
			);
			runOnlyForDeploymentPostprocessing = 0;
		};
/* End PBXFrameworksBuildPhase section */

/* Begin PBXGroup section */
		5C45DB80235A6EC000625742 = {
			isa = PBXGroup;
			children = (
				5C45DB8B235A6EC000625742 /* CampusWalk */,
				5C45DBA2235A6EC200625742 /* CampusWalkTests */,
				5C45DB8A235A6EC000625742 /* Products */,
				5C5C0E7C235CF586002192F1 /* Campus Assets */,
			);
			sourceTree = "<group>";
		};
		5C45DB8A235A6EC000625742 /* Products */ = {
			isa = PBXGroup;
			children = (
				5C45DB89235A6EC000625742 /* CampusWalk.app */,
				5C45DB9F235A6EC200625742 /* CampusWalkTests.xctest */,
			);
			name = Products;
			sourceTree = "<group>";
		};
		5C45DB8B235A6EC000625742 /* CampusWalk */ = {
			isa = PBXGroup;
			children = (
				5C45DB8C235A6EC000625742 /* AppDelegate.swift */,
				5C45DB8E235A6EC000625742 /* SceneDelegate.swift */,
				5C45DB90235A6EC000625742 /* ViewController.swift */,
				5C45DB92235A6EC000625742 /* Main.storyboard */,
				5C62ABC4235A795300FC7CA5 /* BuildingTableViewController.swift */,
				5C45DB95235A6EC200625742 /* Assets.xcassets */,
				5C45DB97235A6EC200625742 /* LaunchScreen.storyboard */,
				5C45DB9A235A6EC200625742 /* Info.plist */,
				5C45DBAE235A701F00625742 /* MapModel.swift */,
				5C62ABC6235A83A700FC7CA5 /* BuildingTableViewCell.swift */,
				5CBFB24B235DFD43002B6871 /* Button+addShadow.swift */,
			);
			path = CampusWalk;
			sourceTree = "<group>";
		};
		5C45DBA2235A6EC200625742 /* CampusWalkTests */ = {
			isa = PBXGroup;
			children = (
				5C45DBA3235A6EC200625742 /* CampusWalkTests.swift */,
				5C45DBA5235A6EC200625742 /* Info.plist */,
			);
			path = CampusWalkTests;
			sourceTree = "<group>";
		};
		5C5C0E7C235CF586002192F1 /* Campus Assets */ = {
			isa = PBXGroup;
			children = (
				5C5C0E7E235CF5E4002192F1 /* buildings.plist */,
				5C5C0E7D235CF586002192F1 /* buildings */,
			);
			path = "Campus Assets";
			sourceTree = "<group>";
		};
		5C5C0E7D235CF586002192F1 /* buildings */ = {
			isa = PBXGroup;
			children = (
			);
			path = buildings;
			sourceTree = "<group>";
		};
/* End PBXGroup section */

/* Begin PBXNativeTarget section */
		5C45DB88235A6EC000625742 /* CampusWalk */ = {
			isa = PBXNativeTarget;
			buildConfigurationList = 5C45DBA8235A6EC200625742 /* Build configuration list for PBXNativeTarget "CampusWalk" */;
			buildPhases = (
				5C45DB85235A6EC000625742 /* Sources */,
				5C45DB86235A6EC000625742 /* Frameworks */,
				5C45DB87235A6EC000625742 /* Resources */,
			);
			buildRules = (
			);
			dependencies = (
			);
			name = CampusWalk;
			productName = CampusWalk;
			productReference = 5C45DB89235A6EC000625742 /* CampusWalk.app */;
			productType = "com.apple.product-type.application";
		};
		5C45DB9E235A6EC200625742 /* CampusWalkTests */ = {
			isa = PBXNativeTarget;
			buildConfigurationList = 5C45DBAB235A6EC200625742 /* Build configuration list for PBXNativeTarget "CampusWalkTests" */;
			buildPhases = (
				5C45DB9B235A6EC200625742 /* Sources */,
				5C45DB9C235A6EC200625742 /* Frameworks */,
				5C45DB9D235A6EC200625742 /* Resources */,
			);
			buildRules = (
			);
			dependencies = (
				5C45DBA1235A6EC200625742 /* PBXTargetDependency */,
			);
			name = CampusWalkTests;
			productName = CampusWalkTests;
			productReference = 5C45DB9F235A6EC200625742 /* CampusWalkTests.xctest */;
			productType = "com.apple.product-type.bundle.unit-test";
		};
/* End PBXNativeTarget section */

/* Begin PBXProject section */
		5C45DB81235A6EC000625742 /* Project object */ = {
			isa = PBXProject;
			attributes = {
				LastSwiftUpdateCheck = 1110;
				LastUpgradeCheck = 1110;
				ORGANIZATIONNAME = "Mingtian Yang";
				TargetAttributes = {
					5C45DB88235A6EC000625742 = {
						CreatedOnToolsVersion = 11.1;
					};
					5C45DB9E235A6EC200625742 = {
						CreatedOnToolsVersion = 11.1;
						TestTargetID = 5C45DB88235A6EC000625742;
					};
				};
			};
			buildConfigurationList = 5C45DB84235A6EC000625742 /* Build configuration list for PBXProject "CampusWalk" */;
			compatibilityVersion = "Xcode 9.3";
			developmentRegion = en;
			hasScannedForEncodings = 0;
			knownRegions = (
				en,
				Base,
			);
			mainGroup = 5C45DB80235A6EC000625742;
			productRefGroup = 5C45DB8A235A6EC000625742 /* Products */;
			projectDirPath = "";
			projectRoot = "";
			targets = (
				5C45DB88235A6EC000625742 /* CampusWalk */,
				5C45DB9E235A6EC200625742 /* CampusWalkTests */,
			);
		};
/* End PBXProject section */

/* Begin PBXResourcesBuildPhase section */
		5C45DB87235A6EC000625742 /* Resources */ = {
			isa = PBXResourcesBuildPhase;
			buildActionMask = 2147483647;
			files = (
				5C45DB99235A6EC200625742 /* LaunchScreen.storyboard in Resources */,
				5C45DB96235A6EC200625742 /* Assets.xcassets in Resources */,
				5C5C0E7F235CF5E4002192F1 /* buildings.plist in Resources */,
				5C45DB94235A6EC000625742 /* Main.storyboard in Resources */,
			);
			runOnlyForDeploymentPostprocessing = 0;
		};
		5C45DB9D235A6EC200625742 /* Resources */ = {
			isa = PBXResourcesBuildPhase;
			buildActionMask = 2147483647;
			files = (
			);
			runOnlyForDeploymentPostprocessing = 0;
		};
/* End PBXResourcesBuildPhase section */

/* Begin PBXSourcesBuildPhase section */
		5C45DB85235A6EC000625742 /* Sources */ = {
			isa = PBXSourcesBuildPhase;
			buildActionMask = 2147483647;
			files = (
				5C45DBAF235A701F00625742 /* MapModel.swift in Sources */,
				5C62ABC7235A83A700FC7CA5 /* BuildingTableViewCell.swift in Sources */,
				5C45DB91235A6EC000625742 /* ViewController.swift in Sources */,
				5C62ABC5235A795300FC7CA5 /* BuildingTableViewController.swift in Sources */,
				5C45DB8D235A6EC000625742 /* AppDelegate.swift in Sources */,
				5C45DB8F235A6EC000625742 /* SceneDelegate.swift in Sources */,
				5CBFB24C235DFD43002B6871 /* Button+addShadow.swift in Sources */,
			);
			runOnlyForDeploymentPostprocessing = 0;
		};
		5C45DB9B235A6EC200625742 /* Sources */ = {
			isa = PBXSourcesBuildPhase;
			buildActionMask = 2147483647;
			files = (
				5C45DBA4235A6EC200625742 /* CampusWalkTests.swift in Sources */,
			);
			runOnlyForDeploymentPostprocessing = 0;
		};
/* End PBXSourcesBuildPhase section */

/* Begin PBXTargetDependency section */
		5C45DBA1235A6EC200625742 /* PBXTargetDependency */ = {
			isa = PBXTargetDependency;
			target = 5C45DB88235A6EC000625742 /* CampusWalk */;
			targetProxy = 5C45DBA0235A6EC200625742 /* PBXContainerItemProxy */;
		};
/* End PBXTargetDependency section */

/* Begin PBXVariantGroup section */
		5C45DB92235A6EC000625742 /* Main.storyboard */ = {
			isa = PBXVariantGroup;
			children = (
				5C45DB93235A6EC000625742 /* Base */,
			);
			name = Main.storyboard;
			sourceTree = "<group>";
		};
		5C45DB97235A6EC200625742 /* LaunchScreen.storyboard */ = {
			isa = PBXVariantGroup;
			children = (
				5C45DB98235A6EC200625742 /* Base */,
			);
			name = LaunchScreen.storyboard;
			sourceTree = "<group>";
		};
/* End PBXVariantGroup section */

/* Begin XCBuildConfiguration section */
		5C45DBA6235A6EC200625742 /* Debug */ = {
			isa = XCBuildConfiguration;
			buildSettings = {
				ALWAYS_SEARCH_USER_PATHS = NO;
				CLANG_ANALYZER_NONNULL = YES;
				CLANG_ANALYZER_NUMBER_OBJECT_CONVERSION = YES_AGGRESSIVE;
				CLANG_CXX_LANGUAGE_STANDARD = "gnu++14";
				CLANG_CXX_LIBRARY = "libc++";
				CLANG_ENABLE_MODULES = YES;
				CLANG_ENABLE_OBJC_ARC = YES;
				CLANG_ENABLE_OBJC_WEAK = YES;
				CLANG_WARN_BLOCK_CAPTURE_AUTORELEASING = YES;
				CLANG_WARN_BOOL_CONVERSION = YES;
				CLANG_WARN_COMMA = YES;
				CLANG_WARN_CONSTANT_CONVERSION = YES;
				CLANG_WARN_DEPRECATED_OBJC_IMPLEMENTATIONS = YES;
				CLANG_WARN_DIRECT_OBJC_ISA_USAGE = YES_ERROR;
				CLANG_WARN_DOCUMENTATION_COMMENTS = YES;
				CLANG_WARN_EMPTY_BODY = YES;
				CLANG_WARN_ENUM_CONVERSION = YES;
				CLANG_WARN_INFINITE_RECURSION = YES;
				CLANG_WARN_INT_CONVERSION = YES;
				CLANG_WARN_NON_LITERAL_NULL_CONVERSION = YES;
				CLANG_WARN_OBJC_IMPLICIT_RETAIN_SELF = YES;
				CLANG_WARN_OBJC_LITERAL_CONVERSION = YES;
				CLANG_WARN_OBJC_ROOT_CLASS = YES_ERROR;
				CLANG_WARN_RANGE_LOOP_ANALYSIS = YES;
				CLANG_WARN_STRICT_PROTOTYPES = YES;
				CLANG_WARN_SUSPICIOUS_MOVE = YES;
				CLANG_WARN_UNGUARDED_AVAILABILITY = YES_AGGRESSIVE;
				CLANG_WARN_UNREACHABLE_CODE = YES;
				CLANG_WARN__DUPLICATE_METHOD_MATCH = YES;
				COPY_PHASE_STRIP = NO;
				DEBUG_INFORMATION_FORMAT = dwarf;
				ENABLE_STRICT_OBJC_MSGSEND = YES;
				ENABLE_TESTABILITY = YES;
				GCC_C_LANGUAGE_STANDARD = gnu11;
				GCC_DYNAMIC_NO_PIC = NO;
				GCC_NO_COMMON_BLOCKS = YES;
				GCC_OPTIMIZATION_LEVEL = 0;
				GCC_PREPROCESSOR_DEFINITIONS = (
					"DEBUG=1",
					"$(inherited)",
				);
				GCC_WARN_64_TO_32_BIT_CONVERSION = YES;
				GCC_WARN_ABOUT_RETURN_TYPE = YES_ERROR;
				GCC_WARN_UNDECLARED_SELECTOR = YES;
				GCC_WARN_UNINITIALIZED_AUTOS = YES_AGGRESSIVE;
				GCC_WARN_UNUSED_FUNCTION = YES;
				GCC_WARN_UNUSED_VARIABLE = YES;
				IPHONEOS_DEPLOYMENT_TARGET = 13.1;
				MTL_ENABLE_DEBUG_INFO = INCLUDE_SOURCE;
				MTL_FAST_MATH = YES;
				ONLY_ACTIVE_ARCH = YES;
				SDKROOT = iphoneos;
				SWIFT_ACTIVE_COMPILATION_CONDITIONS = DEBUG;
				SWIFT_OPTIMIZATION_LEVEL = "-Onone";
			};
			name = Debug;
		};
		5C45DBA7235A6EC200625742 /* Release */ = {
			isa = XCBuildConfiguration;
			buildSettings = {
				ALWAYS_SEARCH_USER_PATHS = NO;
				CLANG_ANALYZER_NONNULL = YES;
				CLANG_ANALYZER_NUMBER_OBJECT_CONVERSION = YES_AGGRESSIVE;
				CLANG_CXX_LANGUAGE_STANDARD = "gnu++14";
				CLANG_CXX_LIBRARY = "libc++";
				CLANG_ENABLE_MODULES = YES;
				CLANG_ENABLE_OBJC_ARC = YES;
				CLANG_ENABLE_OBJC_WEAK = YES;
				CLANG_WARN_BLOCK_CAPTURE_AUTORELEASING = YES;
				CLANG_WARN_BOOL_CONVERSION = YES;
				CLANG_WARN_COMMA = YES;
				CLANG_WARN_CONSTANT_CONVERSION = YES;
				CLANG_WARN_DEPRECATED_OBJC_IMPLEMENTATIONS = YES;
				CLANG_WARN_DIRECT_OBJC_ISA_USAGE = YES_ERROR;
				CLANG_WARN_DOCUMENTATION_COMMENTS = YES;
				CLANG_WARN_EMPTY_BODY = YES;
				CLANG_WARN_ENUM_CONVERSION = YES;
				CLANG_WARN_INFINITE_RECURSION = YES;
				CLANG_WARN_INT_CONVERSION = YES;
				CLANG_WARN_NON_LITERAL_NULL_CONVERSION = YES;
				CLANG_WARN_OBJC_IMPLICIT_RETAIN_SELF = YES;
				CLANG_WARN_OBJC_LITERAL_CONVERSION = YES;
				CLANG_WARN_OBJC_ROOT_CLASS = YES_ERROR;
				CLANG_WARN_RANGE_LOOP_ANALYSIS = YES;
				CLANG_WARN_STRICT_PROTOTYPES = YES;
				CLANG_WARN_SUSPICIOUS_MOVE = YES;
				CLANG_WARN_UNGUARDED_AVAILABILITY = YES_AGGRESSIVE;
				CLANG_WARN_UNREACHABLE_CODE = YES;
				CLANG_WARN__DUPLICATE_METHOD_MATCH = YES;
				COPY_PHASE_STRIP = NO;
				DEBUG_INFORMATION_FORMAT = "dwarf-with-dsym";
				ENABLE_NS_ASSERTIONS = NO;
				ENABLE_STRICT_OBJC_MSGSEND = YES;
				GCC_C_LANGUAGE_STANDARD = gnu11;
				GCC_NO_COMMON_BLOCKS = YES;
				GCC_WARN_64_TO_32_BIT_CONVERSION = YES;
				GCC_WARN_ABOUT_RETURN_TYPE = YES_ERROR;
				GCC_WARN_UNDECLARED_SELECTOR = YES;
				GCC_WARN_UNINITIALIZED_AUTOS = YES_AGGRESSIVE;
				GCC_WARN_UNUSED_FUNCTION = YES;
				GCC_WARN_UNUSED_VARIABLE = YES;
				IPHONEOS_DEPLOYMENT_TARGET = 13.1;
				MTL_ENABLE_DEBUG_INFO = NO;
				MTL_FAST_MATH = YES;
				SDKROOT = iphoneos;
				SWIFT_COMPILATION_MODE = wholemodule;
				SWIFT_OPTIMIZATION_LEVEL = "-O";
				VALIDATE_PRODUCT = YES;
			};
			name = Release;
		};
		5C45DBA9235A6EC200625742 /* Debug */ = {
			isa = XCBuildConfiguration;
			buildSettings = {
				ASSETCATALOG_COMPILER_APPICON_NAME = AppIcon;
				CODE_SIGN_STYLE = Automatic;
				INFOPLIST_FILE = CampusWalk/Info.plist;
				IPHONEOS_DEPLOYMENT_TARGET = 13.1;
				LD_RUNPATH_SEARCH_PATHS = (
					"$(inherited)",
					"@executable_path/Frameworks",
				);
				PRODUCT_BUNDLE_IDENTIFIER = edu.psu.sce.mky5089.CampusWalk;
				PRODUCT_NAME = "$(TARGET_NAME)";
				SWIFT_VERSION = 5.0;
				TARGETED_DEVICE_FAMILY = "1,2";
			};
			name = Debug;
		};
		5C45DBAA235A6EC200625742 /* Release */ = {
			isa = XCBuildConfiguration;
			buildSettings = {
				ASSETCATALOG_COMPILER_APPICON_NAME = AppIcon;
				CODE_SIGN_STYLE = Automatic;
				INFOPLIST_FILE = CampusWalk/Info.plist;
				IPHONEOS_DEPLOYMENT_TARGET = 13.1;
				LD_RUNPATH_SEARCH_PATHS = (
					"$(inherited)",
					"@executable_path/Frameworks",
				);
				PRODUCT_BUNDLE_IDENTIFIER = edu.psu.sce.mky5089.CampusWalk;
				PRODUCT_NAME = "$(TARGET_NAME)";
				SWIFT_VERSION = 5.0;
				TARGETED_DEVICE_FAMILY = "1,2";
			};
			name = Release;
		};
		5C45DBAC235A6EC200625742 /* Debug */ = {
			isa = XCBuildConfiguration;
			buildSettings = {
				ALWAYS_EMBED_SWIFT_STANDARD_LIBRARIES = YES;
				BUNDLE_LOADER = "$(TEST_HOST)";
				CODE_SIGN_STYLE = Automatic;
				INFOPLIST_FILE = CampusWalkTests/Info.plist;
				IPHONEOS_DEPLOYMENT_TARGET = 13.1;
				LD_RUNPATH_SEARCH_PATHS = (
					"$(inherited)",
					"@executable_path/Frameworks",
					"@loader_path/Frameworks",
				);
				PRODUCT_BUNDLE_IDENTIFIER = edu.psu.sce.mky5089.CampusWalkTests;
				PRODUCT_NAME = "$(TARGET_NAME)";
				SWIFT_VERSION = 5.0;
				TARGETED_DEVICE_FAMILY = "1,2";
				TEST_HOST = "$(BUILT_PRODUCTS_DIR)/CampusWalk.app/CampusWalk";
			};
			name = Debug;
		};
		5C45DBAD235A6EC200625742 /* Release */ = {
			isa = XCBuildConfiguration;
			buildSettings = {
				ALWAYS_EMBED_SWIFT_STANDARD_LIBRARIES = YES;
				BUNDLE_LOADER = "$(TEST_HOST)";
				CODE_SIGN_STYLE = Automatic;
				INFOPLIST_FILE = CampusWalkTests/Info.plist;
				IPHONEOS_DEPLOYMENT_TARGET = 13.1;
				LD_RUNPATH_SEARCH_PATHS = (
					"$(inherited)",
					"@executable_path/Frameworks",
					"@loader_path/Frameworks",
				);
				PRODUCT_BUNDLE_IDENTIFIER = edu.psu.sce.mky5089.CampusWalkTests;
				PRODUCT_NAME = "$(TARGET_NAME)";
				SWIFT_VERSION = 5.0;
				TARGETED_DEVICE_FAMILY = "1,2";
				TEST_HOST = "$(BUILT_PRODUCTS_DIR)/CampusWalk.app/CampusWalk";
			};
			name = Release;
		};
/* End XCBuildConfiguration section */

/* Begin XCConfigurationList section */
		5C45DB84235A6EC000625742 /* Build configuration list for PBXProject "CampusWalk" */ = {
			isa = XCConfigurationList;
			buildConfigurations = (
				5C45DBA6235A6EC200625742 /* Debug */,
				5C45DBA7235A6EC200625742 /* Release */,
			);
			defaultConfigurationIsVisible = 0;
			defaultConfigurationName = Release;
		};
		5C45DBA8235A6EC200625742 /* Build configuration list for PBXNativeTarget "CampusWalk" */ = {
			isa = XCConfigurationList;
			buildConfigurations = (
				5C45DBA9235A6EC200625742 /* Debug */,
				5C45DBAA235A6EC200625742 /* Release */,
			);
			defaultConfigurationIsVisible = 0;
			defaultConfigurationName = Release;
		};
		5C45DBAB235A6EC200625742 /* Build configuration list for PBXNativeTarget "CampusWalkTests" */ = {
			isa = XCConfigurationList;
			buildConfigurations = (
				5C45DBAC235A6EC200625742 /* Debug */,
				5C45DBAD235A6EC200625742 /* Release */,
			);
			defaultConfigurationIsVisible = 0;
			defaultConfigurationName = Release;
		};
/* End XCConfigurationList section */
	};
	rootObject = 5C45DB81235A6EC000625742 /* Project object */;
}
