// !$*UTF8*$!
{
	archiveVersion = 1;
	classes = {
	};
	objectVersion = 50;
	objects = {

/* Begin PBXBuildFile section */
		5C45DB8D235A6EC000625742 /* AppDelegate.swift in Sources */ = {isa = PBXBuildFile; fileRef = 5C45DB8C235A6EC000625742 /* AppDelegate.swift */; };
		5C45DB8F235A6EC000625742 /* SceneDelegate.swift in Sources */ = {isa = PBXBuildFile; fileRef = 5C45DB8E235A6EC000625742 /* SceneDelegate.swift */; };
		5C45DB91235A6EC000625742 /* ViewController.swift in Sources */ = {isa = PBXBuildFile; fileRef = 5C45DB90235A6EC000625742 /* ViewController.swift */; };
		5C45DB94235A6EC000625742 /* Main.storyboard in Resources */ = {isa = PBXBuildFile; fileRef = 5C45DB92235A6EC000625742 /* Main.storyboard */; };
		5C45DB96235A6EC200625742 /* Assets.xcassets in Resources */ = {isa = PBXBuildFile; fileRef = 5C45DB95235A6EC200625742 /* Assets.xcassets */; };
		5C45DB99235A6EC200625742 /* LaunchScreen.storyboard in Resources */ = {isa = PBXBuildFile; fileRef = 5C45DB97235A6EC200625742 /* LaunchScreen.storyboard */; };
		5C45DBA4235A6EC200625742 /* CampusWalkTests.swift in Sources */ = {isa = PBXBuildFile; fileRef = 5C45DBA3235A6EC200625742 /* CampusWalkTests.swift */; };
		5C45DBAF235A701F00625742 /* MapModel.swift in Sources */ = {isa = PBXBuildFile; fileRef = 5C45DBAE235A701F00625742 /* MapModel.swift */; };
		5C45DBD2235A717E00625742 /* appliedscience.jpg in Resources */ = {isa = PBXBuildFile; fileRef = 5C45DBB2235A717E00625742 /* appliedscience.jpg */; };
		5C45DBD3235A717E00625742 /* beaver.jpg in Resources */ = {isa = PBXBuildFile; fileRef = 5C45DBB3235A717E00625742 /* beaver.jpg */; };
		5C45DBD4235A717E00625742 /* chandlee.jpg in Resources */ = {isa = PBXBuildFile; fileRef = 5C45DBB4235A717E00625742 /* chandlee.jpg */; };
		5C45DBD5235A717E00625742 /* ageng.jpg in Resources */ = {isa = PBXBuildFile; fileRef = 5C45DBB5235A717E00625742 /* ageng.jpg */; };
		5C45DBD6235A717E00625742 /* armsby.jpg in Resources */ = {isa = PBXBuildFile; fileRef = 5C45DBB6235A717E00625742 /* armsby.jpg */; };
		5C45DBD7235A717E00625742 /* borland.jpg in Resources */ = {isa = PBXBuildFile; fileRef = 5C45DBB7235A717E00625742 /* borland.jpg */; };
		5C45DBD8235A717E00625742 /* chapel.jpg in Resources */ = {isa = PBXBuildFile; fileRef = 5C45DBB8235A717E00625742 /* chapel.jpg */; };
		5C45DBD9235A717E00625742 /* engunit.jpg in Resources */ = {isa = PBXBuildFile; fileRef = 5C45DBB9235A717E00625742 /* engunit.jpg */; };
		5C45DBDA235A717E00625742 /* eeeast.jpg in Resources */ = {isa = PBXBuildFile; fileRef = 5C45DBBA235A717E00625742 /* eeeast.jpg */; };
		5C45DBDB235A717E00625742 /* earthengineeringsciences.jpg in Resources */ = {isa = PBXBuildFile; fileRef = 5C45DBBB235A717E00625742 /* earthengineeringsciences.jpg */; };
		5C45DBDC235A717E00625742 /* biomechanics.jpg in Resources */ = {isa = PBXBuildFile; fileRef = 5C45DBBC235A717E00625742 /* biomechanics.jpg */; };
		5C45DBDD235A717E00625742 /* chambers.jpg in Resources */ = {isa = PBXBuildFile; fileRef = 5C45DBBD235A717E00625742 /* chambers.jpg */; };
		5C45DBDE235A717E00625742 /* eisenhowerparking.jpg in Resources */ = {isa = PBXBuildFile; fileRef = 5C45DBBE235A717E00625742 /* eisenhowerparking.jpg */; };
		5C45DBDF235A717E00625742 /* eewest.jpg in Resources */ = {isa = PBXBuildFile; fileRef = 5C45DBBF235A717E00625742 /* eewest.jpg */; };
		5C45DBE0235A717E00625742 /* chemistry.jpg in Resources */ = {isa = PBXBuildFile; fileRef = 5C45DBC0235A717E00625742 /* chemistry.jpg */; };
		5C45DBE1235A717E00625742 /* boucke.jpg in Resources */ = {isa = PBXBuildFile; fileRef = 5C45DBC1235A717E00625742 /* boucke.jpg */; };
		5C45DBE2235A717E00625742 /* eisenhower.jpg in Resources */ = {isa = PBXBuildFile; fileRef = 5C45DBC2235A717E00625742 /* eisenhower.jpg */; };
		5C45DBE3235A717E00625742 /* deike.jpg in Resources */ = {isa = PBXBuildFile; fileRef = 5C45DBC3235A717E00625742 /* deike.jpg */; };
		5C45DBE4235A717E00625742 /* arts.jpg in Resources */ = {isa = PBXBuildFile; fileRef = 5C45DBC4235A717E00625742 /* arts.jpg */; };
		5C45DBE5235A717E00625742 /* computer.jpg in Resources */ = {isa = PBXBuildFile; fileRef = 5C45DBC5235A717E00625742 /* computer.jpg */; };
		5C45DBE6235A717E00625742 /* davey.jpg in Resources */ = {isa = PBXBuildFile; fileRef = 5C45DBC6235A717E00625742 /* davey.jpg */; };
		5C45DBE7235A717E00625742 /* brycejordan.jpg in Resources */ = {isa = PBXBuildFile; fileRef = 5C45DBC7235A717E00625742 /* brycejordan.jpg */; };
		5C45DBE8235A717E00625742 /* brumbaugh.jpg in Resources */ = {isa = PBXBuildFile; fileRef = 5C45DBC8235A717E00625742 /* brumbaugh.jpg */; };
		5C45DBE9235A717E00625742 /* buckhout.jpg in Resources */ = {isa = PBXBuildFile; fileRef = 5C45DBC9235A717E00625742 /* buckhout.jpg */; };
		5C45DBEA235A717E00625742 /* agadmin.jpg in Resources */ = {isa = PBXBuildFile; fileRef = 5C45DBCA235A717E00625742 /* agadmin.jpg */; };
		5C45DBEB235A717E00625742 /* burrowes.jpg in Resources */ = {isa = PBXBuildFile; fileRef = 5C45DBCB235A717E00625742 /* burrowes.jpg */; };
		5C45DBEC235A717E00625742 /* atherton.jpg in Resources */ = {isa = PBXBuildFile; fileRef = 5C45DBCC235A717E00625742 /* atherton.jpg */; };
		5C45DBED235A717E00625742 /* businessbuilding.jpg in Resources */ = {isa = PBXBuildFile; fileRef = 5C45DBCD235A717E00625742 /* businessbuilding.jpg */; };
		5C45DBEE235A717E00625742 /* carpenter.jpg in Resources */ = {isa = PBXBuildFile; fileRef = 5C45DBCE235A717E00625742 /* carpenter.jpg */; };
		5C45DBEF235A717E00625742 /* smeal.jpg in Resources */ = {isa = PBXBuildFile; fileRef = 5C45DBCF235A717E00625742 /* smeal.jpg */; };
		5C45DBF0235A717E00625742 /* carnegie.jpg in Resources */ = {isa = PBXBuildFile; fileRef = 5C45DBD0235A717E00625742 /* carnegie.jpg */; };
		5C62ABC3235A759800FC7CA5 /* buildings.plist in Resources */ = {isa = PBXBuildFile; fileRef = 5C62ABC2235A759800FC7CA5 /* buildings.plist */; };
/* End PBXBuildFile section */

/* Begin PBXContainerItemProxy section */
		5C45DBA0235A6EC200625742 /* PBXContainerItemProxy */ = {
			isa = PBXContainerItemProxy;
			containerPortal = 5C45DB81235A6EC000625742 /* Project object */;
			proxyType = 1;
			remoteGlobalIDString = 5C45DB88235A6EC000625742;
			remoteInfo = CampusWalk;
		};
/* End PBXContainerItemProxy section */

/* Begin PBXFileReference section */
		5C45DB89235A6EC000625742 /* CampusWalk.app */ = {isa = PBXFileReference; explicitFileType = wrapper.application; includeInIndex = 0; path = CampusWalk.app; sourceTree = BUILT_PRODUCTS_DIR; };
		5C45DB8C235A6EC000625742 /* AppDelegate.swift */ = {isa = PBXFileReference; lastKnownFileType = sourcecode.swift; path = AppDelegate.swift; sourceTree = "<group>"; };
		5C45DB8E235A6EC000625742 /* SceneDelegate.swift */ = {isa = PBXFileReference; lastKnownFileType = sourcecode.swift; path = SceneDelegate.swift; sourceTree = "<group>"; };
		5C45DB90235A6EC000625742 /* ViewController.swift */ = {isa = PBXFileReference; lastKnownFileType = sourcecode.swift; path = ViewController.swift; sourceTree = "<group>"; };
		5C45DB93235A6EC000625742 /* Base */ = {isa = PBXFileReference; lastKnownFileType = file.storyboard; name = Base; path = Base.lproj/Main.storyboard; sourceTree = "<group>"; };
		5C45DB95235A6EC200625742 /* Assets.xcassets */ = {isa = PBXFileReference; lastKnownFileType = folder.assetcatalog; path = Assets.xcassets; sourceTree = "<group>"; };
		5C45DB98235A6EC200625742 /* Base */ = {isa = PBXFileReference; lastKnownFileType = file.storyboard; name = Base; path = Base.lproj/LaunchScreen.storyboard; sourceTree = "<group>"; };
		5C45DB9A235A6EC200625742 /* Info.plist */ = {isa = PBXFileReference; lastKnownFileType = text.plist.xml; path = Info.plist; sourceTree = "<group>"; };
		5C45DB9F235A6EC200625742 /* CampusWalkTests.xctest */ = {isa = PBXFileReference; explicitFileType = wrapper.cfbundle; includeInIndex = 0; path = CampusWalkTests.xctest; sourceTree = BUILT_PRODUCTS_DIR; };
		5C45DBA3235A6EC200625742 /* CampusWalkTests.swift */ = {isa = PBXFileReference; lastKnownFileType = sourcecode.swift; path = CampusWalkTests.swift; sourceTree = "<group>"; };
		5C45DBA5235A6EC200625742 /* Info.plist */ = {isa = PBXFileReference; lastKnownFileType = text.plist.xml; path = Info.plist; sourceTree = "<group>"; };
		5C45DBAE235A701F00625742 /* MapModel.swift */ = {isa = PBXFileReference; lastKnownFileType = sourcecode.swift; path = MapModel.swift; sourceTree = "<group>"; };
		5C45DBB2235A717E00625742 /* appliedscience.jpg */ = {isa = PBXFileReference; lastKnownFileType = image.jpeg; path = appliedscience.jpg; sourceTree = "<group>"; };
		5C45DBB3235A717E00625742 /* beaver.jpg */ = {isa = PBXFileReference; lastKnownFileType = image.jpeg; path = beaver.jpg; sourceTree = "<group>"; };
		5C45DBB4235A717E00625742 /* chandlee.jpg */ = {isa = PBXFileReference; lastKnownFileType = image.jpeg; path = chandlee.jpg; sourceTree = "<group>"; };
		5C45DBB5235A717E00625742 /* ageng.jpg */ = {isa = PBXFileReference; lastKnownFileType = image.jpeg; path = ageng.jpg; sourceTree = "<group>"; };
		5C45DBB6235A717E00625742 /* armsby.jpg */ = {isa = PBXFileReference; lastKnownFileType = image.jpeg; path = armsby.jpg; sourceTree = "<group>"; };
		5C45DBB7235A717E00625742 /* borland.jpg */ = {isa = PBXFileReference; lastKnownFileType = image.jpeg; path = borland.jpg; sourceTree = "<group>"; };
		5C45DBB8235A717E00625742 /* chapel.jpg */ = {isa = PBXFileReference; lastKnownFileType = image.jpeg; path = chapel.jpg; sourceTree = "<group>"; };
		5C45DBB9235A717E00625742 /* engunit.jpg */ = {isa = PBXFileReference; lastKnownFileType = image.jpeg; path = engunit.jpg; sourceTree = "<group>"; };
		5C45DBBA235A717E00625742 /* eeeast.jpg */ = {isa = PBXFileReference; lastKnownFileType = image.jpeg; path = eeeast.jpg; sourceTree = "<group>"; };
		5C45DBBB235A717E00625742 /* earthengineeringsciences.jpg */ = {isa = PBXFileReference; lastKnownFileType = image.jpeg; path = earthengineeringsciences.jpg; sourceTree = "<group>"; };
		5C45DBBC235A717E00625742 /* biomechanics.jpg */ = {isa = PBXFileReference; lastKnownFileType = image.jpeg; path = biomechanics.jpg; sourceTree = "<group>"; };
		5C45DBBD235A717E00625742 /* chambers.jpg */ = {isa = PBXFileReference; lastKnownFileType = image.jpeg; path = chambers.jpg; sourceTree = "<group>"; };
		5C45DBBE235A717E00625742 /* eisenhowerparking.jpg */ = {isa = PBXFileReference; lastKnownFileType = image.jpeg; path = eisenhowerparking.jpg; sourceTree = "<group>"; };
		5C45DBBF235A717E00625742 /* eewest.jpg */ = {isa = PBXFileReference; lastKnownFileType = image.jpeg; path = eewest.jpg; sourceTree = "<group>"; };
		5C45DBC0235A717E00625742 /* chemistry.jpg */ = {isa = PBXFileReference; lastKnownFileType = image.jpeg; path = chemistry.jpg; sourceTree = "<group>"; };
		5C45DBC1235A717E00625742 /* boucke.jpg */ = {isa = PBXFileReference; lastKnownFileType = image.jpeg; path = boucke.jpg; sourceTree = "<group>"; };
		5C45DBC2235A717E00625742 /* eisenhower.jpg */ = {isa = PBXFileReference; lastKnownFileType = image.jpeg; path = eisenhower.jpg; sourceTree = "<group>"; };
		5C45DBC3235A717E00625742 /* deike.jpg */ = {isa = PBXFileReference; lastKnownFileType = image.jpeg; path = deike.jpg; sourceTree = "<group>"; };
		5C45DBC4235A717E00625742 /* arts.jpg */ = {isa = PBXFileReference; lastKnownFileType = image.jpeg; path = arts.jpg; sourceTree = "<group>"; };
		5C45DBC5235A717E00625742 /* computer.jpg */ = {isa = PBXFileReference; lastKnownFileType = image.jpeg; path = computer.jpg; sourceTree = "<group>"; };
		5C45DBC6235A717E00625742 /* davey.jpg */ = {isa = PBXFileReference; lastKnownFileType = image.jpeg; path = davey.jpg; sourceTree = "<group>"; };
		5C45DBC7235A717E00625742 /* brycejordan.jpg */ = {isa = PBXFileReference; lastKnownFileType = image.jpeg; path = brycejordan.jpg; sourceTree = "<group>"; };
		5C45DBC8235A717E00625742 /* brumbaugh.jpg */ = {isa = PBXFileReference; lastKnownFileType = image.jpeg; path = brumbaugh.jpg; sourceTree = "<group>"; };
		5C45DBC9235A717E00625742 /* buckhout.jpg */ = {isa = PBXFileReference; lastKnownFileType = image.jpeg; path = buckhout.jpg; sourceTree = "<group>"; };
		5C45DBCA235A717E00625742 /* agadmin.jpg */ = {isa = PBXFileReference; lastKnownFileType = image.jpeg; path = agadmin.jpg; sourceTree = "<group>"; };
		5C45DBCB235A717E00625742 /* burrowes.jpg */ = {isa = PBXFileReference; lastKnownFileType = image.jpeg; path = burrowes.jpg; sourceTree = "<group>"; };
		5C45DBCC235A717E00625742 /* atherton.jpg */ = {isa = PBXFileReference; lastKnownFileType = image.jpeg; path = atherton.jpg; sourceTree = "<group>"; };
		5C45DBCD235A717E00625742 /* businessbuilding.jpg */ = {isa = PBXFileReference; lastKnownFileType = image.jpeg; path = businessbuilding.jpg; sourceTree = "<group>"; };
		5C45DBCE235A717E00625742 /* carpenter.jpg */ = {isa = PBXFileReference; lastKnownFileType = image.jpeg; path = carpenter.jpg; sourceTree = "<group>"; };
		5C45DBCF235A717E00625742 /* smeal.jpg */ = {isa = PBXFileReference; lastKnownFileType = image.jpeg; path = smeal.jpg; sourceTree = "<group>"; };
		5C45DBD0235A717E00625742 /* carnegie.jpg */ = {isa = PBXFileReference; lastKnownFileType = image.jpeg; path = carnegie.jpg; sourceTree = "<group>"; };
		5C62ABC2235A759800FC7CA5 /* buildings.plist */ = {isa = PBXFileReference; fileEncoding = 4; lastKnownFileType = text.plist.xml; path = buildings.plist; sourceTree = "<group>"; };
/* End PBXFileReference section */

/* Begin PBXFrameworksBuildPhase section */
		5C45DB86235A6EC000625742 /* Frameworks */ = {
			isa = PBXFrameworksBuildPhase;
			buildActionMask = 2147483647;
			files = (
			);
			runOnlyForDeploymentPostprocessing = 0;
		};
		5C45DB9C235A6EC200625742 /* Frameworks */ = {
			isa = PBXFrameworksBuildPhase;
			buildActionMask = 2147483647;
			files = (
			);
			runOnlyForDeploymentPostprocessing = 0;
		};
/* End PBXFrameworksBuildPhase section */

/* Begin PBXGroup section */
		5C45DB80235A6EC000625742 = {
			isa = PBXGroup;
			children = (
				5C45DB8B235A6EC000625742 /* CampusWalk */,
				5C45DBB0235A717E00625742 /* Campus Assets */,
				5C45DBA2235A6EC200625742 /* CampusWalkTests */,
				5C45DB8A235A6EC000625742 /* Products */,
			);
			sourceTree = "<group>";
		};
		5C45DB8A235A6EC000625742 /* Products */ = {
			isa = PBXGroup;
			children = (
				5C45DB89235A6EC000625742 /* CampusWalk.app */,
				5C45DB9F235A6EC200625742 /* CampusWalkTests.xctest */,
			);
			name = Products;
			sourceTree = "<group>";
		};
		5C45DB8B235A6EC000625742 /* CampusWalk */ = {
			isa = PBXGroup;
			children = (
				5C45DB8C235A6EC000625742 /* AppDelegate.swift */,
				5C45DB8E235A6EC000625742 /* SceneDelegate.swift */,
				5C45DB90235A6EC000625742 /* ViewController.swift */,
				5C45DB92235A6EC000625742 /* Main.storyboard */,
				5C45DB95235A6EC200625742 /* Assets.xcassets */,
				5C45DB97235A6EC200625742 /* LaunchScreen.storyboard */,
				5C45DB9A235A6EC200625742 /* Info.plist */,
				5C45DBAE235A701F00625742 /* MapModel.swift */,
			);
			path = CampusWalk;
			sourceTree = "<group>";
		};
		5C45DBA2235A6EC200625742 /* CampusWalkTests */ = {
			isa = PBXGroup;
			children = (
				5C45DBA3235A6EC200625742 /* CampusWalkTests.swift */,
				5C45DBA5235A6EC200625742 /* Info.plist */,
			);
			path = CampusWalkTests;
			sourceTree = "<group>";
		};
		5C45DBB0235A717E00625742 /* Campus Assets */ = {
			isa = PBXGroup;
			children = (
				5C62ABC2235A759800FC7CA5 /* buildings.plist */,
				5C45DBB1235A717E00625742 /* buildings */,
			);
			path = "Campus Assets";
			sourceTree = SOURCE_ROOT;
		};
		5C45DBB1235A717E00625742 /* buildings */ = {
			isa = PBXGroup;
			children = (
				5C45DBB2235A717E00625742 /* appliedscience.jpg */,
				5C45DBB3235A717E00625742 /* beaver.jpg */,
				5C45DBB4235A717E00625742 /* chandlee.jpg */,
				5C45DBB5235A717E00625742 /* ageng.jpg */,
				5C45DBB6235A717E00625742 /* armsby.jpg */,
				5C45DBB7235A717E00625742 /* borland.jpg */,
				5C45DBB8235A717E00625742 /* chapel.jpg */,
				5C45DBB9235A717E00625742 /* engunit.jpg */,
				5C45DBBA235A717E00625742 /* eeeast.jpg */,
				5C45DBBB235A717E00625742 /* earthengineeringsciences.jpg */,
				5C45DBBC235A717E00625742 /* biomechanics.jpg */,
				5C45DBBD235A717E00625742 /* chambers.jpg */,
				5C45DBBE235A717E00625742 /* eisenhowerparking.jpg */,
				5C45DBBF235A717E00625742 /* eewest.jpg */,
				5C45DBC0235A717E00625742 /* chemistry.jpg */,
				5C45DBC1235A717E00625742 /* boucke.jpg */,
				5C45DBC2235A717E00625742 /* eisenhower.jpg */,
				5C45DBC3235A717E00625742 /* deike.jpg */,
				5C45DBC4235A717E00625742 /* arts.jpg */,
				5C45DBC5235A717E00625742 /* computer.jpg */,
				5C45DBC6235A717E00625742 /* davey.jpg */,
				5C45DBC7235A717E00625742 /* brycejordan.jpg */,
				5C45DBC8235A717E00625742 /* brumbaugh.jpg */,
				5C45DBC9235A717E00625742 /* buckhout.jpg */,
				5C45DBCA235A717E00625742 /* agadmin.jpg */,
				5C45DBCB235A717E00625742 /* burrowes.jpg */,
				5C45DBCC235A717E00625742 /* atherton.jpg */,
				5C45DBCD235A717E00625742 /* businessbuilding.jpg */,
				5C45DBCE235A717E00625742 /* carpenter.jpg */,
				5C45DBCF235A717E00625742 /* smeal.jpg */,
				5C45DBD0235A717E00625742 /* carnegie.jpg */,
			);
			path = buildings;
			sourceTree = "<group>";
		};
/* End PBXGroup section */

/* Begin PBXNativeTarget section */
		5C45DB88235A6EC000625742 /* CampusWalk */ = {
			isa = PBXNativeTarget;
			buildConfigurationList = 5C45DBA8235A6EC200625742 /* Build configuration list for PBXNativeTarget "CampusWalk" */;
			buildPhases = (
				5C45DB85235A6EC000625742 /* Sources */,
				5C45DB86235A6EC000625742 /* Frameworks */,
				5C45DB87235A6EC000625742 /* Resources */,
			);
			buildRules = (
			);
			dependencies = (
			);
			name = CampusWalk;
			productName = CampusWalk;
			productReference = 5C45DB89235A6EC000625742 /* CampusWalk.app */;
			productType = "com.apple.product-type.application";
		};
		5C45DB9E235A6EC200625742 /* CampusWalkTests */ = {
			isa = PBXNativeTarget;
			buildConfigurationList = 5C45DBAB235A6EC200625742 /* Build configuration list for PBXNativeTarget "CampusWalkTests" */;
			buildPhases = (
				5C45DB9B235A6EC200625742 /* Sources */,
				5C45DB9C235A6EC200625742 /* Frameworks */,
				5C45DB9D235A6EC200625742 /* Resources */,
			);
			buildRules = (
			);
			dependencies = (
				5C45DBA1235A6EC200625742 /* PBXTargetDependency */,
			);
			name = CampusWalkTests;
			productName = CampusWalkTests;
			productReference = 5C45DB9F235A6EC200625742 /* CampusWalkTests.xctest */;
			productType = "com.apple.product-type.bundle.unit-test";
		};
/* End PBXNativeTarget section */

/* Begin PBXProject section */
		5C45DB81235A6EC000625742 /* Project object */ = {
			isa = PBXProject;
			attributes = {
				LastSwiftUpdateCheck = 1110;
				LastUpgradeCheck = 1110;
				ORGANIZATIONNAME = "Mingtian Yang";
				TargetAttributes = {
					5C45DB88235A6EC000625742 = {
						CreatedOnToolsVersion = 11.1;
					};
					5C45DB9E235A6EC200625742 = {
						CreatedOnToolsVersion = 11.1;
						TestTargetID = 5C45DB88235A6EC000625742;
					};
				};
			};
			buildConfigurationList = 5C45DB84235A6EC000625742 /* Build configuration list for PBXProject "CampusWalk" */;
			compatibilityVersion = "Xcode 9.3";
			developmentRegion = en;
			hasScannedForEncodings = 0;
			knownRegions = (
				en,
				Base,
			);
			mainGroup = 5C45DB80235A6EC000625742;
			productRefGroup = 5C45DB8A235A6EC000625742 /* Products */;
			projectDirPath = "";
			projectRoot = "";
			targets = (
				5C45DB88235A6EC000625742 /* CampusWalk */,
				5C45DB9E235A6EC200625742 /* CampusWalkTests */,
			);
		};
/* End PBXProject section */

/* Begin PBXResourcesBuildPhase section */
		5C45DB87235A6EC000625742 /* Resources */ = {
			isa = PBXResourcesBuildPhase;
			buildActionMask = 2147483647;
			files = (
				5C45DB99235A6EC200625742 /* LaunchScreen.storyboard in Resources */,
				5C45DB96235A6EC200625742 /* Assets.xcassets in Resources */,
				5C62ABC3235A759800FC7CA5 /* buildings.plist in Resources */,
				5C45DB94235A6EC000625742 /* Main.storyboard in Resources */,
			);
			runOnlyForDeploymentPostprocessing = 0;
		};
		5C45DB9D235A6EC200625742 /* Resources */ = {
			isa = PBXResourcesBuildPhase;
			buildActionMask = 2147483647;
			files = (
				5C45DBEB235A717E00625742 /* burrowes.jpg in Resources */,
				5C45DBE9235A717E00625742 /* buckhout.jpg in Resources */,
				5C45DBE8235A717E00625742 /* brumbaugh.jpg in Resources */,
				5C45DBE0235A717E00625742 /* chemistry.jpg in Resources */,
				5C45DBD4235A717E00625742 /* chandlee.jpg in Resources */,
				5C45DBE1235A717E00625742 /* boucke.jpg in Resources */,
				5C45DBDE235A717E00625742 /* eisenhowerparking.jpg in Resources */,
				5C45DBDF235A717E00625742 /* eewest.jpg in Resources */,
				5C45DBEE235A717E00625742 /* carpenter.jpg in Resources */,
				5C45DBD6235A717E00625742 /* armsby.jpg in Resources */,
				5C45DBED235A717E00625742 /* businessbuilding.jpg in Resources */,
				5C45DBD8235A717E00625742 /* chapel.jpg in Resources */,
				5C45DBE7235A717E00625742 /* brycejordan.jpg in Resources */,
				5C45DBF0235A717E00625742 /* carnegie.jpg in Resources */,
				5C45DBE4235A717E00625742 /* arts.jpg in Resources */,
				5C45DBD7235A717E00625742 /* borland.jpg in Resources */,
				5C45DBD9235A717E00625742 /* engunit.jpg in Resources */,
				5C45DBD3235A717E00625742 /* beaver.jpg in Resources */,
				5C45DBD5235A717E00625742 /* ageng.jpg in Resources */,
				5C45DBD2235A717E00625742 /* appliedscience.jpg in Resources */,
				5C45DBDD235A717E00625742 /* chambers.jpg in Resources */,
				5C45DBE5235A717E00625742 /* computer.jpg in Resources */,
				5C45DBE2235A717E00625742 /* eisenhower.jpg in Resources */,
				5C45DBE6235A717E00625742 /* davey.jpg in Resources */,
				5C45DBDC235A717E00625742 /* biomechanics.jpg in Resources */,
				5C45DBEA235A717E00625742 /* agadmin.jpg in Resources */,
				5C45DBEC235A717E00625742 /* atherton.jpg in Resources */,
				5C45DBDA235A717E00625742 /* eeeast.jpg in Resources */,
				5C45DBE3235A717E00625742 /* deike.jpg in Resources */,
				5C45DBEF235A717E00625742 /* smeal.jpg in Resources */,
				5C45DBDB235A717E00625742 /* earthengineeringsciences.jpg in Resources */,
			);
			runOnlyForDeploymentPostprocessing = 0;
		};
/* End PBXResourcesBuildPhase section */

/* Begin PBXSourcesBuildPhase section */
		5C45DB85235A6EC000625742 /* Sources */ = {
			isa = PBXSourcesBuildPhase;
			buildActionMask = 2147483647;
			files = (
				5C45DBAF235A701F00625742 /* MapModel.swift in Sources */,
				5C45DB91235A6EC000625742 /* ViewController.swift in Sources */,
				5C45DB8D235A6EC000625742 /* AppDelegate.swift in Sources */,
				5C45DB8F235A6EC000625742 /* SceneDelegate.swift in Sources */,
			);
			runOnlyForDeploymentPostprocessing = 0;
		};
		5C45DB9B235A6EC200625742 /* Sources */ = {
			isa = PBXSourcesBuildPhase;
			buildActionMask = 2147483647;
			files = (
				5C45DBA4235A6EC200625742 /* CampusWalkTests.swift in Sources */,
			);
			runOnlyForDeploymentPostprocessing = 0;
		};
/* End PBXSourcesBuildPhase section */

/* Begin PBXTargetDependency section */
		5C45DBA1235A6EC200625742 /* PBXTargetDependency */ = {
			isa = PBXTargetDependency;
			target = 5C45DB88235A6EC000625742 /* CampusWalk */;
			targetProxy = 5C45DBA0235A6EC200625742 /* PBXContainerItemProxy */;
		};
/* End PBXTargetDependency section */

/* Begin PBXVariantGroup section */
		5C45DB92235A6EC000625742 /* Main.storyboard */ = {
			isa = PBXVariantGroup;
			children = (
				5C45DB93235A6EC000625742 /* Base */,
			);
			name = Main.storyboard;
			sourceTree = "<group>";
		};
		5C45DB97235A6EC200625742 /* LaunchScreen.storyboard */ = {
			isa = PBXVariantGroup;
			children = (
				5C45DB98235A6EC200625742 /* Base */,
			);
			name = LaunchScreen.storyboard;
			sourceTree = "<group>";
		};
/* End PBXVariantGroup section */

/* Begin XCBuildConfiguration section */
		5C45DBA6235A6EC200625742 /* Debug */ = {
			isa = XCBuildConfiguration;
			buildSettings = {
				ALWAYS_SEARCH_USER_PATHS = NO;
				CLANG_ANALYZER_NONNULL = YES;
				CLANG_ANALYZER_NUMBER_OBJECT_CONVERSION = YES_AGGRESSIVE;
				CLANG_CXX_LANGUAGE_STANDARD = "gnu++14";
				CLANG_CXX_LIBRARY = "libc++";
				CLANG_ENABLE_MODULES = YES;
				CLANG_ENABLE_OBJC_ARC = YES;
				CLANG_ENABLE_OBJC_WEAK = YES;
				CLANG_WARN_BLOCK_CAPTURE_AUTORELEASING = YES;
				CLANG_WARN_BOOL_CONVERSION = YES;
				CLANG_WARN_COMMA = YES;
				CLANG_WARN_CONSTANT_CONVERSION = YES;
				CLANG_WARN_DEPRECATED_OBJC_IMPLEMENTATIONS = YES;
				CLANG_WARN_DIRECT_OBJC_ISA_USAGE = YES_ERROR;
				CLANG_WARN_DOCUMENTATION_COMMENTS = YES;
				CLANG_WARN_EMPTY_BODY = YES;
				CLANG_WARN_ENUM_CONVERSION = YES;
				CLANG_WARN_INFINITE_RECURSION = YES;
				CLANG_WARN_INT_CONVERSION = YES;
				CLANG_WARN_NON_LITERAL_NULL_CONVERSION = YES;
				CLANG_WARN_OBJC_IMPLICIT_RETAIN_SELF = YES;
				CLANG_WARN_OBJC_LITERAL_CONVERSION = YES;
				CLANG_WARN_OBJC_ROOT_CLASS = YES_ERROR;
				CLANG_WARN_RANGE_LOOP_ANALYSIS = YES;
				CLANG_WARN_STRICT_PROTOTYPES = YES;
				CLANG_WARN_SUSPICIOUS_MOVE = YES;
				CLANG_WARN_UNGUARDED_AVAILABILITY = YES_AGGRESSIVE;
				CLANG_WARN_UNREACHABLE_CODE = YES;
				CLANG_WARN__DUPLICATE_METHOD_MATCH = YES;
				COPY_PHASE_STRIP = NO;
				DEBUG_INFORMATION_FORMAT = dwarf;
				ENABLE_STRICT_OBJC_MSGSEND = YES;
				ENABLE_TESTABILITY = YES;
				GCC_C_LANGUAGE_STANDARD = gnu11;
				GCC_DYNAMIC_NO_PIC = NO;
				GCC_NO_COMMON_BLOCKS = YES;
				GCC_OPTIMIZATION_LEVEL = 0;
				GCC_PREPROCESSOR_DEFINITIONS = (
					"DEBUG=1",
					"$(inherited)",
				);
				GCC_WARN_64_TO_32_BIT_CONVERSION = YES;
				GCC_WARN_ABOUT_RETURN_TYPE = YES_ERROR;
				GCC_WARN_UNDECLARED_SELECTOR = YES;
				GCC_WARN_UNINITIALIZED_AUTOS = YES_AGGRESSIVE;
				GCC_WARN_UNUSED_FUNCTION = YES;
				GCC_WARN_UNUSED_VARIABLE = YES;
				IPHONEOS_DEPLOYMENT_TARGET = 13.1;
				MTL_ENABLE_DEBUG_INFO = INCLUDE_SOURCE;
				MTL_FAST_MATH = YES;
				ONLY_ACTIVE_ARCH = YES;
				SDKROOT = iphoneos;
				SWIFT_ACTIVE_COMPILATION_CONDITIONS = DEBUG;
				SWIFT_OPTIMIZATION_LEVEL = "-Onone";
			};
			name = Debug;
		};
		5C45DBA7235A6EC200625742 /* Release */ = {
			isa = XCBuildConfiguration;
			buildSettings = {
				ALWAYS_SEARCH_USER_PATHS = NO;
				CLANG_ANALYZER_NONNULL = YES;
				CLANG_ANALYZER_NUMBER_OBJECT_CONVERSION = YES_AGGRESSIVE;
				CLANG_CXX_LANGUAGE_STANDARD = "gnu++14";
				CLANG_CXX_LIBRARY = "libc++";
				CLANG_ENABLE_MODULES = YES;
				CLANG_ENABLE_OBJC_ARC = YES;
				CLANG_ENABLE_OBJC_WEAK = YES;
				CLANG_WARN_BLOCK_CAPTURE_AUTORELEASING = YES;
				CLANG_WARN_BOOL_CONVERSION = YES;
				CLANG_WARN_COMMA = YES;
				CLANG_WARN_CONSTANT_CONVERSION = YES;
				CLANG_WARN_DEPRECATED_OBJC_IMPLEMENTATIONS = YES;
				CLANG_WARN_DIRECT_OBJC_ISA_USAGE = YES_ERROR;
				CLANG_WARN_DOCUMENTATION_COMMENTS = YES;
				CLANG_WARN_EMPTY_BODY = YES;
				CLANG_WARN_ENUM_CONVERSION = YES;
				CLANG_WARN_INFINITE_RECURSION = YES;
				CLANG_WARN_INT_CONVERSION = YES;
				CLANG_WARN_NON_LITERAL_NULL_CONVERSION = YES;
				CLANG_WARN_OBJC_IMPLICIT_RETAIN_SELF = YES;
				CLANG_WARN_OBJC_LITERAL_CONVERSION = YES;
				CLANG_WARN_OBJC_ROOT_CLASS = YES_ERROR;
				CLANG_WARN_RANGE_LOOP_ANALYSIS = YES;
				CLANG_WARN_STRICT_PROTOTYPES = YES;
				CLANG_WARN_SUSPICIOUS_MOVE = YES;
				CLANG_WARN_UNGUARDED_AVAILABILITY = YES_AGGRESSIVE;
				CLANG_WARN_UNREACHABLE_CODE = YES;
				CLANG_WARN__DUPLICATE_METHOD_MATCH = YES;
				COPY_PHASE_STRIP = NO;
				DEBUG_INFORMATION_FORMAT = "dwarf-with-dsym";
				ENABLE_NS_ASSERTIONS = NO;
				ENABLE_STRICT_OBJC_MSGSEND = YES;
				GCC_C_LANGUAGE_STANDARD = gnu11;
				GCC_NO_COMMON_BLOCKS = YES;
				GCC_WARN_64_TO_32_BIT_CONVERSION = YES;
				GCC_WARN_ABOUT_RETURN_TYPE = YES_ERROR;
				GCC_WARN_UNDECLARED_SELECTOR = YES;
				GCC_WARN_UNINITIALIZED_AUTOS = YES_AGGRESSIVE;
				GCC_WARN_UNUSED_FUNCTION = YES;
				GCC_WARN_UNUSED_VARIABLE = YES;
				IPHONEOS_DEPLOYMENT_TARGET = 13.1;
				MTL_ENABLE_DEBUG_INFO = NO;
				MTL_FAST_MATH = YES;
				SDKROOT = iphoneos;
				SWIFT_COMPILATION_MODE = wholemodule;
				SWIFT_OPTIMIZATION_LEVEL = "-O";
				VALIDATE_PRODUCT = YES;
			};
			name = Release;
		};
		5C45DBA9235A6EC200625742 /* Debug */ = {
			isa = XCBuildConfiguration;
			buildSettings = {
				ASSETCATALOG_COMPILER_APPICON_NAME = AppIcon;
				CODE_SIGN_STYLE = Automatic;
				INFOPLIST_FILE = CampusWalk/Info.plist;
				IPHONEOS_DEPLOYMENT_TARGET = 13.1;
				LD_RUNPATH_SEARCH_PATHS = (
					"$(inherited)",
					"@executable_path/Frameworks",
				);
				PRODUCT_BUNDLE_IDENTIFIER = edu.psu.sce.mky5089.CampusWalk;
				PRODUCT_NAME = "$(TARGET_NAME)";
				SWIFT_VERSION = 5.0;
				TARGETED_DEVICE_FAMILY = "1,2";
			};
			name = Debug;
		};
		5C45DBAA235A6EC200625742 /* Release */ = {
			isa = XCBuildConfiguration;
			buildSettings = {
				ASSETCATALOG_COMPILER_APPICON_NAME = AppIcon;
				CODE_SIGN_STYLE = Automatic;
				INFOPLIST_FILE = CampusWalk/Info.plist;
				IPHONEOS_DEPLOYMENT_TARGET = 13.1;
				LD_RUNPATH_SEARCH_PATHS = (
					"$(inherited)",
					"@executable_path/Frameworks",
				);
				PRODUCT_BUNDLE_IDENTIFIER = edu.psu.sce.mky5089.CampusWalk;
				PRODUCT_NAME = "$(TARGET_NAME)";
				SWIFT_VERSION = 5.0;
				TARGETED_DEVICE_FAMILY = "1,2";
			};
			name = Release;
		};
		5C45DBAC235A6EC200625742 /* Debug */ = {
			isa = XCBuildConfiguration;
			buildSettings = {
				ALWAYS_EMBED_SWIFT_STANDARD_LIBRARIES = YES;
				BUNDLE_LOADER = "$(TEST_HOST)";
				CODE_SIGN_STYLE = Automatic;
				INFOPLIST_FILE = CampusWalkTests/Info.plist;
				IPHONEOS_DEPLOYMENT_TARGET = 13.1;
				LD_RUNPATH_SEARCH_PATHS = (
					"$(inherited)",
					"@executable_path/Frameworks",
					"@loader_path/Frameworks",
				);
				PRODUCT_BUNDLE_IDENTIFIER = edu.psu.sce.mky5089.CampusWalkTests;
				PRODUCT_NAME = "$(TARGET_NAME)";
				SWIFT_VERSION = 5.0;
				TARGETED_DEVICE_FAMILY = "1,2";
				TEST_HOST = "$(BUILT_PRODUCTS_DIR)/CampusWalk.app/CampusWalk";
			};
			name = Debug;
		};
		5C45DBAD235A6EC200625742 /* Release */ = {
			isa = XCBuildConfiguration;
			buildSettings = {
				ALWAYS_EMBED_SWIFT_STANDARD_LIBRARIES = YES;
				BUNDLE_LOADER = "$(TEST_HOST)";
				CODE_SIGN_STYLE = Automatic;
				INFOPLIST_FILE = CampusWalkTests/Info.plist;
				IPHONEOS_DEPLOYMENT_TARGET = 13.1;
				LD_RUNPATH_SEARCH_PATHS = (
					"$(inherited)",
					"@executable_path/Frameworks",
					"@loader_path/Frameworks",
				);
				PRODUCT_BUNDLE_IDENTIFIER = edu.psu.sce.mky5089.CampusWalkTests;
				PRODUCT_NAME = "$(TARGET_NAME)";
				SWIFT_VERSION = 5.0;
				TARGETED_DEVICE_FAMILY = "1,2";
				TEST_HOST = "$(BUILT_PRODUCTS_DIR)/CampusWalk.app/CampusWalk";
			};
			name = Release;
		};
/* End XCBuildConfiguration section */

/* Begin XCConfigurationList section */
		5C45DB84235A6EC000625742 /* Build configuration list for PBXProject "CampusWalk" */ = {
			isa = XCConfigurationList;
			buildConfigurations = (
				5C45DBA6235A6EC200625742 /* Debug */,
				5C45DBA7235A6EC200625742 /* Release */,
			);
			defaultConfigurationIsVisible = 0;
			defaultConfigurationName = Release;
		};
		5C45DBA8235A6EC200625742 /* Build configuration list for PBXNativeTarget "CampusWalk" */ = {
			isa = XCConfigurationList;
			buildConfigurations = (
				5C45DBA9235A6EC200625742 /* Debug */,
				5C45DBAA235A6EC200625742 /* Release */,
			);
			defaultConfigurationIsVisible = 0;
			defaultConfigurationName = Release;
		};
		5C45DBAB235A6EC200625742 /* Build configuration list for PBXNativeTarget "CampusWalkTests" */ = {
			isa = XCConfigurationList;
			buildConfigurations = (
				5C45DBAC235A6EC200625742 /* Debug */,
				5C45DBAD235A6EC200625742 /* Release */,
			);
			defaultConfigurationIsVisible = 0;
			defaultConfigurationName = Release;
		};
/* End XCConfigurationList section */
	};
	rootObject = 5C45DB81235A6EC000625742 /* Project object */;
}
