// !$*UTF8*$!
{
	archiveVersion = 1;
	classes = {
	};
	objectVersion = 50;
	objects = {

/* Begin PBXBuildFile section */
		5C371FBD233CFAB10033EBC1 /* AppDelegate.swift in Sources */ = {isa = PBXBuildFile; fileRef = 5C371FBC233CFAB10033EBC1 /* AppDelegate.swift */; };
		5C371FBF233CFAB10033EBC1 /* ViewController.swift in Sources */ = {isa = PBXBuildFile; fileRef = 5C371FBE233CFAB10033EBC1 /* ViewController.swift */; };
		5C371FC2233CFAB10033EBC1 /* Main.storyboard in Resources */ = {isa = PBXBuildFile; fileRef = 5C371FC0233CFAB10033EBC1 /* Main.storyboard */; };
		5C371FC4233CFAB20033EBC1 /* Assets.xcassets in Resources */ = {isa = PBXBuildFile; fileRef = 5C371FC3233CFAB20033EBC1 /* Assets.xcassets */; };
		5C371FC7233CFAB20033EBC1 /* LaunchScreen.storyboard in Resources */ = {isa = PBXBuildFile; fileRef = 5C371FC5233CFAB20033EBC1 /* LaunchScreen.storyboard */; };
		5C371FD2233CFAB30033EBC1 /* StateParksTests.swift in Sources */ = {isa = PBXBuildFile; fileRef = 5C371FD1233CFAB30033EBC1 /* StateParksTests.swift */; };
		5C371FDD233CFAD60033EBC1 /* ParksModel.swift in Sources */ = {isa = PBXBuildFile; fileRef = 5C371FDC233CFAD60033EBC1 /* ParksModel.swift */; };
		5C372002233CFDE20033EBC1 /* Black Moshannon01.png in Resources */ = {isa = PBXBuildFile; fileRef = 5C371FE2233CFDE20033EBC1 /* Black Moshannon01.png */; };
		5C372003233CFDE20033EBC1 /* Leonard Harrison02.png in Resources */ = {isa = PBXBuildFile; fileRef = 5C371FE3233CFDE20033EBC1 /* Leonard Harrison02.png */; };
		5C372004233CFDE20033EBC1 /* Leonard Harrison03.png in Resources */ = {isa = PBXBuildFile; fileRef = 5C371FE4233CFDE20033EBC1 /* Leonard Harrison03.png */; };
		5C372005233CFDE20033EBC1 /* Black Moshannon02.png in Resources */ = {isa = PBXBuildFile; fileRef = 5C371FE5233CFDE20033EBC1 /* Black Moshannon02.png */; };
		5C372006233CFDE20033EBC1 /* Leonard Harrison01.png in Resources */ = {isa = PBXBuildFile; fileRef = 5C371FE6233CFDE20033EBC1 /* Leonard Harrison01.png */; };
		5C372007233CFDE20033EBC1 /* Black Moshannon03.png in Resources */ = {isa = PBXBuildFile; fileRef = 5C371FE7233CFDE20033EBC1 /* Black Moshannon03.png */; };
		5C372008233CFDE20033EBC1 /* Black Moshannon06.png in Resources */ = {isa = PBXBuildFile; fileRef = 5C371FE8233CFDE20033EBC1 /* Black Moshannon06.png */; };
		5C372009233CFDE20033EBC1 /* Black Moshannon04.png in Resources */ = {isa = PBXBuildFile; fileRef = 5C371FE9233CFDE20033EBC1 /* Black Moshannon04.png */; };
		5C37200A233CFDE20033EBC1 /* Black Moshannon05.png in Resources */ = {isa = PBXBuildFile; fileRef = 5C371FEA233CFDE20033EBC1 /* Black Moshannon05.png */; };
		5C37200B233CFDE20033EBC1 /* Cherry Springs01.png in Resources */ = {isa = PBXBuildFile; fileRef = 5C371FEB233CFDE20033EBC1 /* Cherry Springs01.png */; };
		5C37200C233CFDE20033EBC1 /* Cherry Springs02.png in Resources */ = {isa = PBXBuildFile; fileRef = 5C371FEC233CFDE20033EBC1 /* Cherry Springs02.png */; };
		5C37200D233CFDE20033EBC1 /* Cherry Springs03.png in Resources */ = {isa = PBXBuildFile; fileRef = 5C371FED233CFDE20033EBC1 /* Cherry Springs03.png */; };
		5C37200E233CFDE20033EBC1 /* Cherry Springs07.png in Resources */ = {isa = PBXBuildFile; fileRef = 5C371FEE233CFDE20033EBC1 /* Cherry Springs07.png */; };
		5C37200F233CFDE20033EBC1 /* Cherry Springs06.png in Resources */ = {isa = PBXBuildFile; fileRef = 5C371FEF233CFDE20033EBC1 /* Cherry Springs06.png */; };
		5C372010233CFDE20033EBC1 /* Cherry Springs04.png in Resources */ = {isa = PBXBuildFile; fileRef = 5C371FF0233CFDE20033EBC1 /* Cherry Springs04.png */; };
		5C372011233CFDE20033EBC1 /* Cherry Springs05.png in Resources */ = {isa = PBXBuildFile; fileRef = 5C371FF1233CFDE20033EBC1 /* Cherry Springs05.png */; };
		5C372012233CFDE20033EBC1 /* Whipple Dam02.png in Resources */ = {isa = PBXBuildFile; fileRef = 5C371FF2233CFDE20033EBC1 /* Whipple Dam02.png */; };
		5C372013233CFDE20033EBC1 /* Whipple Dam03.png in Resources */ = {isa = PBXBuildFile; fileRef = 5C371FF3233CFDE20033EBC1 /* Whipple Dam03.png */; };
		5C372014233CFDE20033EBC1 /* Ohiopyle04.png in Resources */ = {isa = PBXBuildFile; fileRef = 5C371FF4233CFDE20033EBC1 /* Ohiopyle04.png */; };
		5C372015233CFDE20033EBC1 /* Whipple Dam01.png in Resources */ = {isa = PBXBuildFile; fileRef = 5C371FF5233CFDE20033EBC1 /* Whipple Dam01.png */; };
		5C372016233CFDE20033EBC1 /* Ricketts Glen04.png in Resources */ = {isa = PBXBuildFile; fileRef = 5C371FF6233CFDE20033EBC1 /* Ricketts Glen04.png */; };
		5C372017233CFDE20033EBC1 /* Ricketts Glen05.png in Resources */ = {isa = PBXBuildFile; fileRef = 5C371FF7233CFDE20033EBC1 /* Ricketts Glen05.png */; };
		5C372018233CFDE20033EBC1 /* Ohiopyle05.png in Resources */ = {isa = PBXBuildFile; fileRef = 5C371FF8233CFDE20033EBC1 /* Ohiopyle05.png */; };
		5C372019233CFDE20033EBC1 /* Ohiopyle01.png in Resources */ = {isa = PBXBuildFile; fileRef = 5C371FF9233CFDE20033EBC1 /* Ohiopyle01.png */; };
		5C37201A233CFDE20033EBC1 /* Whipple Dam04.png in Resources */ = {isa = PBXBuildFile; fileRef = 5C371FFA233CFDE20033EBC1 /* Whipple Dam04.png */; };
		5C37201B233CFDE20033EBC1 /* Ricketts Glen01.png in Resources */ = {isa = PBXBuildFile; fileRef = 5C371FFB233CFDE20033EBC1 /* Ricketts Glen01.png */; };
		5C37201C233CFDE20033EBC1 /* Whipple Dam05.png in Resources */ = {isa = PBXBuildFile; fileRef = 5C371FFC233CFDE20033EBC1 /* Whipple Dam05.png */; };
		5C37201D233CFDE20033EBC1 /* Ohiopyle02.png in Resources */ = {isa = PBXBuildFile; fileRef = 5C371FFD233CFDE20033EBC1 /* Ohiopyle02.png */; };
		5C37201E233CFDE20033EBC1 /* Ricketts Glen02.png in Resources */ = {isa = PBXBuildFile; fileRef = 5C371FFE233CFDE20033EBC1 /* Ricketts Glen02.png */; };
		5C37201F233CFDE20033EBC1 /* Ricketts Glen03.png in Resources */ = {isa = PBXBuildFile; fileRef = 5C371FFF233CFDE20033EBC1 /* Ricketts Glen03.png */; };
		5C372020233CFDE20033EBC1 /* Ohiopyle03.png in Resources */ = {isa = PBXBuildFile; fileRef = 5C372000233CFDE20033EBC1 /* Ohiopyle03.png */; };
		5C372021233CFDE20033EBC1 /* Parks.plist in Resources */ = {isa = PBXBuildFile; fileRef = 5C372001233CFDE20033EBC1 /* Parks.plist */; };
		5C992D6F234948260064B40D /* phase2.storyboard in Resources */ = {isa = PBXBuildFile; fileRef = 5C992D6E234948260064B40D /* phase2.storyboard */; };
		5C992D7123499B880064B40D /* StateParks.plist in Resources */ = {isa = PBXBuildFile; fileRef = 5C992D7023499B880064B40D /* StateParks.plist */; };
		5C992D7323499CFE0064B40D /* StateParksTableViewController.swift in Sources */ = {isa = PBXBuildFile; fileRef = 5C992D7223499CFE0064B40D /* StateParksTableViewController.swift */; };
		5C992D7523499D110064B40D /* StateParksCollectionViewController.swift in Sources */ = {isa = PBXBuildFile; fileRef = 5C992D7423499D110064B40D /* StateParksCollectionViewController.swift */; };
/* End PBXBuildFile section */

/* Begin PBXContainerItemProxy section */
		5C371FCE233CFAB30033EBC1 /* PBXContainerItemProxy */ = {
			isa = PBXContainerItemProxy;
			containerPortal = 5C371FB1233CFAB10033EBC1 /* Project object */;
			proxyType = 1;
			remoteGlobalIDString = 5C371FB8233CFAB10033EBC1;
			remoteInfo = StateParks;
		};
/* End PBXContainerItemProxy section */

/* Begin PBXFileReference section */
		5C371FB9233CFAB10033EBC1 /* StateParks.app */ = {isa = PBXFileReference; explicitFileType = wrapper.application; includeInIndex = 0; path = StateParks.app; sourceTree = BUILT_PRODUCTS_DIR; };
		5C371FBC233CFAB10033EBC1 /* AppDelegate.swift */ = {isa = PBXFileReference; lastKnownFileType = sourcecode.swift; path = AppDelegate.swift; sourceTree = "<group>"; };
		5C371FBE233CFAB10033EBC1 /* ViewController.swift */ = {isa = PBXFileReference; lastKnownFileType = sourcecode.swift; path = ViewController.swift; sourceTree = "<group>"; };
		5C371FC1233CFAB10033EBC1 /* Base */ = {isa = PBXFileReference; lastKnownFileType = file.storyboard; name = Base; path = Base.lproj/Main.storyboard; sourceTree = "<group>"; };
		5C371FC3233CFAB20033EBC1 /* Assets.xcassets */ = {isa = PBXFileReference; lastKnownFileType = folder.assetcatalog; path = Assets.xcassets; sourceTree = "<group>"; };
		5C371FC6233CFAB20033EBC1 /* Base */ = {isa = PBXFileReference; lastKnownFileType = file.storyboard; name = Base; path = Base.lproj/LaunchScreen.storyboard; sourceTree = "<group>"; };
		5C371FC8233CFAB20033EBC1 /* Info.plist */ = {isa = PBXFileReference; lastKnownFileType = text.plist.xml; path = Info.plist; sourceTree = "<group>"; };
		5C371FCD233CFAB30033EBC1 /* StateParksTests.xctest */ = {isa = PBXFileReference; explicitFileType = wrapper.cfbundle; includeInIndex = 0; path = StateParksTests.xctest; sourceTree = BUILT_PRODUCTS_DIR; };
		5C371FD1233CFAB30033EBC1 /* StateParksTests.swift */ = {isa = PBXFileReference; lastKnownFileType = sourcecode.swift; path = StateParksTests.swift; sourceTree = "<group>"; };
		5C371FD3233CFAB30033EBC1 /* Info.plist */ = {isa = PBXFileReference; lastKnownFileType = text.plist.xml; path = Info.plist; sourceTree = "<group>"; };
		5C371FDC233CFAD60033EBC1 /* ParksModel.swift */ = {isa = PBXFileReference; lastKnownFileType = sourcecode.swift; path = ParksModel.swift; sourceTree = "<group>"; };
		5C371FE2233CFDE20033EBC1 /* Black Moshannon01.png */ = {isa = PBXFileReference; lastKnownFileType = image.png; path = "Black Moshannon01.png"; sourceTree = "<group>"; };
		5C371FE3233CFDE20033EBC1 /* Leonard Harrison02.png */ = {isa = PBXFileReference; lastKnownFileType = image.png; path = "Leonard Harrison02.png"; sourceTree = "<group>"; };
		5C371FE4233CFDE20033EBC1 /* Leonard Harrison03.png */ = {isa = PBXFileReference; lastKnownFileType = image.png; path = "Leonard Harrison03.png"; sourceTree = "<group>"; };
		5C371FE5233CFDE20033EBC1 /* Black Moshannon02.png */ = {isa = PBXFileReference; lastKnownFileType = image.png; path = "Black Moshannon02.png"; sourceTree = "<group>"; };
		5C371FE6233CFDE20033EBC1 /* Leonard Harrison01.png */ = {isa = PBXFileReference; lastKnownFileType = image.png; path = "Leonard Harrison01.png"; sourceTree = "<group>"; };
		5C371FE7233CFDE20033EBC1 /* Black Moshannon03.png */ = {isa = PBXFileReference; lastKnownFileType = image.png; path = "Black Moshannon03.png"; sourceTree = "<group>"; };
		5C371FE8233CFDE20033EBC1 /* Black Moshannon06.png */ = {isa = PBXFileReference; lastKnownFileType = image.png; path = "Black Moshannon06.png"; sourceTree = "<group>"; };
		5C371FE9233CFDE20033EBC1 /* Black Moshannon04.png */ = {isa = PBXFileReference; lastKnownFileType = image.png; path = "Black Moshannon04.png"; sourceTree = "<group>"; };
		5C371FEA233CFDE20033EBC1 /* Black Moshannon05.png */ = {isa = PBXFileReference; lastKnownFileType = image.png; path = "Black Moshannon05.png"; sourceTree = "<group>"; };
		5C371FEB233CFDE20033EBC1 /* Cherry Springs01.png */ = {isa = PBXFileReference; lastKnownFileType = image.png; path = "Cherry Springs01.png"; sourceTree = "<group>"; };
		5C371FEC233CFDE20033EBC1 /* Cherry Springs02.png */ = {isa = PBXFileReference; lastKnownFileType = image.png; path = "Cherry Springs02.png"; sourceTree = "<group>"; };
		5C371FED233CFDE20033EBC1 /* Cherry Springs03.png */ = {isa = PBXFileReference; lastKnownFileType = image.png; path = "Cherry Springs03.png"; sourceTree = "<group>"; };
		5C371FEE233CFDE20033EBC1 /* Cherry Springs07.png */ = {isa = PBXFileReference; lastKnownFileType = image.png; path = "Cherry Springs07.png"; sourceTree = "<group>"; };
		5C371FEF233CFDE20033EBC1 /* Cherry Springs06.png */ = {isa = PBXFileReference; lastKnownFileType = image.png; path = "Cherry Springs06.png"; sourceTree = "<group>"; };
		5C371FF0233CFDE20033EBC1 /* Cherry Springs04.png */ = {isa = PBXFileReference; lastKnownFileType = image.png; path = "Cherry Springs04.png"; sourceTree = "<group>"; };
		5C371FF1233CFDE20033EBC1 /* Cherry Springs05.png */ = {isa = PBXFileReference; lastKnownFileType = image.png; path = "Cherry Springs05.png"; sourceTree = "<group>"; };
		5C371FF2233CFDE20033EBC1 /* Whipple Dam02.png */ = {isa = PBXFileReference; lastKnownFileType = image.png; path = "Whipple Dam02.png"; sourceTree = "<group>"; };
		5C371FF3233CFDE20033EBC1 /* Whipple Dam03.png */ = {isa = PBXFileReference; lastKnownFileType = image.png; path = "Whipple Dam03.png"; sourceTree = "<group>"; };
		5C371FF4233CFDE20033EBC1 /* Ohiopyle04.png */ = {isa = PBXFileReference; lastKnownFileType = image.png; path = Ohiopyle04.png; sourceTree = "<group>"; };
		5C371FF5233CFDE20033EBC1 /* Whipple Dam01.png */ = {isa = PBXFileReference; lastKnownFileType = image.png; path = "Whipple Dam01.png"; sourceTree = "<group>"; };
		5C371FF6233CFDE20033EBC1 /* Ricketts Glen04.png */ = {isa = PBXFileReference; lastKnownFileType = image.png; path = "Ricketts Glen04.png"; sourceTree = "<group>"; };
		5C371FF7233CFDE20033EBC1 /* Ricketts Glen05.png */ = {isa = PBXFileReference; lastKnownFileType = image.png; path = "Ricketts Glen05.png"; sourceTree = "<group>"; };
		5C371FF8233CFDE20033EBC1 /* Ohiopyle05.png */ = {isa = PBXFileReference; lastKnownFileType = image.png; path = Ohiopyle05.png; sourceTree = "<group>"; };
		5C371FF9233CFDE20033EBC1 /* Ohiopyle01.png */ = {isa = PBXFileReference; lastKnownFileType = image.png; path = Ohiopyle01.png; sourceTree = "<group>"; };
		5C371FFA233CFDE20033EBC1 /* Whipple Dam04.png */ = {isa = PBXFileReference; lastKnownFileType = image.png; path = "Whipple Dam04.png"; sourceTree = "<group>"; };
		5C371FFB233CFDE20033EBC1 /* Ricketts Glen01.png */ = {isa = PBXFileReference; lastKnownFileType = image.png; path = "Ricketts Glen01.png"; sourceTree = "<group>"; };
		5C371FFC233CFDE20033EBC1 /* Whipple Dam05.png */ = {isa = PBXFileReference; lastKnownFileType = image.png; path = "Whipple Dam05.png"; sourceTree = "<group>"; };
		5C371FFD233CFDE20033EBC1 /* Ohiopyle02.png */ = {isa = PBXFileReference; lastKnownFileType = image.png; path = Ohiopyle02.png; sourceTree = "<group>"; };
		5C371FFE233CFDE20033EBC1 /* Ricketts Glen02.png */ = {isa = PBXFileReference; lastKnownFileType = image.png; path = "Ricketts Glen02.png"; sourceTree = "<group>"; };
		5C371FFF233CFDE20033EBC1 /* Ricketts Glen03.png */ = {isa = PBXFileReference; lastKnownFileType = image.png; path = "Ricketts Glen03.png"; sourceTree = "<group>"; };
		5C372000233CFDE20033EBC1 /* Ohiopyle03.png */ = {isa = PBXFileReference; lastKnownFileType = image.png; path = Ohiopyle03.png; sourceTree = "<group>"; };
		5C372001233CFDE20033EBC1 /* Parks.plist */ = {isa = PBXFileReference; fileEncoding = 4; lastKnownFileType = text.plist.xml; path = Parks.plist; sourceTree = "<group>"; };
		5C992D6E234948260064B40D /* phase2.storyboard */ = {isa = PBXFileReference; lastKnownFileType = file.storyboard; path = phase2.storyboard; sourceTree = "<group>"; };
		5C992D7023499B880064B40D /* StateParks.plist */ = {isa = PBXFileReference; fileEncoding = 4; lastKnownFileType = text.plist.xml; path = StateParks.plist; sourceTree = "<group>"; };
		5C992D7223499CFE0064B40D /* StateParksTableViewController.swift */ = {isa = PBXFileReference; lastKnownFileType = sourcecode.swift; path = StateParksTableViewController.swift; sourceTree = "<group>"; };
		5C992D7423499D110064B40D /* StateParksCollectionViewController.swift */ = {isa = PBXFileReference; lastKnownFileType = sourcecode.swift; path = StateParksCollectionViewController.swift; sourceTree = "<group>"; };
/* End PBXFileReference section */

/* Begin PBXFrameworksBuildPhase section */
		5C371FB6233CFAB10033EBC1 /* Frameworks */ = {
			isa = PBXFrameworksBuildPhase;
			buildActionMask = 2147483647;
			files = (
			);
			runOnlyForDeploymentPostprocessing = 0;
		};
		5C371FCA233CFAB20033EBC1 /* Frameworks */ = {
			isa = PBXFrameworksBuildPhase;
			buildActionMask = 2147483647;
			files = (
			);
			runOnlyForDeploymentPostprocessing = 0;
		};
/* End PBXFrameworksBuildPhase section */

/* Begin PBXGroup section */
		5C371FB0233CFAB10033EBC1 = {
			isa = PBXGroup;
			children = (
				5C371FE1233CFDE20033EBC1 /* Parks Assets */,
				5C371FBB233CFAB10033EBC1 /* StateParks */,
				5C371FD0233CFAB30033EBC1 /* StateParksTests */,
				5C371FBA233CFAB10033EBC1 /* Products */,
			);
			sourceTree = "<group>";
		};
		5C371FBA233CFAB10033EBC1 /* Products */ = {
			isa = PBXGroup;
			children = (
				5C371FB9233CFAB10033EBC1 /* StateParks.app */,
				5C371FCD233CFAB30033EBC1 /* StateParksTests.xctest */,
			);
			name = Products;
			sourceTree = "<group>";
		};
		5C371FBB233CFAB10033EBC1 /* StateParks */ = {
			isa = PBXGroup;
			children = (
				5C371FBC233CFAB10033EBC1 /* AppDelegate.swift */,
				5C371FBE233CFAB10033EBC1 /* ViewController.swift */,
				5C992D7223499CFE0064B40D /* StateParksTableViewController.swift */,
				5C992D7423499D110064B40D /* StateParksCollectionViewController.swift */,
				5C371FC0233CFAB10033EBC1 /* Main.storyboard */,
				5C371FC3233CFAB20033EBC1 /* Assets.xcassets */,
				5C371FC5233CFAB20033EBC1 /* LaunchScreen.storyboard */,
				5C371FC8233CFAB20033EBC1 /* Info.plist */,
				5C371FDC233CFAD60033EBC1 /* ParksModel.swift */,
				5C992D6E234948260064B40D /* phase2.storyboard */,
			);
			path = StateParks;
			sourceTree = "<group>";
		};
		5C371FD0233CFAB30033EBC1 /* StateParksTests */ = {
			isa = PBXGroup;
			children = (
				5C371FD1233CFAB30033EBC1 /* StateParksTests.swift */,
				5C371FD3233CFAB30033EBC1 /* Info.plist */,
			);
			path = StateParksTests;
			sourceTree = "<group>";
		};
		5C371FE1233CFDE20033EBC1 /* Parks Assets */ = {
			isa = PBXGroup;
			children = (
				5C992D7023499B880064B40D /* StateParks.plist */,
				5C371FE2233CFDE20033EBC1 /* Black Moshannon01.png */,
				5C371FE3233CFDE20033EBC1 /* Leonard Harrison02.png */,
				5C371FE4233CFDE20033EBC1 /* Leonard Harrison03.png */,
				5C371FE5233CFDE20033EBC1 /* Black Moshannon02.png */,
				5C371FE6233CFDE20033EBC1 /* Leonard Harrison01.png */,
				5C371FE7233CFDE20033EBC1 /* Black Moshannon03.png */,
				5C371FE8233CFDE20033EBC1 /* Black Moshannon06.png */,
				5C371FE9233CFDE20033EBC1 /* Black Moshannon04.png */,
				5C371FEA233CFDE20033EBC1 /* Black Moshannon05.png */,
				5C371FEB233CFDE20033EBC1 /* Cherry Springs01.png */,
				5C371FEC233CFDE20033EBC1 /* Cherry Springs02.png */,
				5C371FED233CFDE20033EBC1 /* Cherry Springs03.png */,
				5C371FEE233CFDE20033EBC1 /* Cherry Springs07.png */,
				5C371FEF233CFDE20033EBC1 /* Cherry Springs06.png */,
				5C371FF0233CFDE20033EBC1 /* Cherry Springs04.png */,
				5C371FF1233CFDE20033EBC1 /* Cherry Springs05.png */,
				5C371FF2233CFDE20033EBC1 /* Whipple Dam02.png */,
				5C371FF3233CFDE20033EBC1 /* Whipple Dam03.png */,
				5C371FF4233CFDE20033EBC1 /* Ohiopyle04.png */,
				5C371FF5233CFDE20033EBC1 /* Whipple Dam01.png */,
				5C371FF6233CFDE20033EBC1 /* Ricketts Glen04.png */,
				5C371FF7233CFDE20033EBC1 /* Ricketts Glen05.png */,
				5C371FF8233CFDE20033EBC1 /* Ohiopyle05.png */,
				5C371FF9233CFDE20033EBC1 /* Ohiopyle01.png */,
				5C371FFA233CFDE20033EBC1 /* Whipple Dam04.png */,
				5C371FFB233CFDE20033EBC1 /* Ricketts Glen01.png */,
				5C371FFC233CFDE20033EBC1 /* Whipple Dam05.png */,
				5C371FFD233CFDE20033EBC1 /* Ohiopyle02.png */,
				5C371FFE233CFDE20033EBC1 /* Ricketts Glen02.png */,
				5C371FFF233CFDE20033EBC1 /* Ricketts Glen03.png */,
				5C372000233CFDE20033EBC1 /* Ohiopyle03.png */,
				5C372001233CFDE20033EBC1 /* Parks.plist */,
			);
			path = "Parks Assets";
			sourceTree = "<group>";
		};
/* End PBXGroup section */

/* Begin PBXNativeTarget section */
		5C371FB8233CFAB10033EBC1 /* StateParks */ = {
			isa = PBXNativeTarget;
			buildConfigurationList = 5C371FD6233CFAB30033EBC1 /* Build configuration list for PBXNativeTarget "StateParks" */;
			buildPhases = (
				5C371FB5233CFAB10033EBC1 /* Sources */,
				5C371FB6233CFAB10033EBC1 /* Frameworks */,
				5C371FB7233CFAB10033EBC1 /* Resources */,
			);
			buildRules = (
			);
			dependencies = (
			);
			name = StateParks;
			productName = StateParks;
			productReference = 5C371FB9233CFAB10033EBC1 /* StateParks.app */;
			productType = "com.apple.product-type.application";
		};
		5C371FCC233CFAB20033EBC1 /* StateParksTests */ = {
			isa = PBXNativeTarget;
			buildConfigurationList = 5C371FD9233CFAB30033EBC1 /* Build configuration list for PBXNativeTarget "StateParksTests" */;
			buildPhases = (
				5C371FC9233CFAB20033EBC1 /* Sources */,
				5C371FCA233CFAB20033EBC1 /* Frameworks */,
				5C371FCB233CFAB20033EBC1 /* Resources */,
			);
			buildRules = (
			);
			dependencies = (
				5C371FCF233CFAB30033EBC1 /* PBXTargetDependency */,
			);
			name = StateParksTests;
			productName = StateParksTests;
			productReference = 5C371FCD233CFAB30033EBC1 /* StateParksTests.xctest */;
			productType = "com.apple.product-type.bundle.unit-test";
		};
/* End PBXNativeTarget section */

/* Begin PBXProject section */
		5C371FB1233CFAB10033EBC1 /* Project object */ = {
			isa = PBXProject;
			attributes = {
				LastSwiftUpdateCheck = 1030;
				LastUpgradeCheck = 1030;
				ORGANIZATIONNAME = "Mingtian Yang";
				TargetAttributes = {
					5C371FB8233CFAB10033EBC1 = {
						CreatedOnToolsVersion = 10.3;
					};
					5C371FCC233CFAB20033EBC1 = {
						CreatedOnToolsVersion = 10.3;
						TestTargetID = 5C371FB8233CFAB10033EBC1;
					};
				};
			};
			buildConfigurationList = 5C371FB4233CFAB10033EBC1 /* Build configuration list for PBXProject "StateParks" */;
			compatibilityVersion = "Xcode 9.3";
			developmentRegion = en;
			hasScannedForEncodings = 0;
			knownRegions = (
				en,
				Base,
			);
			mainGroup = 5C371FB0233CFAB10033EBC1;
			productRefGroup = 5C371FBA233CFAB10033EBC1 /* Products */;
			projectDirPath = "";
			projectRoot = "";
			targets = (
				5C371FB8233CFAB10033EBC1 /* StateParks */,
				5C371FCC233CFAB20033EBC1 /* StateParksTests */,
			);
		};
/* End PBXProject section */

/* Begin PBXResourcesBuildPhase section */
		5C371FB7233CFAB10033EBC1 /* Resources */ = {
			isa = PBXResourcesBuildPhase;
			buildActionMask = 2147483647;
			files = (
				5C37201B233CFDE20033EBC1 /* Ricketts Glen01.png in Resources */,
				5C372015233CFDE20033EBC1 /* Whipple Dam01.png in Resources */,
				5C37201C233CFDE20033EBC1 /* Whipple Dam05.png in Resources */,
				5C372016233CFDE20033EBC1 /* Ricketts Glen04.png in Resources */,
				5C372014233CFDE20033EBC1 /* Ohiopyle04.png in Resources */,
				5C37201A233CFDE20033EBC1 /* Whipple Dam04.png in Resources */,
				5C37201D233CFDE20033EBC1 /* Ohiopyle02.png in Resources */,
				5C372005233CFDE20033EBC1 /* Black Moshannon02.png in Resources */,
				5C37200F233CFDE20033EBC1 /* Cherry Springs06.png in Resources */,
				5C37200E233CFDE20033EBC1 /* Cherry Springs07.png in Resources */,
				5C372007233CFDE20033EBC1 /* Black Moshannon03.png in Resources */,
				5C372021233CFDE20033EBC1 /* Parks.plist in Resources */,
				5C372008233CFDE20033EBC1 /* Black Moshannon06.png in Resources */,
				5C372003233CFDE20033EBC1 /* Leonard Harrison02.png in Resources */,
				5C372009233CFDE20033EBC1 /* Black Moshannon04.png in Resources */,
				5C372004233CFDE20033EBC1 /* Leonard Harrison03.png in Resources */,
				5C37200C233CFDE20033EBC1 /* Cherry Springs02.png in Resources */,
				5C371FC7233CFAB20033EBC1 /* LaunchScreen.storyboard in Resources */,
				5C37200B233CFDE20033EBC1 /* Cherry Springs01.png in Resources */,
				5C37200D233CFDE20033EBC1 /* Cherry Springs03.png in Resources */,
				5C372020233CFDE20033EBC1 /* Ohiopyle03.png in Resources */,
				5C372018233CFDE20033EBC1 /* Ohiopyle05.png in Resources */,
				5C372010233CFDE20033EBC1 /* Cherry Springs04.png in Resources */,
				5C372012233CFDE20033EBC1 /* Whipple Dam02.png in Resources */,
				5C372013233CFDE20033EBC1 /* Whipple Dam03.png in Resources */,
				5C37201E233CFDE20033EBC1 /* Ricketts Glen02.png in Resources */,
				5C37200A233CFDE20033EBC1 /* Black Moshannon05.png in Resources */,
				5C992D6F234948260064B40D /* phase2.storyboard in Resources */,
				5C37201F233CFDE20033EBC1 /* Ricketts Glen03.png in Resources */,
				5C371FC4233CFAB20033EBC1 /* Assets.xcassets in Resources */,
				5C372006233CFDE20033EBC1 /* Leonard Harrison01.png in Resources */,
				5C372017233CFDE20033EBC1 /* Ricketts Glen05.png in Resources */,
				5C992D7123499B880064B40D /* StateParks.plist in Resources */,
				5C372019233CFDE20033EBC1 /* Ohiopyle01.png in Resources */,
				5C371FC2233CFAB10033EBC1 /* Main.storyboard in Resources */,
				5C372011233CFDE20033EBC1 /* Cherry Springs05.png in Resources */,
				5C372002233CFDE20033EBC1 /* Black Moshannon01.png in Resources */,
			);
			runOnlyForDeploymentPostprocessing = 0;
		};
		5C371FCB233CFAB20033EBC1 /* Resources */ = {
			isa = PBXResourcesBuildPhase;
			buildActionMask = 2147483647;
			files = (
			);
			runOnlyForDeploymentPostprocessing = 0;
		};
/* End PBXResourcesBuildPhase section */

/* Begin PBXSourcesBuildPhase section */
		5C371FB5233CFAB10033EBC1 /* Sources */ = {
			isa = PBXSourcesBuildPhase;
			buildActionMask = 2147483647;
			files = (
				5C371FBF233CFAB10033EBC1 /* ViewController.swift in Sources */,
				5C371FBD233CFAB10033EBC1 /* AppDelegate.swift in Sources */,
				5C371FDD233CFAD60033EBC1 /* ParksModel.swift in Sources */,
				5C992D7523499D110064B40D /* StateParksCollectionViewController.swift in Sources */,
				5C992D7323499CFE0064B40D /* StateParksTableViewController.swift in Sources */,
			);
			runOnlyForDeploymentPostprocessing = 0;
		};
		5C371FC9233CFAB20033EBC1 /* Sources */ = {
			isa = PBXSourcesBuildPhase;
			buildActionMask = 2147483647;
			files = (
				5C371FD2233CFAB30033EBC1 /* StateParksTests.swift in Sources */,
			);
			runOnlyForDeploymentPostprocessing = 0;
		};
/* End PBXSourcesBuildPhase section */

/* Begin PBXTargetDependency section */
		5C371FCF233CFAB30033EBC1 /* PBXTargetDependency */ = {
			isa = PBXTargetDependency;
			target = 5C371FB8233CFAB10033EBC1 /* StateParks */;
			targetProxy = 5C371FCE233CFAB30033EBC1 /* PBXContainerItemProxy */;
		};
/* End PBXTargetDependency section */

/* Begin PBXVariantGroup section */
		5C371FC0233CFAB10033EBC1 /* Main.storyboard */ = {
			isa = PBXVariantGroup;
			children = (
				5C371FC1233CFAB10033EBC1 /* Base */,
			);
			name = Main.storyboard;
			sourceTree = "<group>";
		};
		5C371FC5233CFAB20033EBC1 /* LaunchScreen.storyboard */ = {
			isa = PBXVariantGroup;
			children = (
				5C371FC6233CFAB20033EBC1 /* Base */,
			);
			name = LaunchScreen.storyboard;
			sourceTree = "<group>";
		};
/* End PBXVariantGroup section */

/* Begin XCBuildConfiguration section */
		5C371FD4233CFAB30033EBC1 /* Debug */ = {
			isa = XCBuildConfiguration;
			buildSettings = {
				ALWAYS_SEARCH_USER_PATHS = NO;
				CLANG_ANALYZER_NONNULL = YES;
				CLANG_ANALYZER_NUMBER_OBJECT_CONVERSION = YES_AGGRESSIVE;
				CLANG_CXX_LANGUAGE_STANDARD = "gnu++14";
				CLANG_CXX_LIBRARY = "libc++";
				CLANG_ENABLE_MODULES = YES;
				CLANG_ENABLE_OBJC_ARC = YES;
				CLANG_ENABLE_OBJC_WEAK = YES;
				CLANG_WARN_BLOCK_CAPTURE_AUTORELEASING = YES;
				CLANG_WARN_BOOL_CONVERSION = YES;
				CLANG_WARN_COMMA = YES;
				CLANG_WARN_CONSTANT_CONVERSION = YES;
				CLANG_WARN_DEPRECATED_OBJC_IMPLEMENTATIONS = YES;
				CLANG_WARN_DIRECT_OBJC_ISA_USAGE = YES_ERROR;
				CLANG_WARN_DOCUMENTATION_COMMENTS = YES;
				CLANG_WARN_EMPTY_BODY = YES;
				CLANG_WARN_ENUM_CONVERSION = YES;
				CLANG_WARN_INFINITE_RECURSION = YES;
				CLANG_WARN_INT_CONVERSION = YES;
				CLANG_WARN_NON_LITERAL_NULL_CONVERSION = YES;
				CLANG_WARN_OBJC_IMPLICIT_RETAIN_SELF = YES;
				CLANG_WARN_OBJC_LITERAL_CONVERSION = YES;
				CLANG_WARN_OBJC_ROOT_CLASS = YES_ERROR;
				CLANG_WARN_RANGE_LOOP_ANALYSIS = YES;
				CLANG_WARN_STRICT_PROTOTYPES = YES;
				CLANG_WARN_SUSPICIOUS_MOVE = YES;
				CLANG_WARN_UNGUARDED_AVAILABILITY = YES_AGGRESSIVE;
				CLANG_WARN_UNREACHABLE_CODE = YES;
				CLANG_WARN__DUPLICATE_METHOD_MATCH = YES;
				CODE_SIGN_IDENTITY = "iPhone Developer";
				COPY_PHASE_STRIP = NO;
				DEBUG_INFORMATION_FORMAT = dwarf;
				ENABLE_STRICT_OBJC_MSGSEND = YES;
				ENABLE_TESTABILITY = YES;
				GCC_C_LANGUAGE_STANDARD = gnu11;
				GCC_DYNAMIC_NO_PIC = NO;
				GCC_NO_COMMON_BLOCKS = YES;
				GCC_OPTIMIZATION_LEVEL = 0;
				GCC_PREPROCESSOR_DEFINITIONS = (
					"DEBUG=1",
					"$(inherited)",
				);
				GCC_WARN_64_TO_32_BIT_CONVERSION = YES;
				GCC_WARN_ABOUT_RETURN_TYPE = YES_ERROR;
				GCC_WARN_UNDECLARED_SELECTOR = YES;
				GCC_WARN_UNINITIALIZED_AUTOS = YES_AGGRESSIVE;
				GCC_WARN_UNUSED_FUNCTION = YES;
				GCC_WARN_UNUSED_VARIABLE = YES;
				IPHONEOS_DEPLOYMENT_TARGET = 12.4;
				MTL_ENABLE_DEBUG_INFO = INCLUDE_SOURCE;
				MTL_FAST_MATH = YES;
				ONLY_ACTIVE_ARCH = YES;
				SDKROOT = iphoneos;
				SWIFT_ACTIVE_COMPILATION_CONDITIONS = DEBUG;
				SWIFT_OPTIMIZATION_LEVEL = "-Onone";
			};
			name = Debug;
		};
		5C371FD5233CFAB30033EBC1 /* Release */ = {
			isa = XCBuildConfiguration;
			buildSettings = {
				ALWAYS_SEARCH_USER_PATHS = NO;
				CLANG_ANALYZER_NONNULL = YES;
				CLANG_ANALYZER_NUMBER_OBJECT_CONVERSION = YES_AGGRESSIVE;
				CLANG_CXX_LANGUAGE_STANDARD = "gnu++14";
				CLANG_CXX_LIBRARY = "libc++";
				CLANG_ENABLE_MODULES = YES;
				CLANG_ENABLE_OBJC_ARC = YES;
				CLANG_ENABLE_OBJC_WEAK = YES;
				CLANG_WARN_BLOCK_CAPTURE_AUTORELEASING = YES;
				CLANG_WARN_BOOL_CONVERSION = YES;
				CLANG_WARN_COMMA = YES;
				CLANG_WARN_CONSTANT_CONVERSION = YES;
				CLANG_WARN_DEPRECATED_OBJC_IMPLEMENTATIONS = YES;
				CLANG_WARN_DIRECT_OBJC_ISA_USAGE = YES_ERROR;
				CLANG_WARN_DOCUMENTATION_COMMENTS = YES;
				CLANG_WARN_EMPTY_BODY = YES;
				CLANG_WARN_ENUM_CONVERSION = YES;
				CLANG_WARN_INFINITE_RECURSION = YES;
				CLANG_WARN_INT_CONVERSION = YES;
				CLANG_WARN_NON_LITERAL_NULL_CONVERSION = YES;
				CLANG_WARN_OBJC_IMPLICIT_RETAIN_SELF = YES;
				CLANG_WARN_OBJC_LITERAL_CONVERSION = YES;
				CLANG_WARN_OBJC_ROOT_CLASS = YES_ERROR;
				CLANG_WARN_RANGE_LOOP_ANALYSIS = YES;
				CLANG_WARN_STRICT_PROTOTYPES = YES;
				CLANG_WARN_SUSPICIOUS_MOVE = YES;
				CLANG_WARN_UNGUARDED_AVAILABILITY = YES_AGGRESSIVE;
				CLANG_WARN_UNREACHABLE_CODE = YES;
				CLANG_WARN__DUPLICATE_METHOD_MATCH = YES;
				CODE_SIGN_IDENTITY = "iPhone Developer";
				COPY_PHASE_STRIP = NO;
				DEBUG_INFORMATION_FORMAT = "dwarf-with-dsym";
				ENABLE_NS_ASSERTIONS = NO;
				ENABLE_STRICT_OBJC_MSGSEND = YES;
				GCC_C_LANGUAGE_STANDARD = gnu11;
				GCC_NO_COMMON_BLOCKS = YES;
				GCC_WARN_64_TO_32_BIT_CONVERSION = YES;
				GCC_WARN_ABOUT_RETURN_TYPE = YES_ERROR;
				GCC_WARN_UNDECLARED_SELECTOR = YES;
				GCC_WARN_UNINITIALIZED_AUTOS = YES_AGGRESSIVE;
				GCC_WARN_UNUSED_FUNCTION = YES;
				GCC_WARN_UNUSED_VARIABLE = YES;
				IPHONEOS_DEPLOYMENT_TARGET = 12.4;
				MTL_ENABLE_DEBUG_INFO = NO;
				MTL_FAST_MATH = YES;
				SDKROOT = iphoneos;
				SWIFT_COMPILATION_MODE = wholemodule;
				SWIFT_OPTIMIZATION_LEVEL = "-O";
				VALIDATE_PRODUCT = YES;
			};
			name = Release;
		};
		5C371FD7233CFAB30033EBC1 /* Debug */ = {
			isa = XCBuildConfiguration;
			buildSettings = {
				ASSETCATALOG_COMPILER_APPICON_NAME = AppIcon;
				CODE_SIGN_STYLE = Automatic;
				INFOPLIST_FILE = StateParks/Info.plist;
				LD_RUNPATH_SEARCH_PATHS = (
					"$(inherited)",
					"@executable_path/Frameworks",
				);
				PRODUCT_BUNDLE_IDENTIFIER = edu.psu.sce.mky5089.StateParks;
				PRODUCT_NAME = "$(TARGET_NAME)";
				SWIFT_VERSION = 5.0;
				TARGETED_DEVICE_FAMILY = "1,2";
			};
			name = Debug;
		};
		5C371FD8233CFAB30033EBC1 /* Release */ = {
			isa = XCBuildConfiguration;
			buildSettings = {
				ASSETCATALOG_COMPILER_APPICON_NAME = AppIcon;
				CODE_SIGN_STYLE = Automatic;
				INFOPLIST_FILE = StateParks/Info.plist;
				LD_RUNPATH_SEARCH_PATHS = (
					"$(inherited)",
					"@executable_path/Frameworks",
				);
				PRODUCT_BUNDLE_IDENTIFIER = edu.psu.sce.mky5089.StateParks;
				PRODUCT_NAME = "$(TARGET_NAME)";
				SWIFT_VERSION = 5.0;
				TARGETED_DEVICE_FAMILY = "1,2";
			};
			name = Release;
		};
		5C371FDA233CFAB30033EBC1 /* Debug */ = {
			isa = XCBuildConfiguration;
			buildSettings = {
				ALWAYS_EMBED_SWIFT_STANDARD_LIBRARIES = YES;
				BUNDLE_LOADER = "$(TEST_HOST)";
				CODE_SIGN_STYLE = Automatic;
				INFOPLIST_FILE = StateParksTests/Info.plist;
				LD_RUNPATH_SEARCH_PATHS = (
					"$(inherited)",
					"@executable_path/Frameworks",
					"@loader_path/Frameworks",
				);
				PRODUCT_BUNDLE_IDENTIFIER = edu.psu.sce.mky5089.StateParksTests;
				PRODUCT_NAME = "$(TARGET_NAME)";
				SWIFT_VERSION = 5.0;
				TARGETED_DEVICE_FAMILY = "1,2";
				TEST_HOST = "$(BUILT_PRODUCTS_DIR)/StateParks.app/StateParks";
			};
			name = Debug;
		};
		5C371FDB233CFAB30033EBC1 /* Release */ = {
			isa = XCBuildConfiguration;
			buildSettings = {
				ALWAYS_EMBED_SWIFT_STANDARD_LIBRARIES = YES;
				BUNDLE_LOADER = "$(TEST_HOST)";
				CODE_SIGN_STYLE = Automatic;
				INFOPLIST_FILE = StateParksTests/Info.plist;
				LD_RUNPATH_SEARCH_PATHS = (
					"$(inherited)",
					"@executable_path/Frameworks",
					"@loader_path/Frameworks",
				);
				PRODUCT_BUNDLE_IDENTIFIER = edu.psu.sce.mky5089.StateParksTests;
				PRODUCT_NAME = "$(TARGET_NAME)";
				SWIFT_VERSION = 5.0;
				TARGETED_DEVICE_FAMILY = "1,2";
				TEST_HOST = "$(BUILT_PRODUCTS_DIR)/StateParks.app/StateParks";
			};
			name = Release;
		};
/* End XCBuildConfiguration section */

/* Begin XCConfigurationList section */
		5C371FB4233CFAB10033EBC1 /* Build configuration list for PBXProject "StateParks" */ = {
			isa = XCConfigurationList;
			buildConfigurations = (
				5C371FD4233CFAB30033EBC1 /* Debug */,
				5C371FD5233CFAB30033EBC1 /* Release */,
			);
			defaultConfigurationIsVisible = 0;
			defaultConfigurationName = Release;
		};
		5C371FD6233CFAB30033EBC1 /* Build configuration list for PBXNativeTarget "StateParks" */ = {
			isa = XCConfigurationList;
			buildConfigurations = (
				5C371FD7233CFAB30033EBC1 /* Debug */,
				5C371FD8233CFAB30033EBC1 /* Release */,
			);
			defaultConfigurationIsVisible = 0;
			defaultConfigurationName = Release;
		};
		5C371FD9233CFAB30033EBC1 /* Build configuration list for PBXNativeTarget "StateParksTests" */ = {
			isa = XCConfigurationList;
			buildConfigurations = (
				5C371FDA233CFAB30033EBC1 /* Debug */,
				5C371FDB233CFAB30033EBC1 /* Release */,
			);
			defaultConfigurationIsVisible = 0;
			defaultConfigurationName = Release;
		};
/* End XCConfigurationList section */
	};
	rootObject = 5C371FB1233CFAB10033EBC1 /* Project object */;
}
