// !$*UTF8*$!
{
	archiveVersion = 1;
	classes = {
	};
	objectVersion = 52;
	objects = {

/* Begin PBXBuildFile section */
		5C02EB272385F8AB002A7A1E /* UIKitTabView.swift in Sources */ = {isa = PBXBuildFile; fileRef = 5C02EB262385F8AB002A7A1E /* UIKitTabView.swift */; };
		5C02EB29238610D3002A7A1E /* BrewViewReducer.swift in Sources */ = {isa = PBXBuildFile; fileRef = 5C02EB28238610D3002A7A1E /* BrewViewReducer.swift */; };
		5C02EB2B238612F0002A7A1E /* AddBrewGuideView.swift in Sources */ = {isa = PBXBuildFile; fileRef = 5C02EB2A238612F0002A7A1E /* AddBrewGuideView.swift */; };
		5C02EB2D238661FD002A7A1E /* ConfigureGrindCoffeeView.swift in Sources */ = {isa = PBXBuildFile; fileRef = 5C02EB2C238661FD002A7A1E /* ConfigureGrindCoffeeView.swift */; };
		5C02EB2F23866209002A7A1E /* ConfigureBoilWaterView.swift in Sources */ = {isa = PBXBuildFile; fileRef = 5C02EB2E23866209002A7A1E /* ConfigureBoilWaterView.swift */; };
		5C02EB31238713B7002A7A1E /* DecimalTextField.swift in Sources */ = {isa = PBXBuildFile; fileRef = 5C02EB30238713B7002A7A1E /* DecimalTextField.swift */; };
		5C02EB332387785A002A7A1E /* KeyboardGuard.swift in Sources */ = {isa = PBXBuildFile; fileRef = 5C02EB322387785A002A7A1E /* KeyboardGuard.swift */; };
		5C02EB352387A97B002A7A1E /* AddBrewStepView.swift in Sources */ = {isa = PBXBuildFile; fileRef = 5C02EB342387A97B002A7A1E /* AddBrewStepView.swift */; };
		5C02EB372388E1FC002A7A1E /* ConnectViewWebDatabaseService.swift in Sources */ = {isa = PBXBuildFile; fileRef = 5C02EB362388E1FC002A7A1E /* ConnectViewWebDatabaseService.swift */; };
		5C02EB502388E5FA002A7A1E /* RecordViewWebService.swift in Sources */ = {isa = PBXBuildFile; fileRef = 5C02EB4F2388E5FA002A7A1E /* RecordViewWebService.swift */; };
		5C0C26992391D58A00F27180 /* NoteDetailView.swift in Sources */ = {isa = PBXBuildFile; fileRef = 5C0C26982391D58A00F27180 /* NoteDetailView.swift */; };
		5C0C269C2391F18000F27180 /* URLImage in Frameworks */ = {isa = PBXBuildFile; productRef = 5C0C269B2391F18000F27180 /* URLImage */; };
		5C0D0F492384508800FA7952 /* BrewGuideDetailView.swift in Sources */ = {isa = PBXBuildFile; fileRef = 5C0D0F482384508800FA7952 /* BrewGuideDetailView.swift */; };
		5C14B29523A6793100C9C156 /* EnvironmentManager.swift in Sources */ = {isa = PBXBuildFile; fileRef = 5C14B29423A6793100C9C156 /* EnvironmentManager.swift */; };
		5C25798223837BA200976AE1 /* BrewStep.swift in Sources */ = {isa = PBXBuildFile; fileRef = 5C25798123837BA200976AE1 /* BrewStep.swift */; };
		5C25798A2383887900976AE1 /* DefaultBrewingMethods.swift in Sources */ = {isa = PBXBuildFile; fileRef = 5C2579892383887900976AE1 /* DefaultBrewingMethods.swift */; };
		5C25FA43237F314B0082CFBD /* String+Bundle+Localization.swift in Sources */ = {isa = PBXBuildFile; fileRef = 5C25FA42237F314B0082CFBD /* String+Bundle+Localization.swift */; };
		5C25FA45237F385C0082CFBD /* EnvironmentService.swift in Sources */ = {isa = PBXBuildFile; fileRef = 5C25FA44237F385C0082CFBD /* EnvironmentService.swift */; };
		5C271E2723A414FF00158160 /* Font Awesome 5 Free-Regular-400.otf in Resources */ = {isa = PBXBuildFile; fileRef = 5C271E2323A414FF00158160 /* Font Awesome 5 Free-Regular-400.otf */; };
		5C271E2823A414FF00158160 /* icons.json in Resources */ = {isa = PBXBuildFile; fileRef = 5C271E2423A414FF00158160 /* icons.json */; };
		5C271E2923A414FF00158160 /* Font Awesome 5 Brands-Regular-400.otf in Resources */ = {isa = PBXBuildFile; fileRef = 5C271E2523A414FF00158160 /* Font Awesome 5 Brands-Regular-400.otf */; };
		5C271E2A23A414FF00158160 /* Font Awesome 5 Free-Solid-900.otf in Resources */ = {isa = PBXBuildFile; fileRef = 5C271E2623A414FF00158160 /* Font Awesome 5 Free-Solid-900.otf */; };
		5C2E476A23960FB80064226A /* BrewGuideTimerInstructionView.swift in Sources */ = {isa = PBXBuildFile; fileRef = 5C2E476923960FB80064226A /* BrewGuideTimerInstructionView.swift */; };
		5C2E476E23962C1A0064226A /* StopWatch.swift in Sources */ = {isa = PBXBuildFile; fileRef = 5C2E476D23962C1A0064226A /* StopWatch.swift */; };
		5C2F6A22239D4A16004E8459 /* CaffeineTrackerView.swift in Sources */ = {isa = PBXBuildFile; fileRef = 5C2F6A21239D4A16004E8459 /* CaffeineTrackerView.swift */; };
		5C2FEFAD239D963D000C4854 /* CaffeineRecord.swift in Sources */ = {isa = PBXBuildFile; fileRef = 5C2FEFAC239D963D000C4854 /* CaffeineRecord.swift */; };
		5C2FEFB1239DB04A000C4854 /* WidgetView.swift in Sources */ = {isa = PBXBuildFile; fileRef = 5CFE992923970FBD00F78FE2 /* WidgetView.swift */; };
		5C2FEFB2239DB04F000C4854 /* TodayViewController.swift in Sources */ = {isa = PBXBuildFile; fileRef = 5CFE991C2396CD0E00F78FE2 /* TodayViewController.swift */; };
		5C3DDDD623935187001A3B4F /* Shapes in Frameworks */ = {isa = PBXBuildFile; productRef = 5C3DDDD523935187001A3B4F /* Shapes */; };
		5C3DDDD9239351A1001A3B4F /* Sliders in Frameworks */ = {isa = PBXBuildFile; productRef = 5C3DDDD8239351A1001A3B4F /* Sliders */; };
		5C3F46582382D219001CC647 /* Record.swift in Sources */ = {isa = PBXBuildFile; fileRef = 5C3F46572382D219001CC647 /* Record.swift */; };
		5C3F465B23830903001CC647 /* AddRecordFormView.swift in Sources */ = {isa = PBXBuildFile; fileRef = 5C3F465A23830903001CC647 /* AddRecordFormView.swift */; };
		5C3F465D23830933001CC647 /* MultiplineTextField.swift in Sources */ = {isa = PBXBuildFile; fileRef = 5C3F465C23830933001CC647 /* MultiplineTextField.swift */; };
		5C3F466023830A83001CC647 /* RecordViewReducer.swift in Sources */ = {isa = PBXBuildFile; fileRef = 5C3F465F23830A83001CC647 /* RecordViewReducer.swift */; };
		5C3F466223830AD9001CC647 /* ConnectViewReducer.swift in Sources */ = {isa = PBXBuildFile; fileRef = 5C3F466123830AD9001CC647 /* ConnectViewReducer.swift */; };
		5C3F466523830D02001CC647 /* SettingsReducer.swift in Sources */ = {isa = PBXBuildFile; fileRef = 5C3F466423830D02001CC647 /* SettingsReducer.swift */; };
		5C3F4667238316CF001CC647 /* PostCardView.swift in Sources */ = {isa = PBXBuildFile; fileRef = 5C3F4666238316CF001CC647 /* PostCardView.swift */; };
		5C3F466923831AF8001CC647 /* PostDetailView.swift in Sources */ = {isa = PBXBuildFile; fileRef = 5C3F466823831AF8001CC647 /* PostDetailView.swift */; };
		5C4776A823A6DD3C00D114A1 /* UIColor+ThemeColor.swift in Sources */ = {isa = PBXBuildFile; fileRef = 5C80C9962374818D00996D91 /* UIColor+ThemeColor.swift */; };
		5C4776AA23A6DD9E00D114A1 /* Assets.xcassets in Resources */ = {isa = PBXBuildFile; fileRef = 5C80C96C23745F2900996D91 /* Assets.xcassets */; };
		5C4776AC23A71BBA00D114A1 /* ding-sound-effect_2.mp3 in Resources */ = {isa = PBXBuildFile; fileRef = 5C4776AB23A71BBA00D114A1 /* ding-sound-effect_2.mp3 */; };
		5C484D6A239D4B5B002D31D3 /* CaffeineEntry.swift in Sources */ = {isa = PBXBuildFile; fileRef = 5C484D69239D4B5B002D31D3 /* CaffeineEntry.swift */; };
		5C484D6C239D5255002D31D3 /* FluidVolumn.swift in Sources */ = {isa = PBXBuildFile; fileRef = 5C484D6B239D5255002D31D3 /* FluidVolumn.swift */; };
		5C484D70239D6B5C002D31D3 /* QGrid in Frameworks */ = {isa = PBXBuildFile; productRef = 5C484D6F239D6B5C002D31D3 /* QGrid */; };
		5C484D75239D6C73002D31D3 /* CaffeineEntries.json in Resources */ = {isa = PBXBuildFile; fileRef = 5C484D74239D6C73002D31D3 /* CaffeineEntries.json */; };
		5C484D77239D6E9E002D31D3 /* StaticDataService.swift in Sources */ = {isa = PBXBuildFile; fileRef = 5C484D76239D6E9E002D31D3 /* StaticDataService.swift */; };
		5C5201C82389DB4F004F5736 /* String+isBlank.swift in Sources */ = {isa = PBXBuildFile; fileRef = 5C5201C72389DB4F004F5736 /* String+isBlank.swift */; };
		5C5201CA2389DBF6004F5736 /* BrewViewWebservice.swift in Sources */ = {isa = PBXBuildFile; fileRef = 5C5201C92389DBF5004F5736 /* BrewViewWebservice.swift */; };
		5C587E6A23A32C8C008EFB11 /* PostPointAnnotation.swift in Sources */ = {isa = PBXBuildFile; fileRef = 5C587E6923A32C8C008EFB11 /* PostPointAnnotation.swift */; };
		5C587E6D23A33161008EFB11 /* RecordPointAnnotation.swift in Sources */ = {isa = PBXBuildFile; fileRef = 5C587E6C23A33161008EFB11 /* RecordPointAnnotation.swift */; };
		5C587E7023A342CD008EFB11 /* DefaultBrewGuides.json in Resources */ = {isa = PBXBuildFile; fileRef = 5C587E6F23A342CD008EFB11 /* DefaultBrewGuides.json */; };
		5C587E7323A3D59C008EFB11 /* FASwiftUI in Frameworks */ = {isa = PBXBuildFile; productRef = 5C587E7223A3D59C008EFB11 /* FASwiftUI */; };
		5C5F41182381E718005DBACE /* PostFormView.swift in Sources */ = {isa = PBXBuildFile; fileRef = 5C5F41172381E718005DBACE /* PostFormView.swift */; };
		5C6A926C2379291D006D8E0E /* ExploreMapView.swift in Sources */ = {isa = PBXBuildFile; fileRef = 5C6A926B2379291D006D8E0E /* ExploreMapView.swift */; };
		5C6A926E237929FF006D8E0E /* ExploreView.swift in Sources */ = {isa = PBXBuildFile; fileRef = 5C6A926D237929FF006D8E0E /* ExploreView.swift */; };
		5C6A927023792CDA006D8E0E /* BrewView.swift in Sources */ = {isa = PBXBuildFile; fileRef = 5C6A926F23792CDA006D8E0E /* BrewView.swift */; };
		5C80C96423745F2600996D91 /* AppDelegate.swift in Sources */ = {isa = PBXBuildFile; fileRef = 5C80C96323745F2600996D91 /* AppDelegate.swift */; };
		5C80C96623745F2600996D91 /* SceneDelegate.swift in Sources */ = {isa = PBXBuildFile; fileRef = 5C80C96523745F2600996D91 /* SceneDelegate.swift */; };
		5C80C96923745F2600996D91 /* CoffeeMaster.xcdatamodeld in Sources */ = {isa = PBXBuildFile; fileRef = 5C80C96723745F2600996D91 /* CoffeeMaster.xcdatamodeld */; };
		5C80C96B23745F2600996D91 /* ContentView.swift in Sources */ = {isa = PBXBuildFile; fileRef = 5C80C96A23745F2600996D91 /* ContentView.swift */; };
		5C80C96D23745F2900996D91 /* Assets.xcassets in Resources */ = {isa = PBXBuildFile; fileRef = 5C80C96C23745F2900996D91 /* Assets.xcassets */; };
		5C80C97023745F2900996D91 /* Preview Assets.xcassets in Resources */ = {isa = PBXBuildFile; fileRef = 5C80C96F23745F2900996D91 /* Preview Assets.xcassets */; };
		5C80C97323745F2900996D91 /* LaunchScreen.storyboard in Resources */ = {isa = PBXBuildFile; fileRef = 5C80C97123745F2900996D91 /* LaunchScreen.storyboard */; };
		5C80C989237462A100996D91 /* Store.swift in Sources */ = {isa = PBXBuildFile; fileRef = 5C80C988237462A100996D91 /* Store.swift */; };
		5C80C98B237462D900996D91 /* App.swift in Sources */ = {isa = PBXBuildFile; fileRef = 5C80C98A237462D900996D91 /* App.swift */; };
		5C80C98D2374631C00996D91 /* Dependencies.swift in Sources */ = {isa = PBXBuildFile; fileRef = 5C80C98C2374631C00996D91 /* Dependencies.swift */; };
		5C80C9972374818D00996D91 /* UIColor+ThemeColor.swift in Sources */ = {isa = PBXBuildFile; fileRef = 5C80C9962374818D00996D91 /* UIColor+ThemeColor.swift */; };
		5C88DF152396BF8500E2FD7F /* PermissionRequestService.swift in Sources */ = {isa = PBXBuildFile; fileRef = 5C88DF142396BF8500E2FD7F /* PermissionRequestService.swift */; };
		5C8F6E732381AEDC0010EE0E /* ConnectView.swift in Sources */ = {isa = PBXBuildFile; fileRef = 5C8F6E722381AEDC0010EE0E /* ConnectView.swift */; };
		5C8F6E752381B0420010EE0E /* RecordView.swift in Sources */ = {isa = PBXBuildFile; fileRef = 5C8F6E742381B0420010EE0E /* RecordView.swift */; };
		5C8F6E772381B5F70010EE0E /* State.swift in Sources */ = {isa = PBXBuildFile; fileRef = 5C8F6E762381B5F70010EE0E /* State.swift */; };
		5C8F6E792381B6840010EE0E /* Post.swift in Sources */ = {isa = PBXBuildFile; fileRef = 5C8F6E782381B6840010EE0E /* Post.swift */; };
		5C8F6E7B2381BC080010EE0E /* WebDatabaseQueryService.swift in Sources */ = {isa = PBXBuildFile; fileRef = 5C8F6E7A2381BC080010EE0E /* WebDatabaseQueryService.swift */; };
		5C9880052396B5F8003D4015 /* HealthKit.framework in Frameworks */ = {isa = PBXBuildFile; fileRef = 5C9880042396B5F8003D4015 /* HealthKit.framework */; };
		5C9C8011237F8C680060C10E /* Utilities.swift in Sources */ = {isa = PBXBuildFile; fileRef = 5C9C8010237F8C680060C10E /* Utilities.swift */; };
		5C9C8017237F917B0060C10E /* SignInWithAppleDelegates.swift in Sources */ = {isa = PBXBuildFile; fileRef = 5C9C8016237F917B0060C10E /* SignInWithAppleDelegates.swift */; };
		5C9C801D237FA4AF0060C10E /* EnvironmentWindowObject.swift in Sources */ = {isa = PBXBuildFile; fileRef = 5C9C801C237FA4AF0060C10E /* EnvironmentWindowObject.swift */; };
		5C9D973F23A19E80001300A9 /* Location.swift in Sources */ = {isa = PBXBuildFile; fileRef = 5C9D973E23A19E80001300A9 /* Location.swift */; };
		5C9D974123A1BB20001300A9 /* LocationCardView.swift in Sources */ = {isa = PBXBuildFile; fileRef = 5C9D974023A1BB20001300A9 /* LocationCardView.swift */; };
		5C9FCFFC23A55D71009EDFD5 /* BrewMethodPickerView.swift in Sources */ = {isa = PBXBuildFile; fileRef = 5C9FCFFB23A55D71009EDFD5 /* BrewMethodPickerView.swift */; };
		5CA626D423A2AF5800264EC3 /* LocationPickerListRowView.swift in Sources */ = {isa = PBXBuildFile; fileRef = 5CA626D323A2AF5800264EC3 /* LocationPickerListRowView.swift */; };
		5CA626D623A2B17900264EC3 /* ClearButtonModifier.swift in Sources */ = {isa = PBXBuildFile; fileRef = 5CA626D523A2B17900264EC3 /* ClearButtonModifier.swift */; };
		5CABF21E23A6813D00D32096 /* View+animate.swift in Sources */ = {isa = PBXBuildFile; fileRef = 5CABF21D23A6813D00D32096 /* View+animate.swift */; };
		5CABF22023A6817800D32096 /* AccentCircleTextViewModifier.swift in Sources */ = {isa = PBXBuildFile; fileRef = 5CABF21F23A6817800D32096 /* AccentCircleTextViewModifier.swift */; };
		5CABF22223A6819D00D32096 /* View+listSeparatorStyleNone.swift in Sources */ = {isa = PBXBuildFile; fileRef = 5CABF22123A6819D00D32096 /* View+listSeparatorStyleNone.swift */; };
		5CABF22423A681C100D32096 /* ListSeparatorStyleNoneModifier.swift in Sources */ = {isa = PBXBuildFile; fileRef = 5CABF22323A681C100D32096 /* ListSeparatorStyleNoneModifier.swift */; };
		5CABF22623A68F3900D32096 /* BrewStepConfigrueCoffeeRow.swift in Sources */ = {isa = PBXBuildFile; fileRef = 5CABF22523A68F3900D32096 /* BrewStepConfigrueCoffeeRow.swift */; };
		5CABF22823A6BC6500D32096 /* BrewStepConfigureWaterRow.swift in Sources */ = {isa = PBXBuildFile; fileRef = 5CABF22723A6BC6500D32096 /* BrewStepConfigureWaterRow.swift */; };
		5CABF22A23A6BF1000D32096 /* BrewStepRow.swift in Sources */ = {isa = PBXBuildFile; fileRef = 5CABF22923A6BF1000D32096 /* BrewStepRow.swift */; };
		5CC5DB4D239EE58800CFDDA4 /* LocationPickerView.swift in Sources */ = {isa = PBXBuildFile; fileRef = 5CC5DB4C239EE58800CFDDA4 /* LocationPickerView.swift */; };
		5CC5DB4F239EE5E100CFDDA4 /* ThemeMapView.swift in Sources */ = {isa = PBXBuildFile; fileRef = 5CC5DB4E239EE5E100CFDDA4 /* ThemeMapView.swift */; };
		5CD4B3DB238F14C100E5FB00 /* GoogleService-Info.plist in Resources */ = {isa = PBXBuildFile; fileRef = 5CD4B3DA238F14C100E5FB00 /* GoogleService-Info.plist */; };
		5CDA7721238B785F002E0ED5 /* BrewWeight.swift in Sources */ = {isa = PBXBuildFile; fileRef = 5CDA7720238B785F002E0ED5 /* BrewWeight.swift */; };
		5CDA7723238B7889002E0ED5 /* BrewTemperature.swift in Sources */ = {isa = PBXBuildFile; fileRef = 5CDA7722238B7889002E0ED5 /* BrewTemperature.swift */; };
		5CDA7725238B7B0D002E0ED5 /* SignInWithAppleView.swift in Sources */ = {isa = PBXBuildFile; fileRef = 5CDA7724238B7B0D002E0ED5 /* SignInWithAppleView.swift */; };
		5CDA7727238B8B24002E0ED5 /* RecordCardView.swift in Sources */ = {isa = PBXBuildFile; fileRef = 5CDA7726238B8B24002E0ED5 /* RecordCardView.swift */; };
		5CDA772A238B927F002E0ED5 /* BrewGuide.swift in Sources */ = {isa = PBXBuildFile; fileRef = 5CDA7729238B927F002E0ED5 /* BrewGuide.swift */; };
		5CE4FC4F23A7387600D49E2A /* CoffeeVariationCell.swift in Sources */ = {isa = PBXBuildFile; fileRef = 5CE4FC4E23A7387600D49E2A /* CoffeeVariationCell.swift */; };
		5CE62D222399DA5B00BAE012 /* BrewStepScrollDisplayView.swift in Sources */ = {isa = PBXBuildFile; fileRef = 5CE62D212399DA5B00BAE012 /* BrewStepScrollDisplayView.swift */; };
		5CE62D242399F87800BAE012 /* OffsetScrollView.swift in Sources */ = {isa = PBXBuildFile; fileRef = 5CE62D232399F87800BAE012 /* OffsetScrollView.swift */; };
		5CE63736238DA17D00C1DC49 /* BrewStepType.swift in Sources */ = {isa = PBXBuildFile; fileRef = 5CE63735238DA17D00C1DC49 /* BrewStepType.swift */; };
		5CE63738238DA1C600C1DC49 /* BrewToolsPicker.swift in Sources */ = {isa = PBXBuildFile; fileRef = 5CE63737238DA1C600C1DC49 /* BrewToolsPicker.swift */; };
		5CE6373A238DAA8500C1DC49 /* CoffeeBeanType.swift in Sources */ = {isa = PBXBuildFile; fileRef = 5CE63739238DAA8500C1DC49 /* CoffeeBeanType.swift */; };
		5CE6373C238DB67000C1DC49 /* CoffeeBeanSizeGrade.swift in Sources */ = {isa = PBXBuildFile; fileRef = 5CE6373B238DB67000C1DC49 /* CoffeeBeanSizeGrade.swift */; };
		5CE6373E238DB68500C1DC49 /* CoffeeBeanRoastingStage.swift in Sources */ = {isa = PBXBuildFile; fileRef = 5CE6373D238DB68500C1DC49 /* CoffeeBeanRoastingStage.swift */; };
		5CE63740238DB69D00C1DC49 /* CoffeeRoasterType.swift in Sources */ = {isa = PBXBuildFile; fileRef = 5CE6373F238DB69D00C1DC49 /* CoffeeRoasterType.swift */; };
		5CE63742238DB6B100C1DC49 /* CoffeeTastingTraits.swift in Sources */ = {isa = PBXBuildFile; fileRef = 5CE63741238DB6B100C1DC49 /* CoffeeTastingTraits.swift */; };
		5CE63744238DB6DE00C1DC49 /* CoffeeOrigin.swift in Sources */ = {isa = PBXBuildFile; fileRef = 5CE63743238DB6DE00C1DC49 /* CoffeeOrigin.swift */; };
		5CE8457F23836B950086EFC8 /* BrewMethod.swift in Sources */ = {isa = PBXBuildFile; fileRef = 5CE8457E23836B950086EFC8 /* BrewMethod.swift */; };
		5CE9C16223A6D545001AEDD6 /* BrewGuideCardView.swift in Sources */ = {isa = PBXBuildFile; fileRef = 5CE9C16123A6D545001AEDD6 /* BrewGuideCardView.swift */; };
		5CEEC7B5237EFBEA00E3BDB0 /* Localizable.strings in Resources */ = {isa = PBXBuildFile; fileRef = 5CEEC7B7237EFBEA00E3BDB0 /* Localizable.strings */; };
		5CEEC7BC237F052800E3BDB0 /* SettingsView.swift in Sources */ = {isa = PBXBuildFile; fileRef = 5CEEC7BB237F052800E3BDB0 /* SettingsView.swift */; };
		5CF20A8F23904E6F00632A05 /* ImagePicker.swift in Sources */ = {isa = PBXBuildFile; fileRef = 5CF20A8E23904E6F00632A05 /* ImagePicker.swift */; };
		5CF20A932390531D00632A05 /* BrewGuideExpensionViewController.swift in Sources */ = {isa = PBXBuildFile; fileRef = 5CF20A922390531D00632A05 /* BrewGuideExpensionViewController.swift */; };
		5CF20A982390545000632A05 /* GridStack.swift in Sources */ = {isa = PBXBuildFile; fileRef = 5CF20A952390545000632A05 /* GridStack.swift */; };
		5CF20A992390545000632A05 /* GridCalculator.swift in Sources */ = {isa = PBXBuildFile; fileRef = 5CF20A962390545000632A05 /* GridCalculator.swift */; };
		5CF20A9A2390545000632A05 /* Array+chunked.swift in Sources */ = {isa = PBXBuildFile; fileRef = 5CF20A972390545000632A05 /* Array+chunked.swift */; };
		5CF78BD3238DF2330063CA13 /* CoffeeCollection.swift in Sources */ = {isa = PBXBuildFile; fileRef = 5CF78BD2238DF2330063CA13 /* CoffeeCollection.swift */; };
		5CF78BD5238DFC390063CA13 /* UserDataWebDatabaseService.swift in Sources */ = {isa = PBXBuildFile; fileRef = 5CF78BD4238DFC390063CA13 /* UserDataWebDatabaseService.swift */; };
		5CFE991A2396CD0E00F78FE2 /* NotificationCenter.framework in Frameworks */ = {isa = PBXBuildFile; fileRef = 5CFE99192396CD0E00F78FE2 /* NotificationCenter.framework */; };
		5CFE991D2396CD0E00F78FE2 /* TodayViewController.swift in Sources */ = {isa = PBXBuildFile; fileRef = 5CFE991C2396CD0E00F78FE2 /* TodayViewController.swift */; };
		5CFE99202396CD0E00F78FE2 /* MainInterface.storyboard in Resources */ = {isa = PBXBuildFile; fileRef = 5CFE991E2396CD0E00F78FE2 /* MainInterface.storyboard */; };
		5CFE99242396CD0E00F78FE2 /* Coffee Master Widget.appex in Embed App Extensions */ = {isa = PBXBuildFile; fileRef = 5CFE99182396CD0E00F78FE2 /* Coffee Master Widget.appex */; settings = {ATTRIBUTES = (RemoveHeadersOnCopy, ); }; };
		5CFE992A23970FBD00F78FE2 /* WidgetView.swift in Sources */ = {isa = PBXBuildFile; fileRef = 5CFE992923970FBD00F78FE2 /* WidgetView.swift */; };
		A2C7E26F11D67E33D09F631C /* Pods_CoffeeMaster.framework in Frameworks */ = {isa = PBXBuildFile; fileRef = 8B82AD18B5B9220DD7C56DD0 /* Pods_CoffeeMaster.framework */; };
/* End PBXBuildFile section */

/* Begin PBXContainerItemProxy section */
		5CFE99222396CD0E00F78FE2 /* PBXContainerItemProxy */ = {
			isa = PBXContainerItemProxy;
			containerPortal = 5C80C95823745F2600996D91 /* Project object */;
			proxyType = 1;
			remoteGlobalIDString = 5CFE99172396CD0E00F78FE2;
			remoteInfo = "Coffee Master Widget";
		};
/* End PBXContainerItemProxy section */

/* Begin PBXCopyFilesBuildPhase section */
		5CE62D182399BEBD00BAE012 /* Embed Watch Content */ = {
			isa = PBXCopyFilesBuildPhase;
			buildActionMask = 2147483647;
			dstPath = "$(CONTENTS_FOLDER_PATH)/Watch";
			dstSubfolderSpec = 16;
			files = (
			);
			name = "Embed Watch Content";
			runOnlyForDeploymentPostprocessing = 0;
		};
		5CE8457D238351190086EFC8 /* Embed Frameworks */ = {
			isa = PBXCopyFilesBuildPhase;
			buildActionMask = 2147483647;
			dstPath = "";
			dstSubfolderSpec = 10;
			files = (
			);
			name = "Embed Frameworks";
			runOnlyForDeploymentPostprocessing = 0;
		};
		5CFE99252396CD0E00F78FE2 /* Embed App Extensions */ = {
			isa = PBXCopyFilesBuildPhase;
			buildActionMask = 2147483647;
			dstPath = "";
			dstSubfolderSpec = 13;
			files = (
				5CFE99242396CD0E00F78FE2 /* Coffee Master Widget.appex in Embed App Extensions */,
			);
			name = "Embed App Extensions";
			runOnlyForDeploymentPostprocessing = 0;
		};
/* End PBXCopyFilesBuildPhase section */

/* Begin PBXFileReference section */
		008E8C2E916D5CACEE161D7D /* Pods-CoffeeMasterTests.release.xcconfig */ = {isa = PBXFileReference; includeInIndex = 1; lastKnownFileType = text.xcconfig; name = "Pods-CoffeeMasterTests.release.xcconfig"; path = "Target Support Files/Pods-CoffeeMasterTests/Pods-CoffeeMasterTests.release.xcconfig"; sourceTree = "<group>"; };
		3D19A749EB0D27D15943AA98 /* Pods-CoffeeMasterTests.debug.xcconfig */ = {isa = PBXFileReference; includeInIndex = 1; lastKnownFileType = text.xcconfig; name = "Pods-CoffeeMasterTests.debug.xcconfig"; path = "Target Support Files/Pods-CoffeeMasterTests/Pods-CoffeeMasterTests.debug.xcconfig"; sourceTree = "<group>"; };
		5C02EB262385F8AB002A7A1E /* UIKitTabView.swift */ = {isa = PBXFileReference; lastKnownFileType = sourcecode.swift; path = UIKitTabView.swift; sourceTree = "<group>"; };
		5C02EB28238610D3002A7A1E /* BrewViewReducer.swift */ = {isa = PBXFileReference; lastKnownFileType = sourcecode.swift; path = BrewViewReducer.swift; sourceTree = "<group>"; };
		5C02EB2A238612F0002A7A1E /* AddBrewGuideView.swift */ = {isa = PBXFileReference; lastKnownFileType = sourcecode.swift; path = AddBrewGuideView.swift; sourceTree = "<group>"; };
		5C02EB2C238661FD002A7A1E /* ConfigureGrindCoffeeView.swift */ = {isa = PBXFileReference; lastKnownFileType = sourcecode.swift; path = ConfigureGrindCoffeeView.swift; sourceTree = "<group>"; };
		5C02EB2E23866209002A7A1E /* ConfigureBoilWaterView.swift */ = {isa = PBXFileReference; lastKnownFileType = sourcecode.swift; path = ConfigureBoilWaterView.swift; sourceTree = "<group>"; };
		5C02EB30238713B7002A7A1E /* DecimalTextField.swift */ = {isa = PBXFileReference; lastKnownFileType = sourcecode.swift; path = DecimalTextField.swift; sourceTree = "<group>"; };
		5C02EB322387785A002A7A1E /* KeyboardGuard.swift */ = {isa = PBXFileReference; lastKnownFileType = sourcecode.swift; path = KeyboardGuard.swift; sourceTree = "<group>"; };
		5C02EB342387A97B002A7A1E /* AddBrewStepView.swift */ = {isa = PBXFileReference; lastKnownFileType = sourcecode.swift; path = AddBrewStepView.swift; sourceTree = "<group>"; };
		5C02EB362388E1FC002A7A1E /* ConnectViewWebDatabaseService.swift */ = {isa = PBXFileReference; lastKnownFileType = sourcecode.swift; path = ConnectViewWebDatabaseService.swift; sourceTree = "<group>"; };
		5C02EB4F2388E5FA002A7A1E /* RecordViewWebService.swift */ = {isa = PBXFileReference; lastKnownFileType = sourcecode.swift; path = RecordViewWebService.swift; sourceTree = "<group>"; };
		5C0C26982391D58A00F27180 /* NoteDetailView.swift */ = {isa = PBXFileReference; lastKnownFileType = sourcecode.swift; path = NoteDetailView.swift; sourceTree = "<group>"; };
		5C0D0F482384508800FA7952 /* BrewGuideDetailView.swift */ = {isa = PBXFileReference; lastKnownFileType = sourcecode.swift; path = BrewGuideDetailView.swift; sourceTree = "<group>"; };
		5C14B29423A6793100C9C156 /* EnvironmentManager.swift */ = {isa = PBXFileReference; lastKnownFileType = sourcecode.swift; path = EnvironmentManager.swift; sourceTree = "<group>"; };
		5C25798123837BA200976AE1 /* BrewStep.swift */ = {isa = PBXFileReference; lastKnownFileType = sourcecode.swift; path = BrewStep.swift; sourceTree = "<group>"; };
		5C2579892383887900976AE1 /* DefaultBrewingMethods.swift */ = {isa = PBXFileReference; lastKnownFileType = sourcecode.swift; path = DefaultBrewingMethods.swift; sourceTree = "<group>"; };
		5C25FA42237F314B0082CFBD /* String+Bundle+Localization.swift */ = {isa = PBXFileReference; lastKnownFileType = sourcecode.swift; path = "String+Bundle+Localization.swift"; sourceTree = "<group>"; };
		5C25FA44237F385C0082CFBD /* EnvironmentService.swift */ = {isa = PBXFileReference; lastKnownFileType = sourcecode.swift; path = EnvironmentService.swift; sourceTree = "<group>"; };
		5C25FAF6237F83EC0082CFBD /* CoffeeMaster.entitlements */ = {isa = PBXFileReference; lastKnownFileType = text.plist.entitlements; path = CoffeeMaster.entitlements; sourceTree = "<group>"; };
		5C271E2323A414FF00158160 /* Font Awesome 5 Free-Regular-400.otf */ = {isa = PBXFileReference; lastKnownFileType = file; name = "Font Awesome 5 Free-Regular-400.otf"; path = "CoffeeMaster/Font Awesome 5 Free-Regular-400.otf"; sourceTree = SOURCE_ROOT; };
		5C271E2423A414FF00158160 /* icons.json */ = {isa = PBXFileReference; fileEncoding = 4; lastKnownFileType = text.json; name = icons.json; path = CoffeeMaster/icons.json; sourceTree = SOURCE_ROOT; };
		5C271E2523A414FF00158160 /* Font Awesome 5 Brands-Regular-400.otf */ = {isa = PBXFileReference; lastKnownFileType = file; name = "Font Awesome 5 Brands-Regular-400.otf"; path = "CoffeeMaster/Font Awesome 5 Brands-Regular-400.otf"; sourceTree = SOURCE_ROOT; };
		5C271E2623A414FF00158160 /* Font Awesome 5 Free-Solid-900.otf */ = {isa = PBXFileReference; lastKnownFileType = file; name = "Font Awesome 5 Free-Solid-900.otf"; path = "CoffeeMaster/Font Awesome 5 Free-Solid-900.otf"; sourceTree = SOURCE_ROOT; };
		5C2E476923960FB80064226A /* BrewGuideTimerInstructionView.swift */ = {isa = PBXFileReference; lastKnownFileType = sourcecode.swift; path = BrewGuideTimerInstructionView.swift; sourceTree = "<group>"; };
		5C2E476D23962C1A0064226A /* StopWatch.swift */ = {isa = PBXFileReference; lastKnownFileType = sourcecode.swift; path = StopWatch.swift; sourceTree = "<group>"; };
		5C2F6A21239D4A16004E8459 /* CaffeineTrackerView.swift */ = {isa = PBXFileReference; lastKnownFileType = sourcecode.swift; path = CaffeineTrackerView.swift; sourceTree = "<group>"; };
		5C2FEFAC239D963D000C4854 /* CaffeineRecord.swift */ = {isa = PBXFileReference; lastKnownFileType = sourcecode.swift; path = CaffeineRecord.swift; sourceTree = "<group>"; };
		5C2FEFAE239DAFB2000C4854 /* Coffee Master Widget.entitlements */ = {isa = PBXFileReference; lastKnownFileType = text.plist.entitlements; path = "Coffee Master Widget.entitlements"; sourceTree = "<group>"; };
		5C3F46572382D219001CC647 /* Record.swift */ = {isa = PBXFileReference; lastKnownFileType = sourcecode.swift; path = Record.swift; sourceTree = "<group>"; };
		5C3F465A23830903001CC647 /* AddRecordFormView.swift */ = {isa = PBXFileReference; lastKnownFileType = sourcecode.swift; path = AddRecordFormView.swift; sourceTree = "<group>"; };
		5C3F465C23830933001CC647 /* MultiplineTextField.swift */ = {isa = PBXFileReference; lastKnownFileType = sourcecode.swift; path = MultiplineTextField.swift; sourceTree = "<group>"; };
		5C3F465F23830A83001CC647 /* RecordViewReducer.swift */ = {isa = PBXFileReference; lastKnownFileType = sourcecode.swift; path = RecordViewReducer.swift; sourceTree = "<group>"; };
		5C3F466123830AD9001CC647 /* ConnectViewReducer.swift */ = {isa = PBXFileReference; lastKnownFileType = sourcecode.swift; path = ConnectViewReducer.swift; sourceTree = "<group>"; };
		5C3F466423830D02001CC647 /* SettingsReducer.swift */ = {isa = PBXFileReference; lastKnownFileType = sourcecode.swift; path = SettingsReducer.swift; sourceTree = "<group>"; };
		5C3F4666238316CF001CC647 /* PostCardView.swift */ = {isa = PBXFileReference; lastKnownFileType = sourcecode.swift; path = PostCardView.swift; sourceTree = "<group>"; };
		5C3F466823831AF8001CC647 /* PostDetailView.swift */ = {isa = PBXFileReference; lastKnownFileType = sourcecode.swift; path = PostDetailView.swift; sourceTree = "<group>"; };
		5C4776AB23A71BBA00D114A1 /* ding-sound-effect_2.mp3 */ = {isa = PBXFileReference; lastKnownFileType = audio.mp3; path = "ding-sound-effect_2.mp3"; sourceTree = "<group>"; };
		5C484D69239D4B5B002D31D3 /* CaffeineEntry.swift */ = {isa = PBXFileReference; lastKnownFileType = sourcecode.swift; path = CaffeineEntry.swift; sourceTree = "<group>"; };
		5C484D6B239D5255002D31D3 /* FluidVolumn.swift */ = {isa = PBXFileReference; lastKnownFileType = sourcecode.swift; path = FluidVolumn.swift; sourceTree = "<group>"; };
		5C484D74239D6C73002D31D3 /* CaffeineEntries.json */ = {isa = PBXFileReference; lastKnownFileType = text.json; path = CaffeineEntries.json; sourceTree = "<group>"; };
		5C484D76239D6E9E002D31D3 /* StaticDataService.swift */ = {isa = PBXFileReference; lastKnownFileType = sourcecode.swift; path = StaticDataService.swift; sourceTree = "<group>"; };
		5C5201C72389DB4F004F5736 /* String+isBlank.swift */ = {isa = PBXFileReference; lastKnownFileType = sourcecode.swift; path = "String+isBlank.swift"; sourceTree = "<group>"; };
		5C5201C92389DBF5004F5736 /* BrewViewWebservice.swift */ = {isa = PBXFileReference; lastKnownFileType = sourcecode.swift; path = BrewViewWebservice.swift; sourceTree = "<group>"; };
		5C587E6923A32C8C008EFB11 /* PostPointAnnotation.swift */ = {isa = PBXFileReference; lastKnownFileType = sourcecode.swift; path = PostPointAnnotation.swift; sourceTree = "<group>"; };
		5C587E6C23A33161008EFB11 /* RecordPointAnnotation.swift */ = {isa = PBXFileReference; lastKnownFileType = sourcecode.swift; path = RecordPointAnnotation.swift; sourceTree = "<group>"; };
		5C587E6F23A342CD008EFB11 /* DefaultBrewGuides.json */ = {isa = PBXFileReference; lastKnownFileType = text.json; path = DefaultBrewGuides.json; sourceTree = "<group>"; };
		5C5F41172381E718005DBACE /* PostFormView.swift */ = {isa = PBXFileReference; lastKnownFileType = sourcecode.swift; path = PostFormView.swift; sourceTree = "<group>"; };
		5C6A926B2379291D006D8E0E /* ExploreMapView.swift */ = {isa = PBXFileReference; lastKnownFileType = sourcecode.swift; path = ExploreMapView.swift; sourceTree = "<group>"; };
		5C6A926D237929FF006D8E0E /* ExploreView.swift */ = {isa = PBXFileReference; lastKnownFileType = sourcecode.swift; path = ExploreView.swift; sourceTree = "<group>"; };
		5C6A926F23792CDA006D8E0E /* BrewView.swift */ = {isa = PBXFileReference; lastKnownFileType = sourcecode.swift; path = BrewView.swift; sourceTree = "<group>"; };
		5C80C96023745F2600996D91 /* CoffeeMaster.app */ = {isa = PBXFileReference; explicitFileType = wrapper.application; includeInIndex = 0; path = CoffeeMaster.app; sourceTree = BUILT_PRODUCTS_DIR; };
		5C80C96323745F2600996D91 /* AppDelegate.swift */ = {isa = PBXFileReference; lastKnownFileType = sourcecode.swift; path = AppDelegate.swift; sourceTree = "<group>"; };
		5C80C96523745F2600996D91 /* SceneDelegate.swift */ = {isa = PBXFileReference; lastKnownFileType = sourcecode.swift; path = SceneDelegate.swift; sourceTree = "<group>"; };
		5C80C96823745F2600996D91 /* CoffeeMaster.xcdatamodel */ = {isa = PBXFileReference; lastKnownFileType = wrapper.xcdatamodel; path = CoffeeMaster.xcdatamodel; sourceTree = "<group>"; };
		5C80C96A23745F2600996D91 /* ContentView.swift */ = {isa = PBXFileReference; lastKnownFileType = sourcecode.swift; path = ContentView.swift; sourceTree = "<group>"; };
		5C80C96C23745F2900996D91 /* Assets.xcassets */ = {isa = PBXFileReference; lastKnownFileType = folder.assetcatalog; path = Assets.xcassets; sourceTree = "<group>"; };
		5C80C96F23745F2900996D91 /* Preview Assets.xcassets */ = {isa = PBXFileReference; lastKnownFileType = folder.assetcatalog; path = "Preview Assets.xcassets"; sourceTree = "<group>"; };
		5C80C97223745F2900996D91 /* Base */ = {isa = PBXFileReference; lastKnownFileType = file.storyboard; name = Base; path = Base.lproj/LaunchScreen.storyboard; sourceTree = "<group>"; };
		5C80C97423745F2900996D91 /* Info.plist */ = {isa = PBXFileReference; lastKnownFileType = text.plist.xml; path = Info.plist; sourceTree = "<group>"; };
		5C80C988237462A100996D91 /* Store.swift */ = {isa = PBXFileReference; lastKnownFileType = sourcecode.swift; path = Store.swift; sourceTree = "<group>"; };
		5C80C98A237462D900996D91 /* App.swift */ = {isa = PBXFileReference; lastKnownFileType = sourcecode.swift; path = App.swift; sourceTree = "<group>"; };
		5C80C98C2374631C00996D91 /* Dependencies.swift */ = {isa = PBXFileReference; lastKnownFileType = sourcecode.swift; path = Dependencies.swift; sourceTree = "<group>"; };
		5C80C9962374818D00996D91 /* UIColor+ThemeColor.swift */ = {isa = PBXFileReference; lastKnownFileType = sourcecode.swift; path = "UIColor+ThemeColor.swift"; sourceTree = "<group>"; };
		5C88DF142396BF8500E2FD7F /* PermissionRequestService.swift */ = {isa = PBXFileReference; lastKnownFileType = sourcecode.swift; path = PermissionRequestService.swift; sourceTree = "<group>"; };
		5C8F6E722381AEDC0010EE0E /* ConnectView.swift */ = {isa = PBXFileReference; lastKnownFileType = sourcecode.swift; path = ConnectView.swift; sourceTree = "<group>"; };
		5C8F6E742381B0420010EE0E /* RecordView.swift */ = {isa = PBXFileReference; lastKnownFileType = sourcecode.swift; path = RecordView.swift; sourceTree = "<group>"; };
		5C8F6E762381B5F70010EE0E /* State.swift */ = {isa = PBXFileReference; lastKnownFileType = sourcecode.swift; path = State.swift; sourceTree = "<group>"; };
		5C8F6E782381B6840010EE0E /* Post.swift */ = {isa = PBXFileReference; lastKnownFileType = sourcecode.swift; path = Post.swift; sourceTree = "<group>"; };
		5C8F6E7A2381BC080010EE0E /* WebDatabaseQueryService.swift */ = {isa = PBXFileReference; lastKnownFileType = sourcecode.swift; path = WebDatabaseQueryService.swift; sourceTree = "<group>"; };
		5C9880042396B5F8003D4015 /* HealthKit.framework */ = {isa = PBXFileReference; lastKnownFileType = wrapper.framework; name = HealthKit.framework; path = System/Library/Frameworks/HealthKit.framework; sourceTree = SDKROOT; };
		5C9C8010237F8C680060C10E /* Utilities.swift */ = {isa = PBXFileReference; lastKnownFileType = sourcecode.swift; path = Utilities.swift; sourceTree = "<group>"; };
		5C9C8016237F917B0060C10E /* SignInWithAppleDelegates.swift */ = {isa = PBXFileReference; lastKnownFileType = sourcecode.swift; path = SignInWithAppleDelegates.swift; sourceTree = "<group>"; };
		5C9C801C237FA4AF0060C10E /* EnvironmentWindowObject.swift */ = {isa = PBXFileReference; lastKnownFileType = sourcecode.swift; path = EnvironmentWindowObject.swift; sourceTree = "<group>"; };
		5C9D973E23A19E80001300A9 /* Location.swift */ = {isa = PBXFileReference; lastKnownFileType = sourcecode.swift; path = Location.swift; sourceTree = "<group>"; };
		5C9D974023A1BB20001300A9 /* LocationCardView.swift */ = {isa = PBXFileReference; lastKnownFileType = sourcecode.swift; path = LocationCardView.swift; sourceTree = "<group>"; };
		5C9FCFFB23A55D71009EDFD5 /* BrewMethodPickerView.swift */ = {isa = PBXFileReference; lastKnownFileType = sourcecode.swift; path = BrewMethodPickerView.swift; sourceTree = "<group>"; };
		5CA626D323A2AF5800264EC3 /* LocationPickerListRowView.swift */ = {isa = PBXFileReference; lastKnownFileType = sourcecode.swift; path = LocationPickerListRowView.swift; sourceTree = "<group>"; };
		5CA626D523A2B17900264EC3 /* ClearButtonModifier.swift */ = {isa = PBXFileReference; lastKnownFileType = sourcecode.swift; path = ClearButtonModifier.swift; sourceTree = "<group>"; };
		5CABF21D23A6813D00D32096 /* View+animate.swift */ = {isa = PBXFileReference; lastKnownFileType = sourcecode.swift; path = "View+animate.swift"; sourceTree = "<group>"; };
		5CABF21F23A6817800D32096 /* AccentCircleTextViewModifier.swift */ = {isa = PBXFileReference; lastKnownFileType = sourcecode.swift; path = AccentCircleTextViewModifier.swift; sourceTree = "<group>"; };
		5CABF22123A6819D00D32096 /* View+listSeparatorStyleNone.swift */ = {isa = PBXFileReference; lastKnownFileType = sourcecode.swift; path = "View+listSeparatorStyleNone.swift"; sourceTree = "<group>"; };
		5CABF22323A681C100D32096 /* ListSeparatorStyleNoneModifier.swift */ = {isa = PBXFileReference; lastKnownFileType = sourcecode.swift; path = ListSeparatorStyleNoneModifier.swift; sourceTree = "<group>"; };
		5CABF22523A68F3900D32096 /* BrewStepConfigrueCoffeeRow.swift */ = {isa = PBXFileReference; lastKnownFileType = sourcecode.swift; path = BrewStepConfigrueCoffeeRow.swift; sourceTree = "<group>"; };
		5CABF22723A6BC6500D32096 /* BrewStepConfigureWaterRow.swift */ = {isa = PBXFileReference; lastKnownFileType = sourcecode.swift; path = BrewStepConfigureWaterRow.swift; sourceTree = "<group>"; };
		5CABF22923A6BF1000D32096 /* BrewStepRow.swift */ = {isa = PBXFileReference; lastKnownFileType = sourcecode.swift; path = BrewStepRow.swift; sourceTree = "<group>"; };
		5CC5DB4C239EE58800CFDDA4 /* LocationPickerView.swift */ = {isa = PBXFileReference; lastKnownFileType = sourcecode.swift; path = LocationPickerView.swift; sourceTree = "<group>"; };
		5CC5DB4E239EE5E100CFDDA4 /* ThemeMapView.swift */ = {isa = PBXFileReference; lastKnownFileType = sourcecode.swift; path = ThemeMapView.swift; sourceTree = "<group>"; };
		5CD4B3DA238F14C100E5FB00 /* GoogleService-Info.plist */ = {isa = PBXFileReference; lastKnownFileType = text.plist; name = "GoogleService-Info.plist"; path = "CoffeeMaster/GoogleService-Info.plist"; sourceTree = SOURCE_ROOT; };
		5CDA7720238B785F002E0ED5 /* BrewWeight.swift */ = {isa = PBXFileReference; lastKnownFileType = sourcecode.swift; path = BrewWeight.swift; sourceTree = "<group>"; };
		5CDA7722238B7889002E0ED5 /* BrewTemperature.swift */ = {isa = PBXFileReference; lastKnownFileType = sourcecode.swift; path = BrewTemperature.swift; sourceTree = "<group>"; };
		5CDA7724238B7B0D002E0ED5 /* SignInWithAppleView.swift */ = {isa = PBXFileReference; lastKnownFileType = sourcecode.swift; path = SignInWithAppleView.swift; sourceTree = "<group>"; };
		5CDA7726238B8B24002E0ED5 /* RecordCardView.swift */ = {isa = PBXFileReference; lastKnownFileType = sourcecode.swift; path = RecordCardView.swift; sourceTree = "<group>"; };
		5CDA7729238B927F002E0ED5 /* BrewGuide.swift */ = {isa = PBXFileReference; lastKnownFileType = sourcecode.swift; path = BrewGuide.swift; sourceTree = "<group>"; };
		5CE4FC4E23A7387600D49E2A /* CoffeeVariationCell.swift */ = {isa = PBXFileReference; lastKnownFileType = sourcecode.swift; path = CoffeeVariationCell.swift; sourceTree = "<group>"; };
		5CE62D212399DA5B00BAE012 /* BrewStepScrollDisplayView.swift */ = {isa = PBXFileReference; lastKnownFileType = sourcecode.swift; path = BrewStepScrollDisplayView.swift; sourceTree = "<group>"; };
		5CE62D232399F87800BAE012 /* OffsetScrollView.swift */ = {isa = PBXFileReference; lastKnownFileType = sourcecode.swift; path = OffsetScrollView.swift; sourceTree = "<group>"; };
		5CE63735238DA17D00C1DC49 /* BrewStepType.swift */ = {isa = PBXFileReference; lastKnownFileType = sourcecode.swift; path = BrewStepType.swift; sourceTree = "<group>"; };
		5CE63737238DA1C600C1DC49 /* BrewToolsPicker.swift */ = {isa = PBXFileReference; lastKnownFileType = sourcecode.swift; path = BrewToolsPicker.swift; sourceTree = "<group>"; };
		5CE63739238DAA8500C1DC49 /* CoffeeBeanType.swift */ = {isa = PBXFileReference; lastKnownFileType = sourcecode.swift; path = CoffeeBeanType.swift; sourceTree = "<group>"; };
		5CE6373B238DB67000C1DC49 /* CoffeeBeanSizeGrade.swift */ = {isa = PBXFileReference; lastKnownFileType = sourcecode.swift; path = CoffeeBeanSizeGrade.swift; sourceTree = "<group>"; };
		5CE6373D238DB68500C1DC49 /* CoffeeBeanRoastingStage.swift */ = {isa = PBXFileReference; lastKnownFileType = sourcecode.swift; path = CoffeeBeanRoastingStage.swift; sourceTree = "<group>"; };
		5CE6373F238DB69D00C1DC49 /* CoffeeRoasterType.swift */ = {isa = PBXFileReference; lastKnownFileType = sourcecode.swift; path = CoffeeRoasterType.swift; sourceTree = "<group>"; };
		5CE63741238DB6B100C1DC49 /* CoffeeTastingTraits.swift */ = {isa = PBXFileReference; lastKnownFileType = sourcecode.swift; path = CoffeeTastingTraits.swift; sourceTree = "<group>"; };
		5CE63743238DB6DE00C1DC49 /* CoffeeOrigin.swift */ = {isa = PBXFileReference; lastKnownFileType = sourcecode.swift; path = CoffeeOrigin.swift; sourceTree = "<group>"; };
		5CE8457E23836B950086EFC8 /* BrewMethod.swift */ = {isa = PBXFileReference; lastKnownFileType = sourcecode.swift; path = BrewMethod.swift; sourceTree = "<group>"; };
		5CE9C16123A6D545001AEDD6 /* BrewGuideCardView.swift */ = {isa = PBXFileReference; lastKnownFileType = sourcecode.swift; path = BrewGuideCardView.swift; sourceTree = "<group>"; };
		5CEEC7B2237EF63900E3BDB0 /* zh-Hans */ = {isa = PBXFileReference; lastKnownFileType = text.plist.strings; name = "zh-Hans"; path = "zh-Hans.lproj/LaunchScreen.strings"; sourceTree = "<group>"; };
		5CEEC7B6237EFBEA00E3BDB0 /* en */ = {isa = PBXFileReference; lastKnownFileType = text.plist.strings; name = en; path = en.lproj/Localizable.strings; sourceTree = "<group>"; };
		5CEEC7B8237EFBEF00E3BDB0 /* zh-Hans */ = {isa = PBXFileReference; lastKnownFileType = text.plist.strings; name = "zh-Hans"; path = "zh-Hans.lproj/Localizable.strings"; sourceTree = "<group>"; };
		5CEEC7BB237F052800E3BDB0 /* SettingsView.swift */ = {isa = PBXFileReference; lastKnownFileType = sourcecode.swift; path = SettingsView.swift; sourceTree = "<group>"; };
		5CF20A8E23904E6F00632A05 /* ImagePicker.swift */ = {isa = PBXFileReference; lastKnownFileType = sourcecode.swift; path = ImagePicker.swift; sourceTree = "<group>"; };
		5CF20A922390531D00632A05 /* BrewGuideExpensionViewController.swift */ = {isa = PBXFileReference; lastKnownFileType = sourcecode.swift; path = BrewGuideExpensionViewController.swift; sourceTree = "<group>"; };
		5CF20A952390545000632A05 /* GridStack.swift */ = {isa = PBXFileReference; fileEncoding = 4; lastKnownFileType = sourcecode.swift; path = GridStack.swift; sourceTree = "<group>"; };
		5CF20A962390545000632A05 /* GridCalculator.swift */ = {isa = PBXFileReference; fileEncoding = 4; lastKnownFileType = sourcecode.swift; path = GridCalculator.swift; sourceTree = "<group>"; };
		5CF20A972390545000632A05 /* Array+chunked.swift */ = {isa = PBXFileReference; fileEncoding = 4; lastKnownFileType = sourcecode.swift; path = "Array+chunked.swift"; sourceTree = "<group>"; };
		5CF78BD2238DF2330063CA13 /* CoffeeCollection.swift */ = {isa = PBXFileReference; lastKnownFileType = sourcecode.swift; path = CoffeeCollection.swift; sourceTree = "<group>"; };
		5CF78BD4238DFC390063CA13 /* UserDataWebDatabaseService.swift */ = {isa = PBXFileReference; lastKnownFileType = sourcecode.swift; path = UserDataWebDatabaseService.swift; sourceTree = "<group>"; };
		5CFE99182396CD0E00F78FE2 /* Coffee Master Widget.appex */ = {isa = PBXFileReference; explicitFileType = "wrapper.app-extension"; includeInIndex = 0; path = "Coffee Master Widget.appex"; sourceTree = BUILT_PRODUCTS_DIR; };
		5CFE99192396CD0E00F78FE2 /* NotificationCenter.framework */ = {isa = PBXFileReference; lastKnownFileType = wrapper.framework; name = NotificationCenter.framework; path = System/Library/Frameworks/NotificationCenter.framework; sourceTree = SDKROOT; };
		5CFE991C2396CD0E00F78FE2 /* TodayViewController.swift */ = {isa = PBXFileReference; lastKnownFileType = sourcecode.swift; path = TodayViewController.swift; sourceTree = "<group>"; };
		5CFE991F2396CD0E00F78FE2 /* Base */ = {isa = PBXFileReference; lastKnownFileType = file.storyboard; name = Base; path = Base.lproj/MainInterface.storyboard; sourceTree = "<group>"; };
		5CFE99212396CD0E00F78FE2 /* Info.plist */ = {isa = PBXFileReference; lastKnownFileType = text.plist.xml; path = Info.plist; sourceTree = "<group>"; };
		5CFE992923970FBD00F78FE2 /* WidgetView.swift */ = {isa = PBXFileReference; lastKnownFileType = sourcecode.swift; path = WidgetView.swift; sourceTree = "<group>"; };
		821EFC7AC7A32631C287A14C /* Pods-CoffeeMaster.release.xcconfig */ = {isa = PBXFileReference; includeInIndex = 1; lastKnownFileType = text.xcconfig; name = "Pods-CoffeeMaster.release.xcconfig"; path = "Target Support Files/Pods-CoffeeMaster/Pods-CoffeeMaster.release.xcconfig"; sourceTree = "<group>"; };
		8B82AD18B5B9220DD7C56DD0 /* Pods_CoffeeMaster.framework */ = {isa = PBXFileReference; explicitFileType = wrapper.framework; includeInIndex = 0; path = Pods_CoffeeMaster.framework; sourceTree = BUILT_PRODUCTS_DIR; };
		A7107C432F0D5B3A7B32F7FE /* Pods_CoffeeMasterTests.framework */ = {isa = PBXFileReference; explicitFileType = wrapper.framework; includeInIndex = 0; path = Pods_CoffeeMasterTests.framework; sourceTree = BUILT_PRODUCTS_DIR; };
		BD5EDDE645C1AD8D0B4839AA /* Pods-CoffeeMaster.debug.xcconfig */ = {isa = PBXFileReference; includeInIndex = 1; lastKnownFileType = text.xcconfig; name = "Pods-CoffeeMaster.debug.xcconfig"; path = "Target Support Files/Pods-CoffeeMaster/Pods-CoffeeMaster.debug.xcconfig"; sourceTree = "<group>"; };
/* End PBXFileReference section */

/* Begin PBXFrameworksBuildPhase section */
		5C80C95D23745F2600996D91 /* Frameworks */ = {
			isa = PBXFrameworksBuildPhase;
			buildActionMask = 2147483647;
			files = (
				5C3DDDD9239351A1001A3B4F /* Sliders in Frameworks */,
				5C0C269C2391F18000F27180 /* URLImage in Frameworks */,
				5C587E7323A3D59C008EFB11 /* FASwiftUI in Frameworks */,
				5C484D70239D6B5C002D31D3 /* QGrid in Frameworks */,
				5C9880052396B5F8003D4015 /* HealthKit.framework in Frameworks */,
				5C3DDDD623935187001A3B4F /* Shapes in Frameworks */,
				A2C7E26F11D67E33D09F631C /* Pods_CoffeeMaster.framework in Frameworks */,
			);
			runOnlyForDeploymentPostprocessing = 0;
		};
		5CFE99152396CD0E00F78FE2 /* Frameworks */ = {
			isa = PBXFrameworksBuildPhase;
			buildActionMask = 2147483647;
			files = (
				5CFE991A2396CD0E00F78FE2 /* NotificationCenter.framework in Frameworks */,
			);
			runOnlyForDeploymentPostprocessing = 0;
		};
/* End PBXFrameworksBuildPhase section */

/* Begin PBXGroup section */
		5C0D0F472384377B00FA7952 /* BrewView */ = {
			isa = PBXGroup;
			children = (
				5C6A926F23792CDA006D8E0E /* BrewView.swift */,
				5C0D0F482384508800FA7952 /* BrewGuideDetailView.swift */,
				5CE9C16123A6D545001AEDD6 /* BrewGuideCardView.swift */,
				5C2E476923960FB80064226A /* BrewGuideTimerInstructionView.swift */,
				5CE62D212399DA5B00BAE012 /* BrewStepScrollDisplayView.swift */,
				5C02EB2A238612F0002A7A1E /* AddBrewGuideView.swift */,
				5CABF22523A68F3900D32096 /* BrewStepConfigrueCoffeeRow.swift */,
				5CABF22723A6BC6500D32096 /* BrewStepConfigureWaterRow.swift */,
				5CABF22923A6BF1000D32096 /* BrewStepRow.swift */,
				5C9FCFFB23A55D71009EDFD5 /* BrewMethodPickerView.swift */,
				5C02EB2C238661FD002A7A1E /* ConfigureGrindCoffeeView.swift */,
				5C02EB2E23866209002A7A1E /* ConfigureBoilWaterView.swift */,
				5C02EB342387A97B002A7A1E /* AddBrewStepView.swift */,
			);
			name = BrewView;
			sourceTree = "<group>";
		};
		5C25FAE6237F7C0F0082CFBD /* Frameworks */ = {
			isa = PBXGroup;
			children = (
				5C9880042396B5F8003D4015 /* HealthKit.framework */,
				8B82AD18B5B9220DD7C56DD0 /* Pods_CoffeeMaster.framework */,
				A7107C432F0D5B3A7B32F7FE /* Pods_CoffeeMasterTests.framework */,
				5CFE99192396CD0E00F78FE2 /* NotificationCenter.framework */,
			);
			name = Frameworks;
			sourceTree = "<group>";
		};
		5C3F4659238308C6001CC647 /* RecordView */ = {
			isa = PBXGroup;
			children = (
				5C8F6E742381B0420010EE0E /* RecordView.swift */,
				5C2F6A21239D4A16004E8459 /* CaffeineTrackerView.swift */,
				5CE4FC4E23A7387600D49E2A /* CoffeeVariationCell.swift */,
				5C0C26982391D58A00F27180 /* NoteDetailView.swift */,
				5CDA7726238B8B24002E0ED5 /* RecordCardView.swift */,
				5C3F465A23830903001CC647 /* AddRecordFormView.swift */,
			);
			name = RecordView;
			sourceTree = "<group>";
		};
		5C3F465E2383093D001CC647 /* Components */ = {
			isa = PBXGroup;
			children = (
				5CF20A942390545000632A05 /* GridStack */,
				5C02EB322387785A002A7A1E /* KeyboardGuard.swift */,
				5CF20A8E23904E6F00632A05 /* ImagePicker.swift */,
				5C3F465C23830933001CC647 /* MultiplineTextField.swift */,
				5C02EB262385F8AB002A7A1E /* UIKitTabView.swift */,
				5C02EB30238713B7002A7A1E /* DecimalTextField.swift */,
				5CDA7724238B7B0D002E0ED5 /* SignInWithAppleView.swift */,
				5C2E476D23962C1A0064226A /* StopWatch.swift */,
				5CE62D232399F87800BAE012 /* OffsetScrollView.swift */,
				5CC5DB4C239EE58800CFDDA4 /* LocationPickerView.swift */,
				5C9D974023A1BB20001300A9 /* LocationCardView.swift */,
				5CC5DB4E239EE5E100CFDDA4 /* ThemeMapView.swift */,
				5CA626D323A2AF5800264EC3 /* LocationPickerListRowView.swift */,
				5CA626D523A2B17900264EC3 /* ClearButtonModifier.swift */,
				5CABF21D23A6813D00D32096 /* View+animate.swift */,
				5CABF22123A6819D00D32096 /* View+listSeparatorStyleNone.swift */,
			);
			name = Components;
			sourceTree = "<group>";
		};
		5C3F466323830C30001CC647 /* Actions */ = {
			isa = PBXGroup;
			children = (
				5C3F466423830D02001CC647 /* SettingsReducer.swift */,
				5C02EB28238610D3002A7A1E /* BrewViewReducer.swift */,
				5C3F466123830AD9001CC647 /* ConnectViewReducer.swift */,
				5C3F465F23830A83001CC647 /* RecordViewReducer.swift */,
			);
			name = Actions;
			sourceTree = "<group>";
		};
		5C484D6D239D6964002D31D3 /* Units */ = {
			isa = PBXGroup;
			children = (
				5CDA7720238B785F002E0ED5 /* BrewWeight.swift */,
				5C484D6B239D5255002D31D3 /* FluidVolumn.swift */,
			);
			name = Units;
			sourceTree = "<group>";
		};
		5C484D73239D6C4D002D31D3 /* data */ = {
			isa = PBXGroup;
			children = (
				5C4776AB23A71BBA00D114A1 /* ding-sound-effect_2.mp3 */,
				5C484D74239D6C73002D31D3 /* CaffeineEntries.json */,
				5C587E6F23A342CD008EFB11 /* DefaultBrewGuides.json */,
			);
			name = data;
			sourceTree = "<group>";
		};
		5C587E6B23A32D90008EFB11 /* MapItems */ = {
			isa = PBXGroup;
			children = (
				5C587E6923A32C8C008EFB11 /* PostPointAnnotation.swift */,
				5C587E6C23A33161008EFB11 /* RecordPointAnnotation.swift */,
			);
			name = MapItems;
			sourceTree = "<group>";
		};
		5C5F41192381E726005DBACE /* ConnectView */ = {
			isa = PBXGroup;
			children = (
				5C8F6E722381AEDC0010EE0E /* ConnectView.swift */,
				5C3F466823831AF8001CC647 /* PostDetailView.swift */,
				5C5F41172381E718005DBACE /* PostFormView.swift */,
				5C3F4666238316CF001CC647 /* PostCardView.swift */,
			);
			name = ConnectView;
			sourceTree = "<group>";
		};
		5C80C95723745F2600996D91 = {
			isa = PBXGroup;
			children = (
				5C80C96223745F2600996D91 /* CoffeeMaster */,
				5CFE991B2396CD0E00F78FE2 /* Coffee Master Widget */,
				5C80C96123745F2600996D91 /* Products */,
				5C25FAE6237F7C0F0082CFBD /* Frameworks */,
				E6D90F2358469528377D09D9 /* Pods */,
			);
			sourceTree = "<group>";
		};
		5C80C96123745F2600996D91 /* Products */ = {
			isa = PBXGroup;
			children = (
				5C80C96023745F2600996D91 /* CoffeeMaster.app */,
				5CFE99182396CD0E00F78FE2 /* Coffee Master Widget.appex */,
			);
			name = Products;
			sourceTree = "<group>";
		};
		5C80C96223745F2600996D91 /* CoffeeMaster */ = {
			isa = PBXGroup;
			children = (
				5CEEC7B7237EFBEA00E3BDB0 /* Localizable.strings */,
				5C25FAF6237F83EC0082CFBD /* CoffeeMaster.entitlements */,
				5CF20A91239052ED00632A05 /* Controllers */,
				5CEEC7BD237F053700E3BDB0 /* Views */,
				5C587E6B23A32D90008EFB11 /* MapItems */,
				5C88DF162396BFB900E2FD7F /* OtherServices */,
				5CDA7728238B8C28002E0ED5 /* WebServices */,
				5CEEC7BF237F056500E3BDB0 /* Model */,
				5C8A7DE62396B9710035CDC8 /* Delegates */,
				5C8A7DE52396B9620035CDC8 /* Environment */,
				5C8A7DE42396B94B0035CDC8 /* ViewModifier */,
				5CEEC7C0237F057E00E3BDB0 /* Others */,
				5C80C96C23745F2900996D91 /* Assets.xcassets */,
				5C484D73239D6C4D002D31D3 /* data */,
				5C80C97123745F2900996D91 /* LaunchScreen.storyboard */,
				5C80C97423745F2900996D91 /* Info.plist */,
				5C80C96723745F2600996D91 /* CoffeeMaster.xcdatamodeld */,
				5C80C96E23745F2900996D91 /* Preview Content */,
			);
			path = CoffeeMaster;
			sourceTree = "<group>";
		};
		5C80C96E23745F2900996D91 /* Preview Content */ = {
			isa = PBXGroup;
			children = (
				5C80C96F23745F2900996D91 /* Preview Assets.xcassets */,
			);
			path = "Preview Content";
			sourceTree = "<group>";
		};
		5C88DF162396BFB900E2FD7F /* OtherServices */ = {
			isa = PBXGroup;
			children = (
				5C88DF142396BF8500E2FD7F /* PermissionRequestService.swift */,
				5C484D76239D6E9E002D31D3 /* StaticDataService.swift */,
			);
			name = OtherServices;
			sourceTree = "<group>";
		};
		5C8A7DE42396B94B0035CDC8 /* ViewModifier */ = {
			isa = PBXGroup;
			children = (
				5CABF22323A681C100D32096 /* ListSeparatorStyleNoneModifier.swift */,
				5CABF21F23A6817800D32096 /* AccentCircleTextViewModifier.swift */,
			);
			name = ViewModifier;
			sourceTree = "<group>";
		};
		5C8A7DE52396B9620035CDC8 /* Environment */ = {
			isa = PBXGroup;
			children = (
				5C14B29423A6793100C9C156 /* EnvironmentManager.swift */,
				5C25FA44237F385C0082CFBD /* EnvironmentService.swift */,
				5C9C801C237FA4AF0060C10E /* EnvironmentWindowObject.swift */,
				5C80C98C2374631C00996D91 /* Dependencies.swift */,
			);
			name = Environment;
			sourceTree = "<group>";
		};
		5C8A7DE62396B9710035CDC8 /* Delegates */ = {
			isa = PBXGroup;
			children = (
				5C9C8016237F917B0060C10E /* SignInWithAppleDelegates.swift */,
			);
			name = Delegates;
			sourceTree = "<group>";
		};
		5CDA7728238B8C28002E0ED5 /* WebServices */ = {
			isa = PBXGroup;
			children = (
				5C8F6E7A2381BC080010EE0E /* WebDatabaseQueryService.swift */,
				5C5201C92389DBF5004F5736 /* BrewViewWebservice.swift */,
				5C02EB362388E1FC002A7A1E /* ConnectViewWebDatabaseService.swift */,
				5C02EB4F2388E5FA002A7A1E /* RecordViewWebService.swift */,
				5CF78BD4238DFC390063CA13 /* UserDataWebDatabaseService.swift */,
			);
			name = WebServices;
			path = Others;
			sourceTree = "<group>";
		};
		5CEEC7BD237F053700E3BDB0 /* Views */ = {
			isa = PBXGroup;
			children = (
				5C80C96A23745F2600996D91 /* ContentView.swift */,
				5C3F465E2383093D001CC647 /* Components */,
				5CEEC7BE237F054300E3BDB0 /* ExploreViews */,
				5C0D0F472384377B00FA7952 /* BrewView */,
				5C5F41192381E726005DBACE /* ConnectView */,
				5C3F4659238308C6001CC647 /* RecordView */,
			);
			name = Views;
			sourceTree = "<group>";
		};
		5CEEC7BE237F054300E3BDB0 /* ExploreViews */ = {
			isa = PBXGroup;
			children = (
				5C6A926D237929FF006D8E0E /* ExploreView.swift */,
				5C6A926B2379291D006D8E0E /* ExploreMapView.swift */,
				5CEEC7BB237F052800E3BDB0 /* SettingsView.swift */,
			);
			name = ExploreViews;
			sourceTree = "<group>";
		};
		5CEEC7BF237F056500E3BDB0 /* Model */ = {
			isa = PBXGroup;
			children = (
				5C80C98A237462D900996D91 /* App.swift */,
				5C80C988237462A100996D91 /* Store.swift */,
				5C8F6E762381B5F70010EE0E /* State.swift */,
				5C3F466323830C30001CC647 /* Actions */,
				5C8F6E782381B6840010EE0E /* Post.swift */,
				5C3F46572382D219001CC647 /* Record.swift */,
				5C2FEFAC239D963D000C4854 /* CaffeineRecord.swift */,
				5CE8457E23836B950086EFC8 /* BrewMethod.swift */,
				5CDA7729238B927F002E0ED5 /* BrewGuide.swift */,
				5C25798123837BA200976AE1 /* BrewStep.swift */,
				5CE63735238DA17D00C1DC49 /* BrewStepType.swift */,
				5C484D6D239D6964002D31D3 /* Units */,
				5CE63737238DA1C600C1DC49 /* BrewToolsPicker.swift */,
				5C2579892383887900976AE1 /* DefaultBrewingMethods.swift */,
				5CF78BD2238DF2330063CA13 /* CoffeeCollection.swift */,
				5CE63739238DAA8500C1DC49 /* CoffeeBeanType.swift */,
				5CDA7722238B7889002E0ED5 /* BrewTemperature.swift */,
				5CE63743238DB6DE00C1DC49 /* CoffeeOrigin.swift */,
				5CE63741238DB6B100C1DC49 /* CoffeeTastingTraits.swift */,
				5CE6373F238DB69D00C1DC49 /* CoffeeRoasterType.swift */,
				5CE6373D238DB68500C1DC49 /* CoffeeBeanRoastingStage.swift */,
				5CE6373B238DB67000C1DC49 /* CoffeeBeanSizeGrade.swift */,
				5C484D69239D4B5B002D31D3 /* CaffeineEntry.swift */,
				5C9D973E23A19E80001300A9 /* Location.swift */,
			);
			name = Model;
			sourceTree = "<group>";
		};
		5CEEC7C0237F057E00E3BDB0 /* Others */ = {
			isa = PBXGroup;
			children = (
				5C271E2523A414FF00158160 /* Font Awesome 5 Brands-Regular-400.otf */,
				5C271E2323A414FF00158160 /* Font Awesome 5 Free-Regular-400.otf */,
				5C271E2623A414FF00158160 /* Font Awesome 5 Free-Solid-900.otf */,
				5C271E2423A414FF00158160 /* icons.json */,
				5CD4B3DA238F14C100E5FB00 /* GoogleService-Info.plist */,
				5C80C9962374818D00996D91 /* UIColor+ThemeColor.swift */,
				5C80C96323745F2600996D91 /* AppDelegate.swift */,
				5C25FA42237F314B0082CFBD /* String+Bundle+Localization.swift */,
				5C80C96523745F2600996D91 /* SceneDelegate.swift */,
				5C9C8010237F8C680060C10E /* Utilities.swift */,
				5C5201C72389DB4F004F5736 /* String+isBlank.swift */,
			);
			path = Others;
			sourceTree = "<group>";
		};
		5CF20A91239052ED00632A05 /* Controllers */ = {
			isa = PBXGroup;
			children = (
				5CF20A922390531D00632A05 /* BrewGuideExpensionViewController.swift */,
			);
			name = Controllers;
			sourceTree = "<group>";
		};
		5CF20A942390545000632A05 /* GridStack */ = {
			isa = PBXGroup;
			children = (
				5CF20A952390545000632A05 /* GridStack.swift */,
				5CF20A962390545000632A05 /* GridCalculator.swift */,
				5CF20A972390545000632A05 /* Array+chunked.swift */,
			);
			path = GridStack;
			sourceTree = "<group>";
		};
		5CFE991B2396CD0E00F78FE2 /* Coffee Master Widget */ = {
			isa = PBXGroup;
			children = (
				5C2FEFAE239DAFB2000C4854 /* Coffee Master Widget.entitlements */,
				5CFE992923970FBD00F78FE2 /* WidgetView.swift */,
				5CFE991C2396CD0E00F78FE2 /* TodayViewController.swift */,
				5CFE991E2396CD0E00F78FE2 /* MainInterface.storyboard */,
				5CFE99212396CD0E00F78FE2 /* Info.plist */,
			);
			path = "Coffee Master Widget";
			sourceTree = "<group>";
		};
		E6D90F2358469528377D09D9 /* Pods */ = {
			isa = PBXGroup;
			children = (
				BD5EDDE645C1AD8D0B4839AA /* Pods-CoffeeMaster.debug.xcconfig */,
				821EFC7AC7A32631C287A14C /* Pods-CoffeeMaster.release.xcconfig */,
				3D19A749EB0D27D15943AA98 /* Pods-CoffeeMasterTests.debug.xcconfig */,
				008E8C2E916D5CACEE161D7D /* Pods-CoffeeMasterTests.release.xcconfig */,
			);
			path = Pods;
			sourceTree = "<group>";
		};
/* End PBXGroup section */

/* Begin PBXNativeTarget section */
		5C80C95F23745F2600996D91 /* CoffeeMaster */ = {
			isa = PBXNativeTarget;
			buildConfigurationList = 5C80C98223745F2900996D91 /* Build configuration list for PBXNativeTarget "CoffeeMaster" */;
			buildPhases = (
				EEDBD74699CED190F64CE8E3 /* [CP] Check Pods Manifest.lock */,
				5C80C95C23745F2600996D91 /* Sources */,
				5C80C95D23745F2600996D91 /* Frameworks */,
				5C80C95E23745F2600996D91 /* Resources */,
				5CE8457D238351190086EFC8 /* Embed Frameworks */,
				5EC435E4512634E4DB03096F /* [CP] Embed Pods Frameworks */,
				5CFE99252396CD0E00F78FE2 /* Embed App Extensions */,
				5CE62D182399BEBD00BAE012 /* Embed Watch Content */,
			);
			buildRules = (
			);
			dependencies = (
				5CFE99232396CD0E00F78FE2 /* PBXTargetDependency */,
			);
			name = CoffeeMaster;
			packageProductDependencies = (
				5C0C269B2391F18000F27180 /* URLImage */,
				5C3DDDD523935187001A3B4F /* Shapes */,
				5C3DDDD8239351A1001A3B4F /* Sliders */,
				5C484D6F239D6B5C002D31D3 /* QGrid */,
				5C587E7223A3D59C008EFB11 /* FASwiftUI */,
			);
			productName = CoffeeMaster;
			productReference = 5C80C96023745F2600996D91 /* CoffeeMaster.app */;
			productType = "com.apple.product-type.application";
		};
		5CFE99172396CD0E00F78FE2 /* Coffee Master Widget */ = {
			isa = PBXNativeTarget;
			buildConfigurationList = 5CFE99282396CD0E00F78FE2 /* Build configuration list for PBXNativeTarget "Coffee Master Widget" */;
			buildPhases = (
				5CFE99142396CD0E00F78FE2 /* Sources */,
				5CFE99152396CD0E00F78FE2 /* Frameworks */,
				5CFE99162396CD0E00F78FE2 /* Resources */,
			);
			buildRules = (
			);
			dependencies = (
			);
			name = "Coffee Master Widget";
			productName = "Coffee Master Widget";
			productReference = 5CFE99182396CD0E00F78FE2 /* Coffee Master Widget.appex */;
			productType = "com.apple.product-type.app-extension";
		};
/* End PBXNativeTarget section */

/* Begin PBXProject section */
		5C80C95823745F2600996D91 /* Project object */ = {
			isa = PBXProject;
			attributes = {
				LastSwiftUpdateCheck = 1120;
				LastUpgradeCheck = 1120;
				ORGANIZATIONNAME = "Mingtian Yang";
				TargetAttributes = {
					5C80C95F23745F2600996D91 = {
						CreatedOnToolsVersion = 11.2;
					};
					5CFE99172396CD0E00F78FE2 = {
						CreatedOnToolsVersion = 11.2.1;
					};
				};
			};
			buildConfigurationList = 5C80C95B23745F2600996D91 /* Build configuration list for PBXProject "CoffeeMaster" */;
			compatibilityVersion = "Xcode 10.0";
			developmentRegion = en;
			hasScannedForEncodings = 0;
			knownRegions = (
				en,
				Base,
				"zh-Hans",
			);
			mainGroup = 5C80C95723745F2600996D91;
			packageReferences = (
				5C0C269A2391F18000F27180 /* XCRemoteSwiftPackageReference "url-image" */,
				5C3DDDD423935187001A3B4F /* XCRemoteSwiftPackageReference "Shapes" */,
				5C3DDDD7239351A1001A3B4F /* XCRemoteSwiftPackageReference "Sliders" */,
				5C484D6E239D6B5C002D31D3 /* XCRemoteSwiftPackageReference "QGrid" */,
				5C587E7123A3D59C008EFB11 /* XCRemoteSwiftPackageReference "FASwiftUI" */,
			);
			productRefGroup = 5C80C96123745F2600996D91 /* Products */;
			projectDirPath = "";
			projectRoot = "";
			targets = (
				5C80C95F23745F2600996D91 /* CoffeeMaster */,
				5CFE99172396CD0E00F78FE2 /* Coffee Master Widget */,
			);
		};
/* End PBXProject section */

/* Begin PBXResourcesBuildPhase section */
		5C80C95E23745F2600996D91 /* Resources */ = {
			isa = PBXResourcesBuildPhase;
			buildActionMask = 2147483647;
			files = (
				5C80C97323745F2900996D91 /* LaunchScreen.storyboard in Resources */,
				5CEEC7B5237EFBEA00E3BDB0 /* Localizable.strings in Resources */,
				5C80C97023745F2900996D91 /* Preview Assets.xcassets in Resources */,
				5C271E2A23A414FF00158160 /* Font Awesome 5 Free-Solid-900.otf in Resources */,
				5C4776AC23A71BBA00D114A1 /* ding-sound-effect_2.mp3 in Resources */,
				5C271E2923A414FF00158160 /* Font Awesome 5 Brands-Regular-400.otf in Resources */,
				5C80C96D23745F2900996D91 /* Assets.xcassets in Resources */,
				5C271E2823A414FF00158160 /* icons.json in Resources */,
				5C587E7023A342CD008EFB11 /* DefaultBrewGuides.json in Resources */,
				5C484D75239D6C73002D31D3 /* CaffeineEntries.json in Resources */,
				5C271E2723A414FF00158160 /* Font Awesome 5 Free-Regular-400.otf in Resources */,
				5CD4B3DB238F14C100E5FB00 /* GoogleService-Info.plist in Resources */,
			);
			runOnlyForDeploymentPostprocessing = 0;
		};
		5CFE99162396CD0E00F78FE2 /* Resources */ = {
			isa = PBXResourcesBuildPhase;
			buildActionMask = 2147483647;
			files = (
				5C4776AA23A6DD9E00D114A1 /* Assets.xcassets in Resources */,
				5CFE99202396CD0E00F78FE2 /* MainInterface.storyboard in Resources */,
			);
			runOnlyForDeploymentPostprocessing = 0;
		};
/* End PBXResourcesBuildPhase section */

/* Begin PBXShellScriptBuildPhase section */
		5EC435E4512634E4DB03096F /* [CP] Embed Pods Frameworks */ = {
			isa = PBXShellScriptBuildPhase;
			buildActionMask = 2147483647;
			files = (
			);
			inputFileListPaths = (
				"${PODS_ROOT}/Target Support Files/Pods-CoffeeMaster/Pods-CoffeeMaster-frameworks-${CONFIGURATION}-input-files.xcfilelist",
			);
			name = "[CP] Embed Pods Frameworks";
			outputFileListPaths = (
				"${PODS_ROOT}/Target Support Files/Pods-CoffeeMaster/Pods-CoffeeMaster-frameworks-${CONFIGURATION}-output-files.xcfilelist",
			);
			runOnlyForDeploymentPostprocessing = 0;
			shellPath = /bin/sh;
			shellScript = "\"${PODS_ROOT}/Target Support Files/Pods-CoffeeMaster/Pods-CoffeeMaster-frameworks.sh\"\n";
			showEnvVarsInLog = 0;
		};
		EEDBD74699CED190F64CE8E3 /* [CP] Check Pods Manifest.lock */ = {
			isa = PBXShellScriptBuildPhase;
			buildActionMask = 2147483647;
			files = (
			);
			inputFileListPaths = (
			);
			inputPaths = (
				"${PODS_PODFILE_DIR_PATH}/Podfile.lock",
				"${PODS_ROOT}/Manifest.lock",
			);
			name = "[CP] Check Pods Manifest.lock";
			outputFileListPaths = (
			);
			outputPaths = (
				"$(DERIVED_FILE_DIR)/Pods-CoffeeMaster-checkManifestLockResult.txt",
			);
			runOnlyForDeploymentPostprocessing = 0;
			shellPath = /bin/sh;
			shellScript = "diff \"${PODS_PODFILE_DIR_PATH}/Podfile.lock\" \"${PODS_ROOT}/Manifest.lock\" > /dev/null\nif [ $? != 0 ] ; then\n    # print error to STDERR\n    echo \"error: The sandbox is not in sync with the Podfile.lock. Run 'pod install' or update your CocoaPods installation.\" >&2\n    exit 1\nfi\n# This output is used by Xcode 'outputs' to avoid re-running this script phase.\necho \"SUCCESS\" > \"${SCRIPT_OUTPUT_FILE_0}\"\n";
			showEnvVarsInLog = 0;
		};
/* End PBXShellScriptBuildPhase section */

/* Begin PBXSourcesBuildPhase section */
		5C80C95C23745F2600996D91 /* Sources */ = {
			isa = PBXSourcesBuildPhase;
			buildActionMask = 2147483647;
			files = (
				5C80C96423745F2600996D91 /* AppDelegate.swift in Sources */,
				5CDA772A238B927F002E0ED5 /* BrewGuide.swift in Sources */,
				5C02EB29238610D3002A7A1E /* BrewViewReducer.swift in Sources */,
				5C02EB2D238661FD002A7A1E /* ConfigureGrindCoffeeView.swift in Sources */,
				5C3F465D23830933001CC647 /* MultiplineTextField.swift in Sources */,
				5C02EB502388E5FA002A7A1E /* RecordViewWebService.swift in Sources */,
				5C6A926E237929FF006D8E0E /* ExploreView.swift in Sources */,
				5C80C9972374818D00996D91 /* UIColor+ThemeColor.swift in Sources */,
				5CF20A932390531D00632A05 /* BrewGuideExpensionViewController.swift in Sources */,
				5CE9C16223A6D545001AEDD6 /* BrewGuideCardView.swift in Sources */,
				5C484D77239D6E9E002D31D3 /* StaticDataService.swift in Sources */,
				5C3F466923831AF8001CC647 /* PostDetailView.swift in Sources */,
				5C3F46582382D219001CC647 /* Record.swift in Sources */,
				5CE63736238DA17D00C1DC49 /* BrewStepType.swift in Sources */,
				5C88DF152396BF8500E2FD7F /* PermissionRequestService.swift in Sources */,
				5CE63738238DA1C600C1DC49 /* BrewToolsPicker.swift in Sources */,
				5C8F6E7B2381BC080010EE0E /* WebDatabaseQueryService.swift in Sources */,
				5CF20A992390545000632A05 /* GridCalculator.swift in Sources */,
				5CDA7723238B7889002E0ED5 /* BrewTemperature.swift in Sources */,
				5C80C98D2374631C00996D91 /* Dependencies.swift in Sources */,
				5C8F6E772381B5F70010EE0E /* State.swift in Sources */,
				5C2FEFB2239DB04F000C4854 /* TodayViewController.swift in Sources */,
				5C3F466223830AD9001CC647 /* ConnectViewReducer.swift in Sources */,
				5C80C989237462A100996D91 /* Store.swift in Sources */,
				5C3F466523830D02001CC647 /* SettingsReducer.swift in Sources */,
				5C3F4667238316CF001CC647 /* PostCardView.swift in Sources */,
				5CE6373A238DAA8500C1DC49 /* CoffeeBeanType.swift in Sources */,
				5C5201C82389DB4F004F5736 /* String+isBlank.swift in Sources */,
				5C6A927023792CDA006D8E0E /* BrewView.swift in Sources */,
				5C02EB2F23866209002A7A1E /* ConfigureBoilWaterView.swift in Sources */,
				5CE63744238DB6DE00C1DC49 /* CoffeeOrigin.swift in Sources */,
				5C02EB272385F8AB002A7A1E /* UIKitTabView.swift in Sources */,
				5CE62D222399DA5B00BAE012 /* BrewStepScrollDisplayView.swift in Sources */,
				5CABF22A23A6BF1000D32096 /* BrewStepRow.swift in Sources */,
				5CDA7725238B7B0D002E0ED5 /* SignInWithAppleView.swift in Sources */,
				5C25798223837BA200976AE1 /* BrewStep.swift in Sources */,
				5C9D973F23A19E80001300A9 /* Location.swift in Sources */,
				5C5201CA2389DBF6004F5736 /* BrewViewWebservice.swift in Sources */,
				5C484D6C239D5255002D31D3 /* FluidVolumn.swift in Sources */,
				5C02EB31238713B7002A7A1E /* DecimalTextField.swift in Sources */,
				5C9C8011237F8C680060C10E /* Utilities.swift in Sources */,
				5C9D974123A1BB20001300A9 /* LocationCardView.swift in Sources */,
				5C9C8017237F917B0060C10E /* SignInWithAppleDelegates.swift in Sources */,
				5C2E476A23960FB80064226A /* BrewGuideTimerInstructionView.swift in Sources */,
				5C2E476E23962C1A0064226A /* StopWatch.swift in Sources */,
				5C02EB2B238612F0002A7A1E /* AddBrewGuideView.swift in Sources */,
				5CE8457F23836B950086EFC8 /* BrewMethod.swift in Sources */,
				5C80C96923745F2600996D91 /* CoffeeMaster.xcdatamodeld in Sources */,
				5CABF22023A6817800D32096 /* AccentCircleTextViewModifier.swift in Sources */,
				5C8F6E752381B0420010EE0E /* RecordView.swift in Sources */,
				5C0C26992391D58A00F27180 /* NoteDetailView.swift in Sources */,
				5C02EB372388E1FC002A7A1E /* ConnectViewWebDatabaseService.swift in Sources */,
				5C8F6E792381B6840010EE0E /* Post.swift in Sources */,
				5C25FA43237F314B0082CFBD /* String+Bundle+Localization.swift in Sources */,
				5CE62D242399F87800BAE012 /* OffsetScrollView.swift in Sources */,
				5C3F465B23830903001CC647 /* AddRecordFormView.swift in Sources */,
				5CF20A9A2390545000632A05 /* Array+chunked.swift in Sources */,
				5C484D6A239D4B5B002D31D3 /* CaffeineEntry.swift in Sources */,
				5C2FEFAD239D963D000C4854 /* CaffeineRecord.swift in Sources */,
				5CDA7721238B785F002E0ED5 /* BrewWeight.swift in Sources */,
				5CE63742238DB6B100C1DC49 /* CoffeeTastingTraits.swift in Sources */,
				5C80C98B237462D900996D91 /* App.swift in Sources */,
				5CF78BD3238DF2330063CA13 /* CoffeeCollection.swift in Sources */,
				5C6A926C2379291D006D8E0E /* ExploreMapView.swift in Sources */,
				5CF20A8F23904E6F00632A05 /* ImagePicker.swift in Sources */,
				5C8F6E732381AEDC0010EE0E /* ConnectView.swift in Sources */,
				5CABF22223A6819D00D32096 /* View+listSeparatorStyleNone.swift in Sources */,
				5C3F466023830A83001CC647 /* RecordViewReducer.swift in Sources */,
				5CE63740238DB69D00C1DC49 /* CoffeeRoasterType.swift in Sources */,
				5CABF22823A6BC6500D32096 /* BrewStepConfigureWaterRow.swift in Sources */,
				5CABF22623A68F3900D32096 /* BrewStepConfigrueCoffeeRow.swift in Sources */,
				5CA626D423A2AF5800264EC3 /* LocationPickerListRowView.swift in Sources */,
				5CF20A982390545000632A05 /* GridStack.swift in Sources */,
				5CABF22423A681C100D32096 /* ListSeparatorStyleNoneModifier.swift in Sources */,
				5CE6373E238DB68500C1DC49 /* CoffeeBeanRoastingStage.swift in Sources */,
				5C14B29523A6793100C9C156 /* EnvironmentManager.swift in Sources */,
				5C25FA45237F385C0082CFBD /* EnvironmentService.swift in Sources */,
				5CC5DB4F239EE5E100CFDDA4 /* ThemeMapView.swift in Sources */,
				5CA626D623A2B17900264EC3 /* ClearButtonModifier.swift in Sources */,
				5C25798A2383887900976AE1 /* DefaultBrewingMethods.swift in Sources */,
				5C80C96B23745F2600996D91 /* ContentView.swift in Sources */,
				5C02EB332387785A002A7A1E /* KeyboardGuard.swift in Sources */,
				5CF78BD5238DFC390063CA13 /* UserDataWebDatabaseService.swift in Sources */,
				5C0D0F492384508800FA7952 /* BrewGuideDetailView.swift in Sources */,
				5C80C96623745F2600996D91 /* SceneDelegate.swift in Sources */,
				5C02EB352387A97B002A7A1E /* AddBrewStepView.swift in Sources */,
				5CE4FC4F23A7387600D49E2A /* CoffeeVariationCell.swift in Sources */,
				5C587E6D23A33161008EFB11 /* RecordPointAnnotation.swift in Sources */,
				5CC5DB4D239EE58800CFDDA4 /* LocationPickerView.swift in Sources */,
				5CEEC7BC237F052800E3BDB0 /* SettingsView.swift in Sources */,
				5CABF21E23A6813D00D32096 /* View+animate.swift in Sources */,
				5C5F41182381E718005DBACE /* PostFormView.swift in Sources */,
				5C2FEFB1239DB04A000C4854 /* WidgetView.swift in Sources */,
				5C9FCFFC23A55D71009EDFD5 /* BrewMethodPickerView.swift in Sources */,
				5CDA7727238B8B24002E0ED5 /* RecordCardView.swift in Sources */,
				5C2F6A22239D4A16004E8459 /* CaffeineTrackerView.swift in Sources */,
				5C9C801D237FA4AF0060C10E /* EnvironmentWindowObject.swift in Sources */,
				5CE6373C238DB67000C1DC49 /* CoffeeBeanSizeGrade.swift in Sources */,
				5C587E6A23A32C8C008EFB11 /* PostPointAnnotation.swift in Sources */,
			);
			runOnlyForDeploymentPostprocessing = 0;
		};
		5CFE99142396CD0E00F78FE2 /* Sources */ = {
			isa = PBXSourcesBuildPhase;
			buildActionMask = 2147483647;
			files = (
				5C4776A823A6DD3C00D114A1 /* UIColor+ThemeColor.swift in Sources */,
				5CFE992A23970FBD00F78FE2 /* WidgetView.swift in Sources */,
				5CFE991D2396CD0E00F78FE2 /* TodayViewController.swift in Sources */,
			);
			runOnlyForDeploymentPostprocessing = 0;
		};
/* End PBXSourcesBuildPhase section */

/* Begin PBXTargetDependency section */
		5CFE99232396CD0E00F78FE2 /* PBXTargetDependency */ = {
			isa = PBXTargetDependency;
			target = 5CFE99172396CD0E00F78FE2 /* Coffee Master Widget */;
			targetProxy = 5CFE99222396CD0E00F78FE2 /* PBXContainerItemProxy */;
		};
/* End PBXTargetDependency section */

/* Begin PBXVariantGroup section */
		5C80C97123745F2900996D91 /* LaunchScreen.storyboard */ = {
			isa = PBXVariantGroup;
			children = (
				5C80C97223745F2900996D91 /* Base */,
				5CEEC7B2237EF63900E3BDB0 /* zh-Hans */,
			);
			name = LaunchScreen.storyboard;
			sourceTree = "<group>";
		};
		5CEEC7B7237EFBEA00E3BDB0 /* Localizable.strings */ = {
			isa = PBXVariantGroup;
			children = (
				5CEEC7B6237EFBEA00E3BDB0 /* en */,
				5CEEC7B8237EFBEF00E3BDB0 /* zh-Hans */,
			);
			name = Localizable.strings;
			sourceTree = "<group>";
		};
		5CFE991E2396CD0E00F78FE2 /* MainInterface.storyboard */ = {
			isa = PBXVariantGroup;
			children = (
				5CFE991F2396CD0E00F78FE2 /* Base */,
			);
			name = MainInterface.storyboard;
			sourceTree = "<group>";
		};
/* End PBXVariantGroup section */

/* Begin XCBuildConfiguration section */
		5C80C98023745F2900996D91 /* Debug */ = {
			isa = XCBuildConfiguration;
			buildSettings = {
				ALWAYS_SEARCH_USER_PATHS = NO;
				CLANG_ANALYZER_LOCALIZABILITY_NONLOCALIZED = YES;
				CLANG_ANALYZER_NONNULL = YES;
				CLANG_ANALYZER_NUMBER_OBJECT_CONVERSION = YES_AGGRESSIVE;
				CLANG_CXX_LANGUAGE_STANDARD = "gnu++14";
				CLANG_CXX_LIBRARY = "libc++";
				CLANG_ENABLE_MODULES = YES;
				CLANG_ENABLE_OBJC_ARC = YES;
				CLANG_ENABLE_OBJC_WEAK = YES;
				CLANG_WARN_BLOCK_CAPTURE_AUTORELEASING = YES;
				CLANG_WARN_BOOL_CONVERSION = YES;
				CLANG_WARN_COMMA = YES;
				CLANG_WARN_CONSTANT_CONVERSION = YES;
				CLANG_WARN_DEPRECATED_OBJC_IMPLEMENTATIONS = YES;
				CLANG_WARN_DIRECT_OBJC_ISA_USAGE = YES_ERROR;
				CLANG_WARN_DOCUMENTATION_COMMENTS = YES;
				CLANG_WARN_EMPTY_BODY = YES;
				CLANG_WARN_ENUM_CONVERSION = YES;
				CLANG_WARN_INFINITE_RECURSION = YES;
				CLANG_WARN_INT_CONVERSION = YES;
				CLANG_WARN_NON_LITERAL_NULL_CONVERSION = YES;
				CLANG_WARN_OBJC_IMPLICIT_RETAIN_SELF = YES;
				CLANG_WARN_OBJC_LITERAL_CONVERSION = YES;
				CLANG_WARN_OBJC_ROOT_CLASS = YES_ERROR;
				CLANG_WARN_RANGE_LOOP_ANALYSIS = YES;
				CLANG_WARN_STRICT_PROTOTYPES = YES;
				CLANG_WARN_SUSPICIOUS_MOVE = YES;
				CLANG_WARN_UNGUARDED_AVAILABILITY = YES_AGGRESSIVE;
				CLANG_WARN_UNREACHABLE_CODE = YES;
				CLANG_WARN__DUPLICATE_METHOD_MATCH = YES;
				COPY_PHASE_STRIP = NO;
				DEBUG_INFORMATION_FORMAT = dwarf;
				ENABLE_STRICT_OBJC_MSGSEND = YES;
				ENABLE_TESTABILITY = YES;
				GCC_C_LANGUAGE_STANDARD = gnu11;
				GCC_DYNAMIC_NO_PIC = NO;
				GCC_NO_COMMON_BLOCKS = YES;
				GCC_OPTIMIZATION_LEVEL = 0;
				GCC_PREPROCESSOR_DEFINITIONS = (
					"DEBUG=1",
					"$(inherited)",
				);
				GCC_WARN_64_TO_32_BIT_CONVERSION = YES;
				GCC_WARN_ABOUT_RETURN_TYPE = YES_ERROR;
				GCC_WARN_UNDECLARED_SELECTOR = YES;
				GCC_WARN_UNINITIALIZED_AUTOS = YES_AGGRESSIVE;
				GCC_WARN_UNUSED_FUNCTION = YES;
				GCC_WARN_UNUSED_VARIABLE = YES;
				IPHONEOS_DEPLOYMENT_TARGET = 13.0;
				MTL_ENABLE_DEBUG_INFO = INCLUDE_SOURCE;
				MTL_FAST_MATH = YES;
				ONLY_ACTIVE_ARCH = YES;
				OTHER_LDFLAGS = "$(inherited)";
				SDKROOT = iphoneos;
				SWIFT_ACTIVE_COMPILATION_CONDITIONS = DEBUG;
				SWIFT_OPTIMIZATION_LEVEL = "-Onone";
			};
			name = Debug;
		};
		5C80C98123745F2900996D91 /* Release */ = {
			isa = XCBuildConfiguration;
			buildSettings = {
				ALWAYS_SEARCH_USER_PATHS = NO;
				CLANG_ANALYZER_LOCALIZABILITY_NONLOCALIZED = YES;
				CLANG_ANALYZER_NONNULL = YES;
				CLANG_ANALYZER_NUMBER_OBJECT_CONVERSION = YES_AGGRESSIVE;
				CLANG_CXX_LANGUAGE_STANDARD = "gnu++14";
				CLANG_CXX_LIBRARY = "libc++";
				CLANG_ENABLE_MODULES = YES;
				CLANG_ENABLE_OBJC_ARC = YES;
				CLANG_ENABLE_OBJC_WEAK = YES;
				CLANG_WARN_BLOCK_CAPTURE_AUTORELEASING = YES;
				CLANG_WARN_BOOL_CONVERSION = YES;
				CLANG_WARN_COMMA = YES;
				CLANG_WARN_CONSTANT_CONVERSION = YES;
				CLANG_WARN_DEPRECATED_OBJC_IMPLEMENTATIONS = YES;
				CLANG_WARN_DIRECT_OBJC_ISA_USAGE = YES_ERROR;
				CLANG_WARN_DOCUMENTATION_COMMENTS = YES;
				CLANG_WARN_EMPTY_BODY = YES;
				CLANG_WARN_ENUM_CONVERSION = YES;
				CLANG_WARN_INFINITE_RECURSION = YES;
				CLANG_WARN_INT_CONVERSION = YES;
				CLANG_WARN_NON_LITERAL_NULL_CONVERSION = YES;
				CLANG_WARN_OBJC_IMPLICIT_RETAIN_SELF = YES;
				CLANG_WARN_OBJC_LITERAL_CONVERSION = YES;
				CLANG_WARN_OBJC_ROOT_CLASS = YES_ERROR;
				CLANG_WARN_RANGE_LOOP_ANALYSIS = YES;
				CLANG_WARN_STRICT_PROTOTYPES = YES;
				CLANG_WARN_SUSPICIOUS_MOVE = YES;
				CLANG_WARN_UNGUARDED_AVAILABILITY = YES_AGGRESSIVE;
				CLANG_WARN_UNREACHABLE_CODE = YES;
				CLANG_WARN__DUPLICATE_METHOD_MATCH = YES;
				COPY_PHASE_STRIP = NO;
				DEBUG_INFORMATION_FORMAT = "dwarf-with-dsym";
				ENABLE_NS_ASSERTIONS = NO;
				ENABLE_STRICT_OBJC_MSGSEND = YES;
				GCC_C_LANGUAGE_STANDARD = gnu11;
				GCC_NO_COMMON_BLOCKS = YES;
				GCC_WARN_64_TO_32_BIT_CONVERSION = YES;
				GCC_WARN_ABOUT_RETURN_TYPE = YES_ERROR;
				GCC_WARN_UNDECLARED_SELECTOR = YES;
				GCC_WARN_UNINITIALIZED_AUTOS = YES_AGGRESSIVE;
				GCC_WARN_UNUSED_FUNCTION = YES;
				GCC_WARN_UNUSED_VARIABLE = YES;
				IPHONEOS_DEPLOYMENT_TARGET = 13.0;
				MTL_ENABLE_DEBUG_INFO = NO;
				MTL_FAST_MATH = YES;
				OTHER_LDFLAGS = "$(inherited)";
				SDKROOT = iphoneos;
				SWIFT_COMPILATION_MODE = wholemodule;
				SWIFT_OPTIMIZATION_LEVEL = "-O";
				VALIDATE_PRODUCT = YES;
			};
			name = Release;
		};
		5C80C98323745F2900996D91 /* Debug */ = {
			isa = XCBuildConfiguration;
			baseConfigurationReference = BD5EDDE645C1AD8D0B4839AA /* Pods-CoffeeMaster.debug.xcconfig */;
			buildSettings = {
				ALWAYS_EMBED_SWIFT_STANDARD_LIBRARIES = "$(inherited)";
				ASSETCATALOG_COMPILER_APPICON_NAME = AppIcon;
				CODE_SIGN_ENTITLEMENTS = CoffeeMaster/CoffeeMaster.entitlements;
				CODE_SIGN_STYLE = Automatic;
				CURRENT_PROJECT_VERSION = 3;
				DEVELOPMENT_ASSET_PATHS = "\"CoffeeMaster/Preview Content\"";
				DEVELOPMENT_TEAM = 397U443WJR;
				ENABLE_PREVIEWS = YES;
				INFOPLIST_FILE = CoffeeMaster/Info.plist;
				IPHONEOS_DEPLOYMENT_TARGET = 13.0;
				LD_RUNPATH_SEARCH_PATHS = (
					"$(inherited)",
					"@executable_path/Frameworks",
				);
				MARKETING_VERSION = 1.3;
				OTHER_LDFLAGS = "$(inherited)";
				PRODUCT_BUNDLE_IDENTIFIER = edu.psu.sce.mky5089.CoffeeMaster;
				PRODUCT_NAME = "$(TARGET_NAME)";
				SUPPORTS_MACCATALYST = NO;
				SWIFT_VERSION = 5.0;
				TARGETED_DEVICE_FAMILY = "1,2";
				TVOS_DEPLOYMENT_TARGET = 13.0;
				USER_HEADER_SEARCH_PATHS = "";
			};
			name = Debug;
		};
		5C80C98423745F2900996D91 /* Release */ = {
			isa = XCBuildConfiguration;
			baseConfigurationReference = 821EFC7AC7A32631C287A14C /* Pods-CoffeeMaster.release.xcconfig */;
			buildSettings = {
				ALWAYS_EMBED_SWIFT_STANDARD_LIBRARIES = "$(inherited)";
				ASSETCATALOG_COMPILER_APPICON_NAME = AppIcon;
				CODE_SIGN_ENTITLEMENTS = CoffeeMaster/CoffeeMaster.entitlements;
				CODE_SIGN_STYLE = Automatic;
				CURRENT_PROJECT_VERSION = 3;
				DEVELOPMENT_ASSET_PATHS = "\"CoffeeMaster/Preview Content\"";
				DEVELOPMENT_TEAM = 397U443WJR;
				ENABLE_PREVIEWS = YES;
				INFOPLIST_FILE = CoffeeMaster/Info.plist;
				IPHONEOS_DEPLOYMENT_TARGET = 13.0;
				LD_RUNPATH_SEARCH_PATHS = (
					"$(inherited)",
					"@executable_path/Frameworks",
				);
				MARKETING_VERSION = 1.3;
				OTHER_LDFLAGS = "$(inherited)";
				PRODUCT_BUNDLE_IDENTIFIER = edu.psu.sce.mky5089.CoffeeMaster;
				PRODUCT_NAME = "$(TARGET_NAME)";
				SUPPORTS_MACCATALYST = NO;
				SWIFT_VERSION = 5.0;
				TARGETED_DEVICE_FAMILY = "1,2";
				TVOS_DEPLOYMENT_TARGET = 13.0;
				USER_HEADER_SEARCH_PATHS = "";
			};
			name = Release;
		};
		5CFE99262396CD0E00F78FE2 /* Debug */ = {
			isa = XCBuildConfiguration;
			buildSettings = {
				CODE_SIGN_ENTITLEMENTS = "Coffee Master Widget/Coffee Master Widget.entitlements";
				CODE_SIGN_STYLE = Automatic;
				CURRENT_PROJECT_VERSION = 3;
				DEVELOPMENT_TEAM = 397U443WJR;
				INFOPLIST_FILE = "Coffee Master Widget/Info.plist";
				IPHONEOS_DEPLOYMENT_TARGET = 13.0;
				LD_RUNPATH_SEARCH_PATHS = (
					"$(inherited)",
					"@executable_path/Frameworks",
					"@executable_path/../../Frameworks",
				);
				MARKETING_VERSION = 1.3;
				PRODUCT_BUNDLE_IDENTIFIER = "edu.psu.sce.mky5089.CoffeeMaster.Coffee-Master-Widget";
				PRODUCT_NAME = "$(TARGET_NAME)";
				SKIP_INSTALL = YES;
				SWIFT_VERSION = 5.0;
				TARGETED_DEVICE_FAMILY = "1,2";
			};
			name = Debug;
		};
		5CFE99272396CD0E00F78FE2 /* Release */ = {
			isa = XCBuildConfiguration;
			buildSettings = {
				CODE_SIGN_ENTITLEMENTS = "Coffee Master Widget/Coffee Master Widget.entitlements";
				CODE_SIGN_STYLE = Automatic;
				CURRENT_PROJECT_VERSION = 3;
				DEVELOPMENT_TEAM = 397U443WJR;
				INFOPLIST_FILE = "Coffee Master Widget/Info.plist";
				IPHONEOS_DEPLOYMENT_TARGET = 13.0;
				LD_RUNPATH_SEARCH_PATHS = (
					"$(inherited)",
					"@executable_path/Frameworks",
					"@executable_path/../../Frameworks",
				);
				MARKETING_VERSION = 1.3;
				PRODUCT_BUNDLE_IDENTIFIER = "edu.psu.sce.mky5089.CoffeeMaster.Coffee-Master-Widget";
				PRODUCT_NAME = "$(TARGET_NAME)";
				SKIP_INSTALL = YES;
				SWIFT_VERSION = 5.0;
				TARGETED_DEVICE_FAMILY = "1,2";
			};
			name = Release;
		};
/* End XCBuildConfiguration section */

/* Begin XCConfigurationList section */
		5C80C95B23745F2600996D91 /* Build configuration list for PBXProject "CoffeeMaster" */ = {
			isa = XCConfigurationList;
			buildConfigurations = (
				5C80C98023745F2900996D91 /* Debug */,
				5C80C98123745F2900996D91 /* Release */,
			);
			defaultConfigurationIsVisible = 0;
			defaultConfigurationName = Release;
		};
		5C80C98223745F2900996D91 /* Build configuration list for PBXNativeTarget "CoffeeMaster" */ = {
			isa = XCConfigurationList;
			buildConfigurations = (
				5C80C98323745F2900996D91 /* Debug */,
				5C80C98423745F2900996D91 /* Release */,
			);
			defaultConfigurationIsVisible = 0;
			defaultConfigurationName = Release;
		};
		5CFE99282396CD0E00F78FE2 /* Build configuration list for PBXNativeTarget "Coffee Master Widget" */ = {
			isa = XCConfigurationList;
			buildConfigurations = (
				5CFE99262396CD0E00F78FE2 /* Debug */,
				5CFE99272396CD0E00F78FE2 /* Release */,
			);
			defaultConfigurationIsVisible = 0;
			defaultConfigurationName = Release;
		};
/* End XCConfigurationList section */

/* Begin XCRemoteSwiftPackageReference section */
		5C0C269A2391F18000F27180 /* XCRemoteSwiftPackageReference "url-image" */ = {
			isa = XCRemoteSwiftPackageReference;
			repositoryURL = "https://github.com/dmytro-anokhin/url-image.git";
			requirement = {
				kind = upToNextMajorVersion;
				minimumVersion = 0.9.9;
			};
		};
		5C3DDDD423935187001A3B4F /* XCRemoteSwiftPackageReference "Shapes" */ = {
			isa = XCRemoteSwiftPackageReference;
			repositoryURL = "https://github.com/SwiftUIExtensions/Shapes.git";
			requirement = {
				kind = upToNextMajorVersion;
				minimumVersion = 0.0.6;
			};
		};
		5C3DDDD7239351A1001A3B4F /* XCRemoteSwiftPackageReference "Sliders" */ = {
			isa = XCRemoteSwiftPackageReference;
			repositoryURL = "https://github.com/SwiftUIExtensions/Sliders.git";
			requirement = {
				kind = upToNextMajorVersion;
				minimumVersion = 1.0.0;
			};
		};
		5C484D6E239D6B5C002D31D3 /* XCRemoteSwiftPackageReference "QGrid" */ = {
			isa = XCRemoteSwiftPackageReference;
			repositoryURL = "https://github.com/Q-Mobile/QGrid";
			requirement = {
				kind = upToNextMajorVersion;
				minimumVersion = 0.1.3;
			};
		};
		5C587E7123A3D59C008EFB11 /* XCRemoteSwiftPackageReference "FASwiftUI" */ = {
			isa = XCRemoteSwiftPackageReference;
			repositoryURL = "https://github.com/mattmaddux/FASwiftUI.git";
			requirement = {
				kind = upToNextMajorVersion;
				minimumVersion = 1.0.2;
			};
		};
/* End XCRemoteSwiftPackageReference section */

/* Begin XCSwiftPackageProductDependency section */
		5C0C269B2391F18000F27180 /* URLImage */ = {
			isa = XCSwiftPackageProductDependency;
			package = 5C0C269A2391F18000F27180 /* XCRemoteSwiftPackageReference "url-image" */;
			productName = URLImage;
		};
		5C3DDDD523935187001A3B4F /* Shapes */ = {
			isa = XCSwiftPackageProductDependency;
			package = 5C3DDDD423935187001A3B4F /* XCRemoteSwiftPackageReference "Shapes" */;
			productName = Shapes;
		};
		5C3DDDD8239351A1001A3B4F /* Sliders */ = {
			isa = XCSwiftPackageProductDependency;
			package = 5C3DDDD7239351A1001A3B4F /* XCRemoteSwiftPackageReference "Sliders" */;
			productName = Sliders;
		};
		5C484D6F239D6B5C002D31D3 /* QGrid */ = {
			isa = XCSwiftPackageProductDependency;
			package = 5C484D6E239D6B5C002D31D3 /* XCRemoteSwiftPackageReference "QGrid" */;
			productName = QGrid;
		};
		5C587E7223A3D59C008EFB11 /* FASwiftUI */ = {
			isa = XCSwiftPackageProductDependency;
			package = 5C587E7123A3D59C008EFB11 /* XCRemoteSwiftPackageReference "FASwiftUI" */;
			productName = FASwiftUI;
		};
/* End XCSwiftPackageProductDependency section */

/* Begin XCVersionGroup section */
		5C80C96723745F2600996D91 /* CoffeeMaster.xcdatamodeld */ = {
			isa = XCVersionGroup;
			children = (
				5C80C96823745F2600996D91 /* CoffeeMaster.xcdatamodel */,
			);
			currentVersion = 5C80C96823745F2600996D91 /* CoffeeMaster.xcdatamodel */;
			path = CoffeeMaster.xcdatamodeld;
			sourceTree = "<group>";
			versionGroupType = wrapper.xcdatamodel;
		};
/* End XCVersionGroup section */
	};
	rootObject = 5C80C95823745F2600996D91 /* Project object */;
}
