{
  "object": {
    "pins": [
      {
        "package": "FASwiftUI",
        "repositoryURL": "https://github.com/mattmaddux/FASwiftUI.git",
        "state": {
          "branch": null,
          "revision": "1981fd1cf69d74346ac56f23267190abbf492dde",
          "version": "1.0.2"
        }
      },
      {
        "package": "QGrid",
        "repositoryURL": "https://github.com/Q-Mobile/QGrid",
        "state": {
          "branch": null,
          "revision": "40607aec336a8097c94bcadb81762592d89073ac",
          "version": "0.1.3"
        }
      },
      {
        "package": "Shapes",
        "repositoryURL": "https://github.com/SwiftUIExtensions/Shapes.git",
        "state": {
          "branch": null,
          "revision": "4181f01df194e5ee0c5937cc567ec97d16ef7362",
          "version": "0.0.6"
        }
      },
      {
        "package": "Sliders",
        "repositoryURL": "https://github.com/SwiftUIExtensions/Sliders.git",
        "state": {
          "branch": null,
          "revision": "9e1efd9bb8c961df8c462b0215bf360433e612d0",
          "version": "1.0.0"
        }
      },
      {
        "package": "URLImage",
        "repositoryURL": "https://github.com/dmytro-anokhin/url-image.git",
        "state": {
          "branch": null,
          "revision": "5d3a5dc84f9bdf948d8b136f7a1b0099af68f114",
          "version": "0.9.9"
        }
      }
    ]
  },
  "version": 1
}
