// !$*UTF8*$!
{
	archiveVersion = 1;
	classes = {
	};
	objectVersion = 50;
	objects = {

/* Begin PBXBuildFile section */
		5C0E3997231EB2E400892CF1 /* AppDelegate.swift in Sources */ = {isa = PBXBuildFile; fileRef = 5C0E3996231EB2E400892CF1 /* AppDelegate.swift */; };
		5C0E3999231EB2E400892CF1 /* ViewController.swift in Sources */ = {isa = PBXBuildFile; fileRef = 5C0E3998231EB2E400892CF1 /* ViewController.swift */; };
		5C0E399C231EB2E400892CF1 /* Main.storyboard in Resources */ = {isa = PBXBuildFile; fileRef = 5C0E399A231EB2E400892CF1 /* Main.storyboard */; };
		5C0E399E231EB2E500892CF1 /* Assets.xcassets in Resources */ = {isa = PBXBuildFile; fileRef = 5C0E399D231EB2E500892CF1 /* Assets.xcassets */; };
		5C0E39A1231EB2E500892CF1 /* LaunchScreen.storyboard in Resources */ = {isa = PBXBuildFile; fileRef = 5C0E399F231EB2E500892CF1 /* LaunchScreen.storyboard */; };
		5C0E39AC231EB2E500892CF1 /* WordScrambleTests.swift in Sources */ = {isa = PBXBuildFile; fileRef = 5C0E39AB231EB2E500892CF1 /* WordScrambleTests.swift */; };
		5C0E39BA231EB36B00892CF1 /* Words5 in Resources */ = {isa = PBXBuildFile; fileRef = 5C0E39B6231EB36B00892CF1 /* Words5 */; };
		5C0E39BB231EB36B00892CF1 /* WordModel.swift in Sources */ = {isa = PBXBuildFile; fileRef = 5C0E39B7231EB36B00892CF1 /* WordModel.swift */; };
		5C0E39BC231EB36B00892CF1 /* Words4 in Resources */ = {isa = PBXBuildFile; fileRef = 5C0E39B8231EB36B00892CF1 /* Words4 */; };
		5C0E39BD231EB36B00892CF1 /* Words6 in Resources */ = {isa = PBXBuildFile; fileRef = 5C0E39B9231EB36B00892CF1 /* Words6 */; };
/* End PBXBuildFile section */

/* Begin PBXContainerItemProxy section */
		5C0E39A8231EB2E500892CF1 /* PBXContainerItemProxy */ = {
			isa = PBXContainerItemProxy;
			containerPortal = 5C0E398B231EB2E400892CF1 /* Project object */;
			proxyType = 1;
			remoteGlobalIDString = 5C0E3992231EB2E400892CF1;
			remoteInfo = WordScramble;
		};
/* End PBXContainerItemProxy section */

/* Begin PBXFileReference section */
		5C0E3993231EB2E400892CF1 /* WordScramble.app */ = {isa = PBXFileReference; explicitFileType = wrapper.application; includeInIndex = 0; path = WordScramble.app; sourceTree = BUILT_PRODUCTS_DIR; };
		5C0E3996231EB2E400892CF1 /* AppDelegate.swift */ = {isa = PBXFileReference; lastKnownFileType = sourcecode.swift; path = AppDelegate.swift; sourceTree = "<group>"; };
		5C0E3998231EB2E400892CF1 /* ViewController.swift */ = {isa = PBXFileReference; lastKnownFileType = sourcecode.swift; path = ViewController.swift; sourceTree = "<group>"; };
		5C0E399B231EB2E400892CF1 /* Base */ = {isa = PBXFileReference; lastKnownFileType = file.storyboard; name = Base; path = Base.lproj/Main.storyboard; sourceTree = "<group>"; };
		5C0E399D231EB2E500892CF1 /* Assets.xcassets */ = {isa = PBXFileReference; lastKnownFileType = folder.assetcatalog; path = Assets.xcassets; sourceTree = "<group>"; };
		5C0E39A0231EB2E500892CF1 /* Base */ = {isa = PBXFileReference; lastKnownFileType = file.storyboard; name = Base; path = Base.lproj/LaunchScreen.storyboard; sourceTree = "<group>"; };
		5C0E39A2231EB2E500892CF1 /* Info.plist */ = {isa = PBXFileReference; lastKnownFileType = text.plist.xml; path = Info.plist; sourceTree = "<group>"; };
		5C0E39A7231EB2E500892CF1 /* WordScrambleTests.xctest */ = {isa = PBXFileReference; explicitFileType = wrapper.cfbundle; includeInIndex = 0; path = WordScrambleTests.xctest; sourceTree = BUILT_PRODUCTS_DIR; };
		5C0E39AB231EB2E500892CF1 /* WordScrambleTests.swift */ = {isa = PBXFileReference; lastKnownFileType = sourcecode.swift; path = WordScrambleTests.swift; sourceTree = "<group>"; };
		5C0E39AD231EB2E500892CF1 /* Info.plist */ = {isa = PBXFileReference; lastKnownFileType = text.plist.xml; path = Info.plist; sourceTree = "<group>"; };
		5C0E39B6231EB36B00892CF1 /* Words5 */ = {isa = PBXFileReference; fileEncoding = 4; lastKnownFileType = text; path = Words5; sourceTree = "<group>"; };
		5C0E39B7231EB36B00892CF1 /* WordModel.swift */ = {isa = PBXFileReference; fileEncoding = 4; lastKnownFileType = sourcecode.swift; path = WordModel.swift; sourceTree = "<group>"; };
		5C0E39B8231EB36B00892CF1 /* Words4 */ = {isa = PBXFileReference; fileEncoding = 4; lastKnownFileType = text; path = Words4; sourceTree = "<group>"; };
		5C0E39B9231EB36B00892CF1 /* Words6 */ = {isa = PBXFileReference; fileEncoding = 4; lastKnownFileType = text; path = Words6; sourceTree = "<group>"; };
/* End PBXFileReference section */

/* Begin PBXFrameworksBuildPhase section */
		5C0E3990231EB2E400892CF1 /* Frameworks */ = {
			isa = PBXFrameworksBuildPhase;
			buildActionMask = 2147483647;
			files = (
			);
			runOnlyForDeploymentPostprocessing = 0;
		};
		5C0E39A4231EB2E500892CF1 /* Frameworks */ = {
			isa = PBXFrameworksBuildPhase;
			buildActionMask = 2147483647;
			files = (
			);
			runOnlyForDeploymentPostprocessing = 0;
		};
/* End PBXFrameworksBuildPhase section */

/* Begin PBXGroup section */
		5C0E398A231EB2E400892CF1 = {
			isa = PBXGroup;
			children = (
				5C0E3995231EB2E400892CF1 /* WordScramble */,
				5C0E39AA231EB2E500892CF1 /* WordScrambleTests */,
				5C0E3994231EB2E400892CF1 /* Products */,
			);
			sourceTree = "<group>";
		};
		5C0E3994231EB2E400892CF1 /* Products */ = {
			isa = PBXGroup;
			children = (
				5C0E3993231EB2E400892CF1 /* WordScramble.app */,
				5C0E39A7231EB2E500892CF1 /* WordScrambleTests.xctest */,
			);
			name = Products;
			sourceTree = "<group>";
		};
		5C0E3995231EB2E400892CF1 /* WordScramble */ = {
			isa = PBXGroup;
			children = (
				5C0E39B7231EB36B00892CF1 /* WordModel.swift */,
				5C0E39B8231EB36B00892CF1 /* Words4 */,
				5C0E39B6231EB36B00892CF1 /* Words5 */,
				5C0E39B9231EB36B00892CF1 /* Words6 */,
				5C0E3996231EB2E400892CF1 /* AppDelegate.swift */,
				5C0E3998231EB2E400892CF1 /* ViewController.swift */,
				5C0E399A231EB2E400892CF1 /* Main.storyboard */,
				5C0E399D231EB2E500892CF1 /* Assets.xcassets */,
				5C0E399F231EB2E500892CF1 /* LaunchScreen.storyboard */,
				5C0E39A2231EB2E500892CF1 /* Info.plist */,
			);
			path = WordScramble;
			sourceTree = "<group>";
		};
		5C0E39AA231EB2E500892CF1 /* WordScrambleTests */ = {
			isa = PBXGroup;
			children = (
				5C0E39AB231EB2E500892CF1 /* WordScrambleTests.swift */,
				5C0E39AD231EB2E500892CF1 /* Info.plist */,
			);
			path = WordScrambleTests;
			sourceTree = "<group>";
		};
/* End PBXGroup section */

/* Begin PBXNativeTarget section */
		5C0E3992231EB2E400892CF1 /* WordScramble */ = {
			isa = PBXNativeTarget;
			buildConfigurationList = 5C0E39B0231EB2E500892CF1 /* Build configuration list for PBXNativeTarget "WordScramble" */;
			buildPhases = (
				5C0E398F231EB2E400892CF1 /* Sources */,
				5C0E3990231EB2E400892CF1 /* Frameworks */,
				5C0E3991231EB2E400892CF1 /* Resources */,
			);
			buildRules = (
			);
			dependencies = (
			);
			name = WordScramble;
			productName = WordScramble;
			productReference = 5C0E3993231EB2E400892CF1 /* WordScramble.app */;
			productType = "com.apple.product-type.application";
		};
		5C0E39A6231EB2E500892CF1 /* WordScrambleTests */ = {
			isa = PBXNativeTarget;
			buildConfigurationList = 5C0E39B3231EB2E500892CF1 /* Build configuration list for PBXNativeTarget "WordScrambleTests" */;
			buildPhases = (
				5C0E39A3231EB2E500892CF1 /* Sources */,
				5C0E39A4231EB2E500892CF1 /* Frameworks */,
				5C0E39A5231EB2E500892CF1 /* Resources */,
			);
			buildRules = (
			);
			dependencies = (
				5C0E39A9231EB2E500892CF1 /* PBXTargetDependency */,
			);
			name = WordScrambleTests;
			productName = WordScrambleTests;
			productReference = 5C0E39A7231EB2E500892CF1 /* WordScrambleTests.xctest */;
			productType = "com.apple.product-type.bundle.unit-test";
		};
/* End PBXNativeTarget section */

/* Begin PBXProject section */
		5C0E398B231EB2E400892CF1 /* Project object */ = {
			isa = PBXProject;
			attributes = {
				LastSwiftUpdateCheck = 1030;
				LastUpgradeCheck = 1030;
				ORGANIZATIONNAME = "Mingtian Yang";
				TargetAttributes = {
					5C0E3992231EB2E400892CF1 = {
						CreatedOnToolsVersion = 10.3;
					};
					5C0E39A6231EB2E500892CF1 = {
						CreatedOnToolsVersion = 10.3;
						TestTargetID = 5C0E3992231EB2E400892CF1;
					};
				};
			};
			buildConfigurationList = 5C0E398E231EB2E400892CF1 /* Build configuration list for PBXProject "WordScramble" */;
			compatibilityVersion = "Xcode 9.3";
			developmentRegion = en;
			hasScannedForEncodings = 0;
			knownRegions = (
				en,
				Base,
			);
			mainGroup = 5C0E398A231EB2E400892CF1;
			productRefGroup = 5C0E3994231EB2E400892CF1 /* Products */;
			projectDirPath = "";
			projectRoot = "";
			targets = (
				5C0E3992231EB2E400892CF1 /* WordScramble */,
				5C0E39A6231EB2E500892CF1 /* WordScrambleTests */,
			);
		};
/* End PBXProject section */

/* Begin PBXResourcesBuildPhase section */
		5C0E3991231EB2E400892CF1 /* Resources */ = {
			isa = PBXResourcesBuildPhase;
			buildActionMask = 2147483647;
			files = (
				5C0E39BC231EB36B00892CF1 /* Words4 in Resources */,
				5C0E39A1231EB2E500892CF1 /* LaunchScreen.storyboard in Resources */,
				5C0E399E231EB2E500892CF1 /* Assets.xcassets in Resources */,
				5C0E39BD231EB36B00892CF1 /* Words6 in Resources */,
				5C0E39BA231EB36B00892CF1 /* Words5 in Resources */,
				5C0E399C231EB2E400892CF1 /* Main.storyboard in Resources */,
			);
			runOnlyForDeploymentPostprocessing = 0;
		};
		5C0E39A5231EB2E500892CF1 /* Resources */ = {
			isa = PBXResourcesBuildPhase;
			buildActionMask = 2147483647;
			files = (
			);
			runOnlyForDeploymentPostprocessing = 0;
		};
/* End PBXResourcesBuildPhase section */

/* Begin PBXSourcesBuildPhase section */
		5C0E398F231EB2E400892CF1 /* Sources */ = {
			isa = PBXSourcesBuildPhase;
			buildActionMask = 2147483647;
			files = (
				5C0E3999231EB2E400892CF1 /* ViewController.swift in Sources */,
				5C0E39BB231EB36B00892CF1 /* WordModel.swift in Sources */,
				5C0E3997231EB2E400892CF1 /* AppDelegate.swift in Sources */,
			);
			runOnlyForDeploymentPostprocessing = 0;
		};
		5C0E39A3231EB2E500892CF1 /* Sources */ = {
			isa = PBXSourcesBuildPhase;
			buildActionMask = 2147483647;
			files = (
				5C0E39AC231EB2E500892CF1 /* WordScrambleTests.swift in Sources */,
			);
			runOnlyForDeploymentPostprocessing = 0;
		};
/* End PBXSourcesBuildPhase section */

/* Begin PBXTargetDependency section */
		5C0E39A9231EB2E500892CF1 /* PBXTargetDependency */ = {
			isa = PBXTargetDependency;
			target = 5C0E3992231EB2E400892CF1 /* WordScramble */;
			targetProxy = 5C0E39A8231EB2E500892CF1 /* PBXContainerItemProxy */;
		};
/* End PBXTargetDependency section */

/* Begin PBXVariantGroup section */
		5C0E399A231EB2E400892CF1 /* Main.storyboard */ = {
			isa = PBXVariantGroup;
			children = (
				5C0E399B231EB2E400892CF1 /* Base */,
			);
			name = Main.storyboard;
			sourceTree = "<group>";
		};
		5C0E399F231EB2E500892CF1 /* LaunchScreen.storyboard */ = {
			isa = PBXVariantGroup;
			children = (
				5C0E39A0231EB2E500892CF1 /* Base */,
			);
			name = LaunchScreen.storyboard;
			sourceTree = "<group>";
		};
/* End PBXVariantGroup section */

/* Begin XCBuildConfiguration section */
		5C0E39AE231EB2E500892CF1 /* Debug */ = {
			isa = XCBuildConfiguration;
			buildSettings = {
				ALWAYS_SEARCH_USER_PATHS = NO;
				CLANG_ANALYZER_NONNULL = YES;
				CLANG_ANALYZER_NUMBER_OBJECT_CONVERSION = YES_AGGRESSIVE;
				CLANG_CXX_LANGUAGE_STANDARD = "gnu++14";
				CLANG_CXX_LIBRARY = "libc++";
				CLANG_ENABLE_MODULES = YES;
				CLANG_ENABLE_OBJC_ARC = YES;
				CLANG_ENABLE_OBJC_WEAK = YES;
				CLANG_WARN_BLOCK_CAPTURE_AUTORELEASING = YES;
				CLANG_WARN_BOOL_CONVERSION = YES;
				CLANG_WARN_COMMA = YES;
				CLANG_WARN_CONSTANT_CONVERSION = YES;
				CLANG_WARN_DEPRECATED_OBJC_IMPLEMENTATIONS = YES;
				CLANG_WARN_DIRECT_OBJC_ISA_USAGE = YES_ERROR;
				CLANG_WARN_DOCUMENTATION_COMMENTS = YES;
				CLANG_WARN_EMPTY_BODY = YES;
				CLANG_WARN_ENUM_CONVERSION = YES;
				CLANG_WARN_INFINITE_RECURSION = YES;
				CLANG_WARN_INT_CONVERSION = YES;
				CLANG_WARN_NON_LITERAL_NULL_CONVERSION = YES;
				CLANG_WARN_OBJC_IMPLICIT_RETAIN_SELF = YES;
				CLANG_WARN_OBJC_LITERAL_CONVERSION = YES;
				CLANG_WARN_OBJC_ROOT_CLASS = YES_ERROR;
				CLANG_WARN_RANGE_LOOP_ANALYSIS = YES;
				CLANG_WARN_STRICT_PROTOTYPES = YES;
				CLANG_WARN_SUSPICIOUS_MOVE = YES;
				CLANG_WARN_UNGUARDED_AVAILABILITY = YES_AGGRESSIVE;
				CLANG_WARN_UNREACHABLE_CODE = YES;
				CLANG_WARN__DUPLICATE_METHOD_MATCH = YES;
				CODE_SIGN_IDENTITY = "iPhone Developer";
				COPY_PHASE_STRIP = NO;
				DEBUG_INFORMATION_FORMAT = dwarf;
				ENABLE_STRICT_OBJC_MSGSEND = YES;
				ENABLE_TESTABILITY = YES;
				GCC_C_LANGUAGE_STANDARD = gnu11;
				GCC_DYNAMIC_NO_PIC = NO;
				GCC_NO_COMMON_BLOCKS = YES;
				GCC_OPTIMIZATION_LEVEL = 0;
				GCC_PREPROCESSOR_DEFINITIONS = (
					"DEBUG=1",
					"$(inherited)",
				);
				GCC_WARN_64_TO_32_BIT_CONVERSION = YES;
				GCC_WARN_ABOUT_RETURN_TYPE = YES_ERROR;
				GCC_WARN_UNDECLARED_SELECTOR = YES;
				GCC_WARN_UNINITIALIZED_AUTOS = YES_AGGRESSIVE;
				GCC_WARN_UNUSED_FUNCTION = YES;
				GCC_WARN_UNUSED_VARIABLE = YES;
				IPHONEOS_DEPLOYMENT_TARGET = 12.4;
				MTL_ENABLE_DEBUG_INFO = INCLUDE_SOURCE;
				MTL_FAST_MATH = YES;
				ONLY_ACTIVE_ARCH = YES;
				SDKROOT = iphoneos;
				SWIFT_ACTIVE_COMPILATION_CONDITIONS = DEBUG;
				SWIFT_OPTIMIZATION_LEVEL = "-Onone";
			};
			name = Debug;
		};
		5C0E39AF231EB2E500892CF1 /* Release */ = {
			isa = XCBuildConfiguration;
			buildSettings = {
				ALWAYS_SEARCH_USER_PATHS = NO;
				CLANG_ANALYZER_NONNULL = YES;
				CLANG_ANALYZER_NUMBER_OBJECT_CONVERSION = YES_AGGRESSIVE;
				CLANG_CXX_LANGUAGE_STANDARD = "gnu++14";
				CLANG_CXX_LIBRARY = "libc++";
				CLANG_ENABLE_MODULES = YES;
				CLANG_ENABLE_OBJC_ARC = YES;
				CLANG_ENABLE_OBJC_WEAK = YES;
				CLANG_WARN_BLOCK_CAPTURE_AUTORELEASING = YES;
				CLANG_WARN_BOOL_CONVERSION = YES;
				CLANG_WARN_COMMA = YES;
				CLANG_WARN_CONSTANT_CONVERSION = YES;
				CLANG_WARN_DEPRECATED_OBJC_IMPLEMENTATIONS = YES;
				CLANG_WARN_DIRECT_OBJC_ISA_USAGE = YES_ERROR;
				CLANG_WARN_DOCUMENTATION_COMMENTS = YES;
				CLANG_WARN_EMPTY_BODY = YES;
				CLANG_WARN_ENUM_CONVERSION = YES;
				CLANG_WARN_INFINITE_RECURSION = YES;
				CLANG_WARN_INT_CONVERSION = YES;
				CLANG_WARN_NON_LITERAL_NULL_CONVERSION = YES;
				CLANG_WARN_OBJC_IMPLICIT_RETAIN_SELF = YES;
				CLANG_WARN_OBJC_LITERAL_CONVERSION = YES;
				CLANG_WARN_OBJC_ROOT_CLASS = YES_ERROR;
				CLANG_WARN_RANGE_LOOP_ANALYSIS = YES;
				CLANG_WARN_STRICT_PROTOTYPES = YES;
				CLANG_WARN_SUSPICIOUS_MOVE = YES;
				CLANG_WARN_UNGUARDED_AVAILABILITY = YES_AGGRESSIVE;
				CLANG_WARN_UNREACHABLE_CODE = YES;
				CLANG_WARN__DUPLICATE_METHOD_MATCH = YES;
				CODE_SIGN_IDENTITY = "iPhone Developer";
				COPY_PHASE_STRIP = NO;
				DEBUG_INFORMATION_FORMAT = "dwarf-with-dsym";
				ENABLE_NS_ASSERTIONS = NO;
				ENABLE_STRICT_OBJC_MSGSEND = YES;
				GCC_C_LANGUAGE_STANDARD = gnu11;
				GCC_NO_COMMON_BLOCKS = YES;
				GCC_WARN_64_TO_32_BIT_CONVERSION = YES;
				GCC_WARN_ABOUT_RETURN_TYPE = YES_ERROR;
				GCC_WARN_UNDECLARED_SELECTOR = YES;
				GCC_WARN_UNINITIALIZED_AUTOS = YES_AGGRESSIVE;
				GCC_WARN_UNUSED_FUNCTION = YES;
				GCC_WARN_UNUSED_VARIABLE = YES;
				IPHONEOS_DEPLOYMENT_TARGET = 12.4;
				MTL_ENABLE_DEBUG_INFO = NO;
				MTL_FAST_MATH = YES;
				SDKROOT = iphoneos;
				SWIFT_COMPILATION_MODE = wholemodule;
				SWIFT_OPTIMIZATION_LEVEL = "-O";
				VALIDATE_PRODUCT = YES;
			};
			name = Release;
		};
		5C0E39B1231EB2E500892CF1 /* Debug */ = {
			isa = XCBuildConfiguration;
			buildSettings = {
				ASSETCATALOG_COMPILER_APPICON_NAME = AppIcon;
				CODE_SIGN_STYLE = Automatic;
				INFOPLIST_FILE = WordScramble/Info.plist;
				LD_RUNPATH_SEARCH_PATHS = (
					"$(inherited)",
					"@executable_path/Frameworks",
				);
				PRODUCT_BUNDLE_IDENTIFIER = edu.psu.sce.mky5089.WordScramble;
				PRODUCT_NAME = "$(TARGET_NAME)";
				SWIFT_VERSION = 5.0;
				TARGETED_DEVICE_FAMILY = "1,2";
			};
			name = Debug;
		};
		5C0E39B2231EB2E500892CF1 /* Release */ = {
			isa = XCBuildConfiguration;
			buildSettings = {
				ASSETCATALOG_COMPILER_APPICON_NAME = AppIcon;
				CODE_SIGN_STYLE = Automatic;
				INFOPLIST_FILE = WordScramble/Info.plist;
				LD_RUNPATH_SEARCH_PATHS = (
					"$(inherited)",
					"@executable_path/Frameworks",
				);
				PRODUCT_BUNDLE_IDENTIFIER = edu.psu.sce.mky5089.WordScramble;
				PRODUCT_NAME = "$(TARGET_NAME)";
				SWIFT_VERSION = 5.0;
				TARGETED_DEVICE_FAMILY = "1,2";
			};
			name = Release;
		};
		5C0E39B4231EB2E500892CF1 /* Debug */ = {
			isa = XCBuildConfiguration;
			buildSettings = {
				ALWAYS_EMBED_SWIFT_STANDARD_LIBRARIES = YES;
				BUNDLE_LOADER = "$(TEST_HOST)";
				CODE_SIGN_STYLE = Automatic;
				INFOPLIST_FILE = WordScrambleTests/Info.plist;
				LD_RUNPATH_SEARCH_PATHS = (
					"$(inherited)",
					"@executable_path/Frameworks",
					"@loader_path/Frameworks",
				);
				PRODUCT_BUNDLE_IDENTIFIER = edu.psu.sce.mky5089.WordScrambleTests;
				PRODUCT_NAME = "$(TARGET_NAME)";
				SWIFT_VERSION = 5.0;
				TARGETED_DEVICE_FAMILY = "1,2";
				TEST_HOST = "$(BUILT_PRODUCTS_DIR)/WordScramble.app/WordScramble";
			};
			name = Debug;
		};
		5C0E39B5231EB2E500892CF1 /* Release */ = {
			isa = XCBuildConfiguration;
			buildSettings = {
				ALWAYS_EMBED_SWIFT_STANDARD_LIBRARIES = YES;
				BUNDLE_LOADER = "$(TEST_HOST)";
				CODE_SIGN_STYLE = Automatic;
				INFOPLIST_FILE = WordScrambleTests/Info.plist;
				LD_RUNPATH_SEARCH_PATHS = (
					"$(inherited)",
					"@executable_path/Frameworks",
					"@loader_path/Frameworks",
				);
				PRODUCT_BUNDLE_IDENTIFIER = edu.psu.sce.mky5089.WordScrambleTests;
				PRODUCT_NAME = "$(TARGET_NAME)";
				SWIFT_VERSION = 5.0;
				TARGETED_DEVICE_FAMILY = "1,2";
				TEST_HOST = "$(BUILT_PRODUCTS_DIR)/WordScramble.app/WordScramble";
			};
			name = Release;
		};
/* End XCBuildConfiguration section */

/* Begin XCConfigurationList section */
		5C0E398E231EB2E400892CF1 /* Build configuration list for PBXProject "WordScramble" */ = {
			isa = XCConfigurationList;
			buildConfigurations = (
				5C0E39AE231EB2E500892CF1 /* Debug */,
				5C0E39AF231EB2E500892CF1 /* Release */,
			);
			defaultConfigurationIsVisible = 0;
			defaultConfigurationName = Release;
		};
		5C0E39B0231EB2E500892CF1 /* Build configuration list for PBXNativeTarget "WordScramble" */ = {
			isa = XCConfigurationList;
			buildConfigurations = (
				5C0E39B1231EB2E500892CF1 /* Debug */,
				5C0E39B2231EB2E500892CF1 /* Release */,
			);
			defaultConfigurationIsVisible = 0;
			defaultConfigurationName = Release;
		};
		5C0E39B3231EB2E500892CF1 /* Build configuration list for PBXNativeTarget "WordScrambleTests" */ = {
			isa = XCConfigurationList;
			buildConfigurations = (
				5C0E39B4231EB2E500892CF1 /* Debug */,
				5C0E39B5231EB2E500892CF1 /* Release */,
			);
			defaultConfigurationIsVisible = 0;
			defaultConfigurationName = Release;
		};
/* End XCConfigurationList section */
	};
	rootObject = 5C0E398B231EB2E400892CF1 /* Project object */;
}
