// !$*UTF8*$!
{
	archiveVersion = 1;
	classes = {
	};
	objectVersion = 50;
	objects = {

/* Begin PBXBuildFile section */
		5C80C96423745F2600996D91 /* AppDelegate.swift in Sources */ = {isa = PBXBuildFile; fileRef = 5C80C96323745F2600996D91 /* AppDelegate.swift */; };
		5C80C96623745F2600996D91 /* SceneDelegate.swift in Sources */ = {isa = PBXBuildFile; fileRef = 5C80C96523745F2600996D91 /* SceneDelegate.swift */; };
		5C80C96923745F2600996D91 /* CoffeeMaster.xcdatamodeld in Sources */ = {isa = PBXBuildFile; fileRef = 5C80C96723745F2600996D91 /* CoffeeMaster.xcdatamodeld */; };
		5C80C96B23745F2600996D91 /* ContentView.swift in Sources */ = {isa = PBXBuildFile; fileRef = 5C80C96A23745F2600996D91 /* ContentView.swift */; };
		5C80C96D23745F2900996D91 /* Assets.xcassets in Resources */ = {isa = PBXBuildFile; fileRef = 5C80C96C23745F2900996D91 /* Assets.xcassets */; };
		5C80C97023745F2900996D91 /* Preview Assets.xcassets in Resources */ = {isa = PBXBuildFile; fileRef = 5C80C96F23745F2900996D91 /* Preview Assets.xcassets */; };
		5C80C97323745F2900996D91 /* LaunchScreen.storyboard in Resources */ = {isa = PBXBuildFile; fileRef = 5C80C97123745F2900996D91 /* LaunchScreen.storyboard */; };
		5C80C97E23745F2900996D91 /* CoffeeMasterTests.swift in Sources */ = {isa = PBXBuildFile; fileRef = 5C80C97D23745F2900996D91 /* CoffeeMasterTests.swift */; };
		5C80C989237462A100996D91 /* Store.swift in Sources */ = {isa = PBXBuildFile; fileRef = 5C80C988237462A100996D91 /* Store.swift */; };
		5C80C98B237462D900996D91 /* App.swift in Sources */ = {isa = PBXBuildFile; fileRef = 5C80C98A237462D900996D91 /* App.swift */; };
		5C80C98D2374631C00996D91 /* Dependencies.swift in Sources */ = {isa = PBXBuildFile; fileRef = 5C80C98C2374631C00996D91 /* Dependencies.swift */; };
		5C80C98F2374634200996D91 /* GithubService.swift in Sources */ = {isa = PBXBuildFile; fileRef = 5C80C98E2374634200996D91 /* GithubService.swift */; };
/* End PBXBuildFile section */

/* Begin PBXContainerItemProxy section */
		5C80C97A23745F2900996D91 /* PBXContainerItemProxy */ = {
			isa = PBXContainerItemProxy;
			containerPortal = 5C80C95823745F2600996D91 /* Project object */;
			proxyType = 1;
			remoteGlobalIDString = 5C80C95F23745F2600996D91;
			remoteInfo = CoffeeMaster;
		};
/* End PBXContainerItemProxy section */

/* Begin PBXFileReference section */
		5C80C96023745F2600996D91 /* CoffeeMaster.app */ = {isa = PBXFileReference; explicitFileType = wrapper.application; includeInIndex = 0; path = CoffeeMaster.app; sourceTree = BUILT_PRODUCTS_DIR; };
		5C80C96323745F2600996D91 /* AppDelegate.swift */ = {isa = PBXFileReference; lastKnownFileType = sourcecode.swift; path = AppDelegate.swift; sourceTree = "<group>"; };
		5C80C96523745F2600996D91 /* SceneDelegate.swift */ = {isa = PBXFileReference; lastKnownFileType = sourcecode.swift; path = SceneDelegate.swift; sourceTree = "<group>"; };
		5C80C96823745F2600996D91 /* CoffeeMaster.xcdatamodel */ = {isa = PBXFileReference; lastKnownFileType = wrapper.xcdatamodel; path = CoffeeMaster.xcdatamodel; sourceTree = "<group>"; };
		5C80C96A23745F2600996D91 /* ContentView.swift */ = {isa = PBXFileReference; lastKnownFileType = sourcecode.swift; path = ContentView.swift; sourceTree = "<group>"; };
		5C80C96C23745F2900996D91 /* Assets.xcassets */ = {isa = PBXFileReference; lastKnownFileType = folder.assetcatalog; path = Assets.xcassets; sourceTree = "<group>"; };
		5C80C96F23745F2900996D91 /* Preview Assets.xcassets */ = {isa = PBXFileReference; lastKnownFileType = folder.assetcatalog; path = "Preview Assets.xcassets"; sourceTree = "<group>"; };
		5C80C97223745F2900996D91 /* Base */ = {isa = PBXFileReference; lastKnownFileType = file.storyboard; name = Base; path = Base.lproj/LaunchScreen.storyboard; sourceTree = "<group>"; };
		5C80C97423745F2900996D91 /* Info.plist */ = {isa = PBXFileReference; lastKnownFileType = text.plist.xml; path = Info.plist; sourceTree = "<group>"; };
		5C80C97923745F2900996D91 /* CoffeeMasterTests.xctest */ = {isa = PBXFileReference; explicitFileType = wrapper.cfbundle; includeInIndex = 0; path = CoffeeMasterTests.xctest; sourceTree = BUILT_PRODUCTS_DIR; };
		5C80C97D23745F2900996D91 /* CoffeeMasterTests.swift */ = {isa = PBXFileReference; lastKnownFileType = sourcecode.swift; path = CoffeeMasterTests.swift; sourceTree = "<group>"; };
		5C80C97F23745F2900996D91 /* Info.plist */ = {isa = PBXFileReference; lastKnownFileType = text.plist.xml; path = Info.plist; sourceTree = "<group>"; };
		5C80C988237462A100996D91 /* Store.swift */ = {isa = PBXFileReference; lastKnownFileType = sourcecode.swift; path = Store.swift; sourceTree = "<group>"; };
		5C80C98A237462D900996D91 /* App.swift */ = {isa = PBXFileReference; lastKnownFileType = sourcecode.swift; path = App.swift; sourceTree = "<group>"; };
		5C80C98C2374631C00996D91 /* Dependencies.swift */ = {isa = PBXFileReference; lastKnownFileType = sourcecode.swift; path = Dependencies.swift; sourceTree = "<group>"; };
		5C80C98E2374634200996D91 /* GithubService.swift */ = {isa = PBXFileReference; lastKnownFileType = sourcecode.swift; path = GithubService.swift; sourceTree = "<group>"; };
/* End PBXFileReference section */

/* Begin PBXFrameworksBuildPhase section */
		5C80C95D23745F2600996D91 /* Frameworks */ = {
			isa = PBXFrameworksBuildPhase;
			buildActionMask = 2147483647;
			files = (
			);
			runOnlyForDeploymentPostprocessing = 0;
		};
		5C80C97623745F2900996D91 /* Frameworks */ = {
			isa = PBXFrameworksBuildPhase;
			buildActionMask = 2147483647;
			files = (
			);
			runOnlyForDeploymentPostprocessing = 0;
		};
/* End PBXFrameworksBuildPhase section */

/* Begin PBXGroup section */
		5C80C95723745F2600996D91 = {
			isa = PBXGroup;
			children = (
				5C80C96223745F2600996D91 /* CoffeeMaster */,
				5C80C97C23745F2900996D91 /* CoffeeMasterTests */,
				5C80C96123745F2600996D91 /* Products */,
			);
			sourceTree = "<group>";
		};
		5C80C96123745F2600996D91 /* Products */ = {
			isa = PBXGroup;
			children = (
				5C80C96023745F2600996D91 /* CoffeeMaster.app */,
				5C80C97923745F2900996D91 /* CoffeeMasterTests.xctest */,
			);
			name = Products;
			sourceTree = "<group>";
		};
		5C80C96223745F2600996D91 /* CoffeeMaster */ = {
			isa = PBXGroup;
			children = (
				5C80C96323745F2600996D91 /* AppDelegate.swift */,
				5C80C96523745F2600996D91 /* SceneDelegate.swift */,
				5C80C96A23745F2600996D91 /* ContentView.swift */,
				5C80C988237462A100996D91 /* Store.swift */,
				5C80C98A237462D900996D91 /* App.swift */,
				5C80C98C2374631C00996D91 /* Dependencies.swift */,
				5C80C98E2374634200996D91 /* GithubService.swift */,
				5C80C96C23745F2900996D91 /* Assets.xcassets */,
				5C80C97123745F2900996D91 /* LaunchScreen.storyboard */,
				5C80C97423745F2900996D91 /* Info.plist */,
				5C80C96723745F2600996D91 /* CoffeeMaster.xcdatamodeld */,
				5C80C96E23745F2900996D91 /* Preview Content */,
			);
			path = CoffeeMaster;
			sourceTree = "<group>";
		};
		5C80C96E23745F2900996D91 /* Preview Content */ = {
			isa = PBXGroup;
			children = (
				5C80C96F23745F2900996D91 /* Preview Assets.xcassets */,
			);
			path = "Preview Content";
			sourceTree = "<group>";
		};
		5C80C97C23745F2900996D91 /* CoffeeMasterTests */ = {
			isa = PBXGroup;
			children = (
				5C80C97D23745F2900996D91 /* CoffeeMasterTests.swift */,
				5C80C97F23745F2900996D91 /* Info.plist */,
			);
			path = CoffeeMasterTests;
			sourceTree = "<group>";
		};
/* End PBXGroup section */

/* Begin PBXNativeTarget section */
		5C80C95F23745F2600996D91 /* CoffeeMaster */ = {
			isa = PBXNativeTarget;
			buildConfigurationList = 5C80C98223745F2900996D91 /* Build configuration list for PBXNativeTarget "CoffeeMaster" */;
			buildPhases = (
				5C80C95C23745F2600996D91 /* Sources */,
				5C80C95D23745F2600996D91 /* Frameworks */,
				5C80C95E23745F2600996D91 /* Resources */,
			);
			buildRules = (
			);
			dependencies = (
			);
			name = CoffeeMaster;
			productName = CoffeeMaster;
			productReference = 5C80C96023745F2600996D91 /* CoffeeMaster.app */;
			productType = "com.apple.product-type.application";
		};
		5C80C97823745F2900996D91 /* CoffeeMasterTests */ = {
			isa = PBXNativeTarget;
			buildConfigurationList = 5C80C98523745F2900996D91 /* Build configuration list for PBXNativeTarget "CoffeeMasterTests" */;
			buildPhases = (
				5C80C97523745F2900996D91 /* Sources */,
				5C80C97623745F2900996D91 /* Frameworks */,
				5C80C97723745F2900996D91 /* Resources */,
			);
			buildRules = (
			);
			dependencies = (
				5C80C97B23745F2900996D91 /* PBXTargetDependency */,
			);
			name = CoffeeMasterTests;
			productName = CoffeeMasterTests;
			productReference = 5C80C97923745F2900996D91 /* CoffeeMasterTests.xctest */;
			productType = "com.apple.product-type.bundle.unit-test";
		};
/* End PBXNativeTarget section */

/* Begin PBXProject section */
		5C80C95823745F2600996D91 /* Project object */ = {
			isa = PBXProject;
			attributes = {
				LastSwiftUpdateCheck = 1120;
				LastUpgradeCheck = 1120;
				ORGANIZATIONNAME = "Mingtian Yang";
				TargetAttributes = {
					5C80C95F23745F2600996D91 = {
						CreatedOnToolsVersion = 11.2;
					};
					5C80C97823745F2900996D91 = {
						CreatedOnToolsVersion = 11.2;
						TestTargetID = 5C80C95F23745F2600996D91;
					};
				};
			};
			buildConfigurationList = 5C80C95B23745F2600996D91 /* Build configuration list for PBXProject "CoffeeMaster" */;
			compatibilityVersion = "Xcode 9.3";
			developmentRegion = en;
			hasScannedForEncodings = 0;
			knownRegions = (
				en,
				Base,
			);
			mainGroup = 5C80C95723745F2600996D91;
			productRefGroup = 5C80C96123745F2600996D91 /* Products */;
			projectDirPath = "";
			projectRoot = "";
			targets = (
				5C80C95F23745F2600996D91 /* CoffeeMaster */,
				5C80C97823745F2900996D91 /* CoffeeMasterTests */,
			);
		};
/* End PBXProject section */

/* Begin PBXResourcesBuildPhase section */
		5C80C95E23745F2600996D91 /* Resources */ = {
			isa = PBXResourcesBuildPhase;
			buildActionMask = 2147483647;
			files = (
				5C80C97323745F2900996D91 /* LaunchScreen.storyboard in Resources */,
				5C80C97023745F2900996D91 /* Preview Assets.xcassets in Resources */,
				5C80C96D23745F2900996D91 /* Assets.xcassets in Resources */,
			);
			runOnlyForDeploymentPostprocessing = 0;
		};
		5C80C97723745F2900996D91 /* Resources */ = {
			isa = PBXResourcesBuildPhase;
			buildActionMask = 2147483647;
			files = (
			);
			runOnlyForDeploymentPostprocessing = 0;
		};
/* End PBXResourcesBuildPhase section */

/* Begin PBXSourcesBuildPhase section */
		5C80C95C23745F2600996D91 /* Sources */ = {
			isa = PBXSourcesBuildPhase;
			buildActionMask = 2147483647;
			files = (
				5C80C98D2374631C00996D91 /* Dependencies.swift in Sources */,
				5C80C989237462A100996D91 /* Store.swift in Sources */,
				5C80C98F2374634200996D91 /* GithubService.swift in Sources */,
				5C80C96923745F2600996D91 /* CoffeeMaster.xcdatamodeld in Sources */,
				5C80C96423745F2600996D91 /* AppDelegate.swift in Sources */,
				5C80C98B237462D900996D91 /* App.swift in Sources */,
				5C80C96B23745F2600996D91 /* ContentView.swift in Sources */,
				5C80C96623745F2600996D91 /* SceneDelegate.swift in Sources */,
			);
			runOnlyForDeploymentPostprocessing = 0;
		};
		5C80C97523745F2900996D91 /* Sources */ = {
			isa = PBXSourcesBuildPhase;
			buildActionMask = 2147483647;
			files = (
				5C80C97E23745F2900996D91 /* CoffeeMasterTests.swift in Sources */,
			);
			runOnlyForDeploymentPostprocessing = 0;
		};
/* End PBXSourcesBuildPhase section */

/* Begin PBXTargetDependency section */
		5C80C97B23745F2900996D91 /* PBXTargetDependency */ = {
			isa = PBXTargetDependency;
			target = 5C80C95F23745F2600996D91 /* CoffeeMaster */;
			targetProxy = 5C80C97A23745F2900996D91 /* PBXContainerItemProxy */;
		};
/* End PBXTargetDependency section */

/* Begin PBXVariantGroup section */
		5C80C97123745F2900996D91 /* LaunchScreen.storyboard */ = {
			isa = PBXVariantGroup;
			children = (
				5C80C97223745F2900996D91 /* Base */,
			);
			name = LaunchScreen.storyboard;
			sourceTree = "<group>";
		};
/* End PBXVariantGroup section */

/* Begin XCBuildConfiguration section */
		5C80C98023745F2900996D91 /* Debug */ = {
			isa = XCBuildConfiguration;
			buildSettings = {
				ALWAYS_SEARCH_USER_PATHS = NO;
				CLANG_ANALYZER_NONNULL = YES;
				CLANG_ANALYZER_NUMBER_OBJECT_CONVERSION = YES_AGGRESSIVE;
				CLANG_CXX_LANGUAGE_STANDARD = "gnu++14";
				CLANG_CXX_LIBRARY = "libc++";
				CLANG_ENABLE_MODULES = YES;
				CLANG_ENABLE_OBJC_ARC = YES;
				CLANG_ENABLE_OBJC_WEAK = YES;
				CLANG_WARN_BLOCK_CAPTURE_AUTORELEASING = YES;
				CLANG_WARN_BOOL_CONVERSION = YES;
				CLANG_WARN_COMMA = YES;
				CLANG_WARN_CONSTANT_CONVERSION = YES;
				CLANG_WARN_DEPRECATED_OBJC_IMPLEMENTATIONS = YES;
				CLANG_WARN_DIRECT_OBJC_ISA_USAGE = YES_ERROR;
				CLANG_WARN_DOCUMENTATION_COMMENTS = YES;
				CLANG_WARN_EMPTY_BODY = YES;
				CLANG_WARN_ENUM_CONVERSION = YES;
				CLANG_WARN_INFINITE_RECURSION = YES;
				CLANG_WARN_INT_CONVERSION = YES;
				CLANG_WARN_NON_LITERAL_NULL_CONVERSION = YES;
				CLANG_WARN_OBJC_IMPLICIT_RETAIN_SELF = YES;
				CLANG_WARN_OBJC_LITERAL_CONVERSION = YES;
				CLANG_WARN_OBJC_ROOT_CLASS = YES_ERROR;
				CLANG_WARN_RANGE_LOOP_ANALYSIS = YES;
				CLANG_WARN_STRICT_PROTOTYPES = YES;
				CLANG_WARN_SUSPICIOUS_MOVE = YES;
				CLANG_WARN_UNGUARDED_AVAILABILITY = YES_AGGRESSIVE;
				CLANG_WARN_UNREACHABLE_CODE = YES;
				CLANG_WARN__DUPLICATE_METHOD_MATCH = YES;
				COPY_PHASE_STRIP = NO;
				DEBUG_INFORMATION_FORMAT = dwarf;
				ENABLE_STRICT_OBJC_MSGSEND = YES;
				ENABLE_TESTABILITY = YES;
				GCC_C_LANGUAGE_STANDARD = gnu11;
				GCC_DYNAMIC_NO_PIC = NO;
				GCC_NO_COMMON_BLOCKS = YES;
				GCC_OPTIMIZATION_LEVEL = 0;
				GCC_PREPROCESSOR_DEFINITIONS = (
					"DEBUG=1",
					"$(inherited)",
				);
				GCC_WARN_64_TO_32_BIT_CONVERSION = YES;
				GCC_WARN_ABOUT_RETURN_TYPE = YES_ERROR;
				GCC_WARN_UNDECLARED_SELECTOR = YES;
				GCC_WARN_UNINITIALIZED_AUTOS = YES_AGGRESSIVE;
				GCC_WARN_UNUSED_FUNCTION = YES;
				GCC_WARN_UNUSED_VARIABLE = YES;
				IPHONEOS_DEPLOYMENT_TARGET = 13.2;
				MTL_ENABLE_DEBUG_INFO = INCLUDE_SOURCE;
				MTL_FAST_MATH = YES;
				ONLY_ACTIVE_ARCH = YES;
				SDKROOT = iphoneos;
				SWIFT_ACTIVE_COMPILATION_CONDITIONS = DEBUG;
				SWIFT_OPTIMIZATION_LEVEL = "-Onone";
			};
			name = Debug;
		};
		5C80C98123745F2900996D91 /* Release */ = {
			isa = XCBuildConfiguration;
			buildSettings = {
				ALWAYS_SEARCH_USER_PATHS = NO;
				CLANG_ANALYZER_NONNULL = YES;
				CLANG_ANALYZER_NUMBER_OBJECT_CONVERSION = YES_AGGRESSIVE;
				CLANG_CXX_LANGUAGE_STANDARD = "gnu++14";
				CLANG_CXX_LIBRARY = "libc++";
				CLANG_ENABLE_MODULES = YES;
				CLANG_ENABLE_OBJC_ARC = YES;
				CLANG_ENABLE_OBJC_WEAK = YES;
				CLANG_WARN_BLOCK_CAPTURE_AUTORELEASING = YES;
				CLANG_WARN_BOOL_CONVERSION = YES;
				CLANG_WARN_COMMA = YES;
				CLANG_WARN_CONSTANT_CONVERSION = YES;
				CLANG_WARN_DEPRECATED_OBJC_IMPLEMENTATIONS = YES;
				CLANG_WARN_DIRECT_OBJC_ISA_USAGE = YES_ERROR;
				CLANG_WARN_DOCUMENTATION_COMMENTS = YES;
				CLANG_WARN_EMPTY_BODY = YES;
				CLANG_WARN_ENUM_CONVERSION = YES;
				CLANG_WARN_INFINITE_RECURSION = YES;
				CLANG_WARN_INT_CONVERSION = YES;
				CLANG_WARN_NON_LITERAL_NULL_CONVERSION = YES;
				CLANG_WARN_OBJC_IMPLICIT_RETAIN_SELF = YES;
				CLANG_WARN_OBJC_LITERAL_CONVERSION = YES;
				CLANG_WARN_OBJC_ROOT_CLASS = YES_ERROR;
				CLANG_WARN_RANGE_LOOP_ANALYSIS = YES;
				CLANG_WARN_STRICT_PROTOTYPES = YES;
				CLANG_WARN_SUSPICIOUS_MOVE = YES;
				CLANG_WARN_UNGUARDED_AVAILABILITY = YES_AGGRESSIVE;
				CLANG_WARN_UNREACHABLE_CODE = YES;
				CLANG_WARN__DUPLICATE_METHOD_MATCH = YES;
				COPY_PHASE_STRIP = NO;
				DEBUG_INFORMATION_FORMAT = "dwarf-with-dsym";
				ENABLE_NS_ASSERTIONS = NO;
				ENABLE_STRICT_OBJC_MSGSEND = YES;
				GCC_C_LANGUAGE_STANDARD = gnu11;
				GCC_NO_COMMON_BLOCKS = YES;
				GCC_WARN_64_TO_32_BIT_CONVERSION = YES;
				GCC_WARN_ABOUT_RETURN_TYPE = YES_ERROR;
				GCC_WARN_UNDECLARED_SELECTOR = YES;
				GCC_WARN_UNINITIALIZED_AUTOS = YES_AGGRESSIVE;
				GCC_WARN_UNUSED_FUNCTION = YES;
				GCC_WARN_UNUSED_VARIABLE = YES;
				IPHONEOS_DEPLOYMENT_TARGET = 13.2;
				MTL_ENABLE_DEBUG_INFO = NO;
				MTL_FAST_MATH = YES;
				SDKROOT = iphoneos;
				SWIFT_COMPILATION_MODE = wholemodule;
				SWIFT_OPTIMIZATION_LEVEL = "-O";
				VALIDATE_PRODUCT = YES;
			};
			name = Release;
		};
		5C80C98323745F2900996D91 /* Debug */ = {
			isa = XCBuildConfiguration;
			buildSettings = {
				ASSETCATALOG_COMPILER_APPICON_NAME = AppIcon;
				CODE_SIGN_STYLE = Automatic;
				DEVELOPMENT_ASSET_PATHS = "\"CoffeeMaster/Preview Content\"";
				DEVELOPMENT_TEAM = 397U443WJR;
				ENABLE_PREVIEWS = YES;
				INFOPLIST_FILE = CoffeeMaster/Info.plist;
				LD_RUNPATH_SEARCH_PATHS = (
					"$(inherited)",
					"@executable_path/Frameworks",
				);
				PRODUCT_BUNDLE_IDENTIFIER = edu.psu.sce.mky5089.CoffeeMaster;
				PRODUCT_NAME = "$(TARGET_NAME)";
				SWIFT_VERSION = 5.0;
				TARGETED_DEVICE_FAMILY = "1,2";
			};
			name = Debug;
		};
		5C80C98423745F2900996D91 /* Release */ = {
			isa = XCBuildConfiguration;
			buildSettings = {
				ASSETCATALOG_COMPILER_APPICON_NAME = AppIcon;
				CODE_SIGN_STYLE = Automatic;
				DEVELOPMENT_ASSET_PATHS = "\"CoffeeMaster/Preview Content\"";
				DEVELOPMENT_TEAM = 397U443WJR;
				ENABLE_PREVIEWS = YES;
				INFOPLIST_FILE = CoffeeMaster/Info.plist;
				LD_RUNPATH_SEARCH_PATHS = (
					"$(inherited)",
					"@executable_path/Frameworks",
				);
				PRODUCT_BUNDLE_IDENTIFIER = edu.psu.sce.mky5089.CoffeeMaster;
				PRODUCT_NAME = "$(TARGET_NAME)";
				SWIFT_VERSION = 5.0;
				TARGETED_DEVICE_FAMILY = "1,2";
			};
			name = Release;
		};
		5C80C98623745F2900996D91 /* Debug */ = {
			isa = XCBuildConfiguration;
			buildSettings = {
				ALWAYS_EMBED_SWIFT_STANDARD_LIBRARIES = YES;
				BUNDLE_LOADER = "$(TEST_HOST)";
				CODE_SIGN_STYLE = Automatic;
				DEVELOPMENT_TEAM = 397U443WJR;
				INFOPLIST_FILE = CoffeeMasterTests/Info.plist;
				IPHONEOS_DEPLOYMENT_TARGET = 13.2;
				LD_RUNPATH_SEARCH_PATHS = (
					"$(inherited)",
					"@executable_path/Frameworks",
					"@loader_path/Frameworks",
				);
				PRODUCT_BUNDLE_IDENTIFIER = edu.psu.sce.mky5089.CoffeeMasterTests;
				PRODUCT_NAME = "$(TARGET_NAME)";
				SWIFT_VERSION = 5.0;
				TARGETED_DEVICE_FAMILY = "1,2";
				TEST_HOST = "$(BUILT_PRODUCTS_DIR)/CoffeeMaster.app/CoffeeMaster";
			};
			name = Debug;
		};
		5C80C98723745F2900996D91 /* Release */ = {
			isa = XCBuildConfiguration;
			buildSettings = {
				ALWAYS_EMBED_SWIFT_STANDARD_LIBRARIES = YES;
				BUNDLE_LOADER = "$(TEST_HOST)";
				CODE_SIGN_STYLE = Automatic;
				DEVELOPMENT_TEAM = 397U443WJR;
				INFOPLIST_FILE = CoffeeMasterTests/Info.plist;
				IPHONEOS_DEPLOYMENT_TARGET = 13.2;
				LD_RUNPATH_SEARCH_PATHS = (
					"$(inherited)",
					"@executable_path/Frameworks",
					"@loader_path/Frameworks",
				);
				PRODUCT_BUNDLE_IDENTIFIER = edu.psu.sce.mky5089.CoffeeMasterTests;
				PRODUCT_NAME = "$(TARGET_NAME)";
				SWIFT_VERSION = 5.0;
				TARGETED_DEVICE_FAMILY = "1,2";
				TEST_HOST = "$(BUILT_PRODUCTS_DIR)/CoffeeMaster.app/CoffeeMaster";
			};
			name = Release;
		};
/* End XCBuildConfiguration section */

/* Begin XCConfigurationList section */
		5C80C95B23745F2600996D91 /* Build configuration list for PBXProject "CoffeeMaster" */ = {
			isa = XCConfigurationList;
			buildConfigurations = (
				5C80C98023745F2900996D91 /* Debug */,
				5C80C98123745F2900996D91 /* Release */,
			);
			defaultConfigurationIsVisible = 0;
			defaultConfigurationName = Release;
		};
		5C80C98223745F2900996D91 /* Build configuration list for PBXNativeTarget "CoffeeMaster" */ = {
			isa = XCConfigurationList;
			buildConfigurations = (
				5C80C98323745F2900996D91 /* Debug */,
				5C80C98423745F2900996D91 /* Release */,
			);
			defaultConfigurationIsVisible = 0;
			defaultConfigurationName = Release;
		};
		5C80C98523745F2900996D91 /* Build configuration list for PBXNativeTarget "CoffeeMasterTests" */ = {
			isa = XCConfigurationList;
			buildConfigurations = (
				5C80C98623745F2900996D91 /* Debug */,
				5C80C98723745F2900996D91 /* Release */,
			);
			defaultConfigurationIsVisible = 0;
			defaultConfigurationName = Release;
		};
/* End XCConfigurationList section */

/* Begin XCVersionGroup section */
		5C80C96723745F2600996D91 /* CoffeeMaster.xcdatamodeld */ = {
			isa = XCVersionGroup;
			children = (
				5C80C96823745F2600996D91 /* CoffeeMaster.xcdatamodel */,
			);
			currentVersion = 5C80C96823745F2600996D91 /* CoffeeMaster.xcdatamodel */;
			path = CoffeeMaster.xcdatamodeld;
			sourceTree = "<group>";
			versionGroupType = wrapper.xcdatamodel;
		};
/* End XCVersionGroup section */
	};
	rootObject = 5C80C95823745F2600996D91 /* Project object */;
}
